<?xml version="1.0" encoding="UTF-8"?>
<Scheme
   LastUpgradeVersion = "1430"
   version = "1.3">
   <BuildAction
      parallelizeBuildables = "YES"
      buildImplicitDependencies = "YES">
      <BuildActionEntries>
         <BuildActionEntry
            buildForTesting = "YES"
            buildForRunning = "YES"
            buildForProfiling = "YES"
            buildForArchiving = "YES"
            buildForAnalyzing = "YES">
            <BuildableReference
               BuildableIdentifier = "primary"
               BlueprintIdentifier = "D7961CD229DEFD1D00B04BBE"
               BuildableName = "EssentialFeed.framework"
               BlueprintName = "EssentialFeed"
               ReferencedContainer = "container:EssentialFeed/EssentialFeed.xcodeproj">
            </BuildableReference>
         </BuildActionEntry>
      </BuildActionEntries>
   </BuildAction>
   <TestAction
      buildConfiguration = "Debug"
      selectedDebuggerIdentifier = "Xcode.DebuggerFoundation.Debugger.LLDB"
      selectedLauncherIdentifier = "Xcode.DebuggerFoundation.Launcher.LLDB"
      shouldUseLaunchSchemeArgsEnv = "YES"
      codeCoverageEnabled = "YES"
      onlyGenerateCoverageForSpecifiedTargets = "YES">
      <CodeCoverageTargets>
         <BuildableReference
            BuildableIdentifier = "primary"
            BlueprintIdentifier = "D7961CD229DEFD1D00B04BBE"
            BuildableName = "EssentialFeed.framework"
            BlueprintName = "EssentialFeed"
            ReferencedContainer = "container:EssentialFeed/EssentialFeed.xcodeproj">
         </BuildableReference>
         <BuildableReference
            BuildableIdentifier = "primary"
            BlueprintIdentifier = "D7A4CBBB2A9A090700216A94"
            BuildableName = "EssentialFeediOS.framework"
            BlueprintName = "EssentialFeediOS"
            ReferencedContainer = "container:EssentialFeed/EssentialFeed.xcodeproj">
         </BuildableReference>
         <BuildableReference
            BuildableIdentifier = "primary"
            BlueprintIdentifier = "D786D0E02ACDEE1A003E23C4"
            BuildableName = "EssentialApp.app"
            BlueprintName = "EssentialApp"
            ReferencedContainer = "container:EssentialApp/EssentialApp.xcodeproj">
         </BuildableReference>
      </CodeCoverageTargets>
      <Testables>
         <TestableReference
            skipped = "NO"
            testExecutionOrdering = "random">
            <BuildableReference
               BuildableIdentifier = "primary"
               BlueprintIdentifier = "D784D45429EB29030074B789"
               BuildableName = "EssentialFeedAPIEndToEndTests.xctest"
               BlueprintName = "EssentialFeedAPIEndToEndTests"
               ReferencedContainer = "container:../EssentialFeed/EssentialFeed.xcodeproj">
            </BuildableReference>
         </TestableReference>
         <TestableReference
            skipped = "NO"
            testExecutionOrdering = "random">
            <BuildableReference
               BuildableIdentifier = "primary"
               BlueprintIdentifier = "D77A3D842A1E2A5200BCF8D1"
               BuildableName = "EssentialFeedCacheIntegrationTests.xctest"
               BlueprintName = "EssentialFeedCacheIntegrationTests"
               ReferencedContainer = "container:../EssentialFeed/EssentialFeed.xcodeproj">
            </BuildableReference>
         </TestableReference>
         <TestableReference
            skipped = "NO"
            testExecutionOrdering = "random">
            <BuildableReference
               BuildableIdentifier = "primary"
               BlueprintIdentifier = "D7A4CBC22A9A090800216A94"
               BuildableName = "EssentialFeediOSTests.xctest"
               BlueprintName = "EssentialFeediOSTests"
               ReferencedContainer = "container:../EssentialFeed/EssentialFeed.xcodeproj">
            </BuildableReference>
         </TestableReference>
         <TestableReference
            skipped = "NO"
            testExecutionOrdering = "random">
            <BuildableReference
               BuildableIdentifier = "primary"
               BlueprintIdentifier = "D7961CDA29DEFD1D00B04BBE"
               BuildableName = "EssentialFeedTests.xctest"
               BlueprintName = "EssentialFeedTests"
               ReferencedContainer = "container:../EssentialFeed/EssentialFeed.xcodeproj">
            </BuildableReference>
         </TestableReference>
      </Testables>
   </TestAction>
   <LaunchAction
      buildConfiguration = "Debug"
      selectedDebuggerIdentifier = "Xcode.DebuggerFoundation.Debugger.LLDB"
      selectedLauncherIdentifier = "Xcode.DebuggerFoundation.Launcher.LLDB"
      launchStyle = "0"
      useCustomWorkingDirectory = "NO"
      ignoresPersistentStateOnLaunch = "NO"
      debugDocumentVersioning = "YES"
      debugServiceExtension = "internal"
      allowLocationSimulation = "YES">
   </LaunchAction>
   <ProfileAction
      buildConfiguration = "Release"
      shouldUseLaunchSchemeArgsEnv = "YES"
      savedToolIdentifier = ""
      useCustomWorkingDirectory = "NO"
      debugDocumentVersioning = "YES">
      <MacroExpansion>
         <BuildableReference
            BuildableIdentifier = "primary"
            BlueprintIdentifier = "D7961CD229DEFD1D00B04BBE"
            BuildableName = "EssentialFeed.framework"
            BlueprintName = "EssentialFeed"
            ReferencedContainer = "container:EssentialFeed/EssentialFeed.xcodeproj">
         </BuildableReference>
      </MacroExpansion>
   </ProfileAction>
   <AnalyzeAction
      buildConfiguration = "Debug">
   </AnalyzeAction>
   <ArchiveAction
      buildConfiguration = "Release"
      revealArchiveInOrganizer = "YES">
   </ArchiveAction>
</Scheme>
