// !$*UTF8*$!
{
	archiveVersion = 1;
	classes = {
	};
	objectVersion = 56;
	objects = {

/* Begin PBXBuildFile section */
		D7179FF729FAE2A5001A6250 /* CacheFeedUseCaseTests.swift in Sources */ = {isa = PBXBuildFile; fileRef = D7179FF629FAE2A5001A6250 /* CacheFeedUseCaseTests.swift */; };
		D7179FFA29FC0233001A6250 /* LocalFeedLoader.swift in Sources */ = {isa = PBXBuildFile; fileRef = D7179FF929FC0233001A6250 /* LocalFeedLoader.swift */; };
		D7179FFC29FC02E5001A6250 /* FeedStore.swift in Sources */ = {isa = PBXBuildFile; fileRef = D7179FFB29FC02E5001A6250 /* FeedStore.swift */; };
		D7179FFE2A015F40001A6250 /* RemoteFeedItem.swift in Sources */ = {isa = PBXBuildFile; fileRef = D7179FFD2A015F40001A6250 /* RemoteFeedItem.swift */; };
		D717A0002A015F6B001A6250 /* LocalFeedImage.swift in Sources */ = {isa = PBXBuildFile; fileRef = D7179FFF2A015F6B001A6250 /* LocalFeedImage.swift */; };
		D717A0022A01683E001A6250 /* LoadFeedFromCacheUseCaseTests.swift in Sources */ = {isa = PBXBuildFile; fileRef = D717A0012A01683E001A6250 /* LoadFeedFromCacheUseCaseTests.swift */; };
		D717A0052A0169E8001A6250 /* FeedStoreSpy.swift in Sources */ = {isa = PBXBuildFile; fileRef = D717A0042A0169E8001A6250 /* FeedStoreSpy.swift */; };
		D717A0072A025AC5001A6250 /* ValidateFeedCacheUseCaseTests.swift in Sources */ = {isa = PBXBuildFile; fileRef = D717A0062A025AC5001A6250 /* ValidateFeedCacheUseCaseTests.swift */; };
		D72B67FD2AC4B5AE00E209D8 /* ErrorView.swift in Sources */ = {isa = PBXBuildFile; fileRef = D72B67FC2AC4B5AE00E209D8 /* ErrorView.swift */; };
		D72B68002AC4B88900E209D8 /* FeedErrorViewModel.swift in Sources */ = {isa = PBXBuildFile; fileRef = D72B67FF2AC4B88900E209D8 /* FeedErrorViewModel.swift */; };
		D72B68022AC4B8CB00E209D8 /* UIRefreshControl+Extensions.swift in Sources */ = {isa = PBXBuildFile; fileRef = D72B68012AC4B8CB00E209D8 /* UIRefreshControl+Extensions.swift */; };
		D72FAD9E2AC6BA3700F69464 /* FeedPresenter.swift in Sources */ = {isa = PBXBuildFile; fileRef = D72FAD9D2AC6BA3700F69464 /* FeedPresenter.swift */; };
		D72FAD9F2AC6BACF00F69464 /* Feed.strings in Resources */ = {isa = PBXBuildFile; fileRef = D72FAD992AC613E900F69464 /* Feed.strings */; };
		D72FADA12AC6BAFB00F69464 /* FeedViewModel.swift in Sources */ = {isa = PBXBuildFile; fileRef = D72FADA02AC6BAFB00F69464 /* FeedViewModel.swift */; };
		D730B98E2A9B318900B34BF1 /* FeedViewController.swift in Sources */ = {isa = PBXBuildFile; fileRef = D730B98D2A9B318900B34BF1 /* FeedViewController.swift */; };
		D730B9902A9B65FC00B34BF1 /* FeedImageCell.swift in Sources */ = {isa = PBXBuildFile; fileRef = D730B98F2A9B65FC00B34BF1 /* FeedImageCell.swift */; };
		D736999A2A025F5B00274444 /* FeedCacheTestHelpers.swift in Sources */ = {isa = PBXBuildFile; fileRef = D73699992A025F5B00274444 /* FeedCacheTestHelpers.swift */; };
		D736999C2A025FE600274444 /* SharedTestHelpers.swift in Sources */ = {isa = PBXBuildFile; fileRef = D736999B2A025FE600274444 /* SharedTestHelpers.swift */; };
		D736999E2A026C6300274444 /* FeedCachePolicy.swift in Sources */ = {isa = PBXBuildFile; fileRef = D736999D2A026C6300274444 /* FeedCachePolicy.swift */; };
		D73C03C32ABAEAEC005E97AC /* FeedImageDataLoader.swift in Sources */ = {isa = PBXBuildFile; fileRef = D73C03C22ABAEAEC005E97AC /* FeedImageDataLoader.swift */; };
		D73C03CA2ABAEF0A005E97AC /* UIImageView+TestHelpers.swift in Sources */ = {isa = PBXBuildFile; fileRef = D73C03C92ABAEF0A005E97AC /* UIImageView+TestHelpers.swift */; };
		D73C03CC2ABAEFCF005E97AC /* UIRefreshControl+TestHelpers.swift in Sources */ = {isa = PBXBuildFile; fileRef = D73C03CB2ABAEFCF005E97AC /* UIRefreshControl+TestHelpers.swift */; };
		D73C03CE2ABAF014005E97AC /* UIButton+TestHelpers.swift in Sources */ = {isa = PBXBuildFile; fileRef = D73C03CD2ABAF014005E97AC /* UIButton+TestHelpers.swift */; };
		D73C03D02ABAF0E5005E97AC /* UIControl+TestHelpers.swift in Sources */ = {isa = PBXBuildFile; fileRef = D73C03CF2ABAF0E5005E97AC /* UIControl+TestHelpers.swift */; };
		D73C03D22ABAF14B005E97AC /* FeedViewController+TestHelpers.swift in Sources */ = {isa = PBXBuildFile; fileRef = D73C03D12ABAF14B005E97AC /* FeedViewController+TestHelpers.swift */; };
		D73C03D42ABAF1AF005E97AC /* FeedImageCell+TestHelpers.swift in Sources */ = {isa = PBXBuildFile; fileRef = D73C03D32ABAF1AF005E97AC /* FeedImageCell+TestHelpers.swift */; };
		D73C03D82ABAF259005E97AC /* FeedViewControllerTests+LoaderSpy.swift in Sources */ = {isa = PBXBuildFile; fileRef = D73C03D72ABAF259005E97AC /* FeedViewControllerTests+LoaderSpy.swift */; };
		D73C03DA2ABAF32B005E97AC /* FeedViewController+Assertions.swift in Sources */ = {isa = PBXBuildFile; fileRef = D73C03D92ABAF32B005E97AC /* FeedViewController+Assertions.swift */; };
		D73C03DC2ABAF6BE005E97AC /* FeedImageCellController.swift in Sources */ = {isa = PBXBuildFile; fileRef = D73C03DB2ABAF6BE005E97AC /* FeedImageCellController.swift */; };
		D73C03DF2ABAF9F5005E97AC /* FeedUIComposer.swift in Sources */ = {isa = PBXBuildFile; fileRef = D73C03DE2ABAF9F5005E97AC /* FeedUIComposer.swift */; };
		D7609A1429E14CA000005AA3 /* HTTPClient.swift in Sources */ = {isa = PBXBuildFile; fileRef = D7609A1329E14CA000005AA3 /* HTTPClient.swift */; };
		D7609A1629E14CE900005AA3 /* FeedApiMapper.swift in Sources */ = {isa = PBXBuildFile; fileRef = D7609A1529E14CE900005AA3 /* FeedApiMapper.swift */; };
		D770F0E829E7D8C50010A21D /* URLSessionHTTPClientTests.swift in Sources */ = {isa = PBXBuildFile; fileRef = D770F0E729E7D8C50010A21D /* URLSessionHTTPClientTests.swift */; };
		D77A3D532A1DF18A00BCF8D1 /* FeedStoreSpecs.swift in Sources */ = {isa = PBXBuildFile; fileRef = D77A3D522A1DF18A00BCF8D1 /* FeedStoreSpecs.swift */; };
		D77A3D552A1DF24300BCF8D1 /* XCTestCase+FeedStoreSpecs.swift in Sources */ = {isa = PBXBuildFile; fileRef = D77A3D542A1DF24300BCF8D1 /* XCTestCase+FeedStoreSpecs.swift */; };
		D77A3D572A1DF67B00BCF8D1 /* XCTestCase+FailableRetrieveFeedStoreSpecs.swift in Sources */ = {isa = PBXBuildFile; fileRef = D77A3D562A1DF67B00BCF8D1 /* XCTestCase+FailableRetrieveFeedStoreSpecs.swift */; };
		D77A3D592A1DF6F000BCF8D1 /* XCTestCase+FailableInsertFeedStoreSpecs.swift in Sources */ = {isa = PBXBuildFile; fileRef = D77A3D582A1DF6F000BCF8D1 /* XCTestCase+FailableInsertFeedStoreSpecs.swift */; };
		D77A3D5B2A1DF76F00BCF8D1 /* XCTestCase+FailableDeleteFeedStoreSpecs.swift in Sources */ = {isa = PBXBuildFile; fileRef = D77A3D5A2A1DF76F00BCF8D1 /* XCTestCase+FailableDeleteFeedStoreSpecs.swift */; };
		D77A3D612A1E18C200BCF8D1 /* СoreDataFeedStoreCache.swift in Sources */ = {isa = PBXBuildFile; fileRef = D77A3D602A1E18C200BCF8D1 /* СoreDataFeedStoreCache.swift */; };
		D77A3D632A1E193F00BCF8D1 /* CoreDataFeedStore.swift in Sources */ = {isa = PBXBuildFile; fileRef = D77A3D622A1E193F00BCF8D1 /* CoreDataFeedStore.swift */; };
		D77A3D652A1E1A7300BCF8D1 /* CoreDataHelpers.swift in Sources */ = {isa = PBXBuildFile; fileRef = D77A3D642A1E1A7300BCF8D1 /* CoreDataHelpers.swift */; };
		D77A3D682A1E1E7F00BCF8D1 /* FeedStore.xcdatamodeld in Sources */ = {isa = PBXBuildFile; fileRef = D77A3D662A1E1E7F00BCF8D1 /* FeedStore.xcdatamodeld */; };
		D77A3D7D2A1E218000BCF8D1 /* ManagedCache.swift in Sources */ = {isa = PBXBuildFile; fileRef = D77A3D792A1E218000BCF8D1 /* ManagedCache.swift */; };
		D77A3D7F2A1E218000BCF8D1 /* ManagedFeedImage.swift in Sources */ = {isa = PBXBuildFile; fileRef = D77A3D7B2A1E218000BCF8D1 /* ManagedFeedImage.swift */; };
		D77A3D882A1E2A5200BCF8D1 /* EssentialFeedCacheIntegrationTests.swift in Sources */ = {isa = PBXBuildFile; fileRef = D77A3D872A1E2A5200BCF8D1 /* EssentialFeedCacheIntegrationTests.swift */; };
		D77A3D892A1E2A5200BCF8D1 /* EssentialFeed.framework in Frameworks */ = {isa = PBXBuildFile; fileRef = D7961CD329DEFD1D00B04BBE /* EssentialFeed.framework */; };
		D77A3D8F2A1E2C2D00BCF8D1 /* XCTestCase+MemoryLeakTracking.swift in Sources */ = {isa = PBXBuildFile; fileRef = D784D44D29EAFEE70074B789 /* XCTestCase+MemoryLeakTracking.swift */; };
		D77A3D902A1E8DED00BCF8D1 /* FeedCacheTestHelpers.swift in Sources */ = {isa = PBXBuildFile; fileRef = D73699992A025F5B00274444 /* FeedCacheTestHelpers.swift */; };
		D77A3D912A1E8E1400BCF8D1 /* SharedTestHelpers.swift in Sources */ = {isa = PBXBuildFile; fileRef = D736999B2A025FE600274444 /* SharedTestHelpers.swift */; };
		D784D44E29EAFEE70074B789 /* XCTestCase+MemoryLeakTracking.swift in Sources */ = {isa = PBXBuildFile; fileRef = D784D44D29EAFEE70074B789 /* XCTestCase+MemoryLeakTracking.swift */; };
		D784D45029EB17E60074B789 /* URLSessionHTTPClient.swift in Sources */ = {isa = PBXBuildFile; fileRef = D784D44F29EB17E60074B789 /* URLSessionHTTPClient.swift */; };
		D784D45829EB29030074B789 /* EssentialFeedAPIEndToEndTests.swift in Sources */ = {isa = PBXBuildFile; fileRef = D784D45729EB29030074B789 /* EssentialFeedAPIEndToEndTests.swift */; };
		D784D45929EB29030074B789 /* EssentialFeed.framework in Frameworks */ = {isa = PBXBuildFile; fileRef = D7961CD329DEFD1D00B04BBE /* EssentialFeed.framework */; };
		D784D45F29EB2DDB0074B789 /* XCTestCase+MemoryLeakTracking.swift in Sources */ = {isa = PBXBuildFile; fileRef = D784D44D29EAFEE70074B789 /* XCTestCase+MemoryLeakTracking.swift */; };
		D7943D292A9B7FFC00FECA95 /* UIView+Shimmering.swift in Sources */ = {isa = PBXBuildFile; fileRef = D7943D282A9B7FFC00FECA95 /* UIView+Shimmering.swift */; };
		D7961CDC29DEFD1D00B04BBE /* EssentialFeed.framework in Frameworks */ = {isa = PBXBuildFile; fileRef = D7961CD329DEFD1D00B04BBE /* EssentialFeed.framework */; };
		D7961CE229DEFD1D00B04BBE /* EssentialFeed.h in Headers */ = {isa = PBXBuildFile; fileRef = D7961CD629DEFD1D00B04BBE /* EssentialFeed.h */; settings = {ATTRIBUTES = (Public, ); }; };
		D7961CEC29DEFD3D00B04BBE /* FeedImage.swift in Sources */ = {isa = PBXBuildFile; fileRef = D7961CEB29DEFD3D00B04BBE /* FeedImage.swift */; };
		D7961CEE29DEFD8E00B04BBE /* FeedLoader.swift in Sources */ = {isa = PBXBuildFile; fileRef = D7961CED29DEFD8E00B04BBE /* FeedLoader.swift */; };
		D7961CF129DEFE8500B04BBE /* LoadFeedFromRemoteUseCaseTests.swift in Sources */ = {isa = PBXBuildFile; fileRef = D7961CF029DEFE8500B04BBE /* LoadFeedFromRemoteUseCaseTests.swift */; };
		D7961CF429E0245A00B04BBE /* RemoteFeedLoader.swift in Sources */ = {isa = PBXBuildFile; fileRef = D7961CF329E0245A00B04BBE /* RemoteFeedLoader.swift */; };
		D79A67A42AC60D9C00FC1403 /* FeedPresenterTests.swift in Sources */ = {isa = PBXBuildFile; fileRef = D79A67A32AC60D9C00FC1403 /* FeedPresenterTests.swift */; };
		D7A4CBC42A9A090800216A94 /* EssentialFeediOS.framework in Frameworks */ = {isa = PBXBuildFile; fileRef = D7A4CBBC2A9A090700216A94 /* EssentialFeediOS.framework */; };
		D7A4CBD62A9B1D3A00216A94 /* FeedUIIntegrationTests.swift in Sources */ = {isa = PBXBuildFile; fileRef = D7A4CBD52A9B1D3A00216A94 /* FeedUIIntegrationTests.swift */; };
		D7A4CBD82A9B207B00216A94 /* EssentialFeediOS.xctestplan in Resources */ = {isa = PBXBuildFile; fileRef = D7A4CBD72A9B207B00216A94 /* EssentialFeediOS.xctestplan */; };
		D7A4CBDA2A9B20B100216A94 /* EssentialFeed.framework in Frameworks */ = {isa = PBXBuildFile; fileRef = D7961CD329DEFD1D00B04BBE /* EssentialFeed.framework */; };
		D7A4CBDB2A9B20B100216A94 /* EssentialFeed.framework in Embed Frameworks */ = {isa = PBXBuildFile; fileRef = D7961CD329DEFD1D00B04BBE /* EssentialFeed.framework */; settings = {ATTRIBUTES = (CodeSignOnCopy, RemoveHeadersOnCopy, ); }; };
		D7A4CBDF2A9B22CA00216A94 /* XCTestCase+MemoryLeakTracking.swift in Sources */ = {isa = PBXBuildFile; fileRef = D784D44D29EAFEE70074B789 /* XCTestCase+MemoryLeakTracking.swift */; };
		D7D966F32ABDEE0100FBB1EF /* FeedPresenter.swift in Sources */ = {isa = PBXBuildFile; fileRef = D7D966F22ABDEE0100FBB1EF /* FeedPresenter.swift */; };
		D7D966F52ABDF87B00FBB1EF /* FeedImagePresenter.swift in Sources */ = {isa = PBXBuildFile; fileRef = D7D966F42ABDF87B00FBB1EF /* FeedImagePresenter.swift */; };
		D7D966F72ABDFD6000FBB1EF /* FeedViewModel.swift in Sources */ = {isa = PBXBuildFile; fileRef = D7D966F62ABDFD6000FBB1EF /* FeedViewModel.swift */; };
		D7D966F92ABDFD9300FBB1EF /* FeedLoadingViewModel.swift in Sources */ = {isa = PBXBuildFile; fileRef = D7D966F82ABDFD9300FBB1EF /* FeedLoadingViewModel.swift */; };
		D7D966FB2ABF056500FBB1EF /* Feed.storyboard in Resources */ = {isa = PBXBuildFile; fileRef = D7D966FA2ABF056500FBB1EF /* Feed.storyboard */; };
		D7D966FD2ABF05EF00FBB1EF /* Feed.xcassets in Resources */ = {isa = PBXBuildFile; fileRef = D7D966FC2ABF05EF00FBB1EF /* Feed.xcassets */; };
		D7D966FF2AC08E3C00FBB1EF /* UITableView+Extensions.swift in Sources */ = {isa = PBXBuildFile; fileRef = D7D966FE2AC08E3C00FBB1EF /* UITableView+Extensions.swift */; };
		D7D967012AC08EA300FBB1EF /* UIImageView+Animations.swift in Sources */ = {isa = PBXBuildFile; fileRef = D7D967002AC08EA300FBB1EF /* UIImageView+Animations.swift */; };
		D7D967052AC0942A00FBB1EF /* FeedViewControllerTests+Localization.swift in Sources */ = {isa = PBXBuildFile; fileRef = D7D967042AC0942A00FBB1EF /* FeedViewControllerTests+Localization.swift */; };
		D7D967072AC0950B00FBB1EF /* Feed.strings in Resources */ = {isa = PBXBuildFile; fileRef = D7D967092AC0950B00FBB1EF /* Feed.strings */; };
		D7D9670E2AC0960500FBB1EF /* FeedLocalizationTests.swift in Sources */ = {isa = PBXBuildFile; fileRef = D7D9670D2AC0960500FBB1EF /* FeedLocalizationTests.swift */; };
		D7D967102AC1730B00FBB1EF /* MainQueueDispatchDecorator.swift in Sources */ = {isa = PBXBuildFile; fileRef = D7D9670F2AC1730B00FBB1EF /* MainQueueDispatchDecorator.swift */; };
		D7D967122AC1778800FBB1EF /* WeakRefVirtualProxy.swift in Sources */ = {isa = PBXBuildFile; fileRef = D7D967112AC1778800FBB1EF /* WeakRefVirtualProxy.swift */; };
		D7D967142AC1780700FBB1EF /* FeedImageDataLoaderPresentationAdapter.swift in Sources */ = {isa = PBXBuildFile; fileRef = D7D967132AC1780700FBB1EF /* FeedImageDataLoaderPresentationAdapter.swift */; };
		D7D967162AC1786600FBB1EF /* FeedLoaderPresentationAdapter.swift in Sources */ = {isa = PBXBuildFile; fileRef = D7D967152AC1786600FBB1EF /* FeedLoaderPresentationAdapter.swift */; };
		D7D967182AC1793500FBB1EF /* FeedViewAdapter.swift in Sources */ = {isa = PBXBuildFile; fileRef = D7D967172AC1793500FBB1EF /* FeedViewAdapter.swift */; };
/* End PBXBuildFile section */

/* Begin PBXContainerItemProxy section */
		D77A3D8A2A1E2A5200BCF8D1 /* PBXContainerItemProxy */ = {
			isa = PBXContainerItemProxy;
			containerPortal = D7961CCA29DEFD1D00B04BBE /* Project object */;
			proxyType = 1;
			remoteGlobalIDString = D7961CD229DEFD1D00B04BBE;
			remoteInfo = EssentialFeed;
		};
		D784D45A29EB29030074B789 /* PBXContainerItemProxy */ = {
			isa = PBXContainerItemProxy;
			containerPortal = D7961CCA29DEFD1D00B04BBE /* Project object */;
			proxyType = 1;
			remoteGlobalIDString = D7961CD229DEFD1D00B04BBE;
			remoteInfo = EssentialFeed;
		};
		D7961CDD29DEFD1D00B04BBE /* PBXContainerItemProxy */ = {
			isa = PBXContainerItemProxy;
			containerPortal = D7961CCA29DEFD1D00B04BBE /* Project object */;
			proxyType = 1;
			remoteGlobalIDString = D7961CD229DEFD1D00B04BBE;
			remoteInfo = EssentialFeed;
		};
		D7A4CBC52A9A090800216A94 /* PBXContainerItemProxy */ = {
			isa = PBXContainerItemProxy;
			containerPortal = D7961CCA29DEFD1D00B04BBE /* Project object */;
			proxyType = 1;
			remoteGlobalIDString = D7A4CBBB2A9A090700216A94;
			remoteInfo = EssentialFeediOS;
		};
		D7A4CBDC2A9B20B100216A94 /* PBXContainerItemProxy */ = {
			isa = PBXContainerItemProxy;
			containerPortal = D7961CCA29DEFD1D00B04BBE /* Project object */;
			proxyType = 1;
			remoteGlobalIDString = D7961CD229DEFD1D00B04BBE;
			remoteInfo = EssentialFeed;
		};
/* End PBXContainerItemProxy section */

/* Begin PBXCopyFilesBuildPhase section */
		D7A4CBDE2A9B20B100216A94 /* Embed Frameworks */ = {
			isa = PBXCopyFilesBuildPhase;
			buildActionMask = 2147483647;
			dstPath = "";
			dstSubfolderSpec = 10;
			files = (
				D7A4CBDB2A9B20B100216A94 /* EssentialFeed.framework in Embed Frameworks */,
			);
			name = "Embed Frameworks";
			runOnlyForDeploymentPostprocessing = 0;
		};
/* End PBXCopyFilesBuildPhase section */

/* Begin PBXFileReference section */
		D7179FF629FAE2A5001A6250 /* CacheFeedUseCaseTests.swift */ = {isa = PBXFileReference; lastKnownFileType = sourcecode.swift; path = CacheFeedUseCaseTests.swift; sourceTree = "<group>"; };
		D7179FF929FC0233001A6250 /* LocalFeedLoader.swift */ = {isa = PBXFileReference; lastKnownFileType = sourcecode.swift; path = LocalFeedLoader.swift; sourceTree = "<group>"; };
		D7179FFB29FC02E5001A6250 /* FeedStore.swift */ = {isa = PBXFileReference; lastKnownFileType = sourcecode.swift; path = FeedStore.swift; sourceTree = "<group>"; };
		D7179FFD2A015F40001A6250 /* RemoteFeedItem.swift */ = {isa = PBXFileReference; lastKnownFileType = sourcecode.swift; path = RemoteFeedItem.swift; sourceTree = "<group>"; };
		D7179FFF2A015F6B001A6250 /* LocalFeedImage.swift */ = {isa = PBXFileReference; lastKnownFileType = sourcecode.swift; path = LocalFeedImage.swift; sourceTree = "<group>"; };
		D717A0012A01683E001A6250 /* LoadFeedFromCacheUseCaseTests.swift */ = {isa = PBXFileReference; lastKnownFileType = sourcecode.swift; path = LoadFeedFromCacheUseCaseTests.swift; sourceTree = "<group>"; };
		D717A0042A0169E8001A6250 /* FeedStoreSpy.swift */ = {isa = PBXFileReference; lastKnownFileType = sourcecode.swift; path = FeedStoreSpy.swift; sourceTree = "<group>"; };
		D717A0062A025AC5001A6250 /* ValidateFeedCacheUseCaseTests.swift */ = {isa = PBXFileReference; lastKnownFileType = sourcecode.swift; path = ValidateFeedCacheUseCaseTests.swift; sourceTree = "<group>"; };
		D72B67FC2AC4B5AE00E209D8 /* ErrorView.swift */ = {isa = PBXFileReference; lastKnownFileType = sourcecode.swift; path = ErrorView.swift; sourceTree = "<group>"; };
		D72B67FF2AC4B88900E209D8 /* FeedErrorViewModel.swift */ = {isa = PBXFileReference; lastKnownFileType = sourcecode.swift; path = FeedErrorViewModel.swift; sourceTree = "<group>"; };
		D72B68012AC4B8CB00E209D8 /* UIRefreshControl+Extensions.swift */ = {isa = PBXFileReference; lastKnownFileType = sourcecode.swift; path = "UIRefreshControl+Extensions.swift"; sourceTree = "<group>"; };
		D72FAD982AC613E900F69464 /* en */ = {isa = PBXFileReference; lastKnownFileType = text.plist.strings; name = en; path = en.lproj/Feed.strings; sourceTree = "<group>"; };
		D72FAD9A2AC613ED00F69464 /* pt-BR */ = {isa = PBXFileReference; lastKnownFileType = text.plist.strings; name = "pt-BR"; path = "pt-BR.lproj/Feed.strings"; sourceTree = "<group>"; };
		D72FAD9B2AC613F100F69464 /* el */ = {isa = PBXFileReference; lastKnownFileType = text.plist.strings; name = el; path = el.lproj/Feed.strings; sourceTree = "<group>"; };
		D72FAD9D2AC6BA3700F69464 /* FeedPresenter.swift */ = {isa = PBXFileReference; lastKnownFileType = sourcecode.swift; path = FeedPresenter.swift; sourceTree = "<group>"; };
		D72FADA02AC6BAFB00F69464 /* FeedViewModel.swift */ = {isa = PBXFileReference; lastKnownFileType = sourcecode.swift; path = FeedViewModel.swift; sourceTree = "<group>"; };
		D730B98D2A9B318900B34BF1 /* FeedViewController.swift */ = {isa = PBXFileReference; lastKnownFileType = sourcecode.swift; path = FeedViewController.swift; sourceTree = "<group>"; };
		D730B98F2A9B65FC00B34BF1 /* FeedImageCell.swift */ = {isa = PBXFileReference; lastKnownFileType = sourcecode.swift; path = FeedImageCell.swift; sourceTree = "<group>"; };
		D73699992A025F5B00274444 /* FeedCacheTestHelpers.swift */ = {isa = PBXFileReference; lastKnownFileType = sourcecode.swift; path = FeedCacheTestHelpers.swift; sourceTree = "<group>"; };
		D736999B2A025FE600274444 /* SharedTestHelpers.swift */ = {isa = PBXFileReference; lastKnownFileType = sourcecode.swift; path = SharedTestHelpers.swift; sourceTree = "<group>"; };
		D736999D2A026C6300274444 /* FeedCachePolicy.swift */ = {isa = PBXFileReference; lastKnownFileType = sourcecode.swift; path = FeedCachePolicy.swift; sourceTree = "<group>"; };
		D73C03C22ABAEAEC005E97AC /* FeedImageDataLoader.swift */ = {isa = PBXFileReference; lastKnownFileType = sourcecode.swift; path = FeedImageDataLoader.swift; sourceTree = "<group>"; };
		D73C03C92ABAEF0A005E97AC /* UIImageView+TestHelpers.swift */ = {isa = PBXFileReference; lastKnownFileType = sourcecode.swift; path = "UIImageView+TestHelpers.swift"; sourceTree = "<group>"; };
		D73C03CB2ABAEFCF005E97AC /* UIRefreshControl+TestHelpers.swift */ = {isa = PBXFileReference; lastKnownFileType = sourcecode.swift; path = "UIRefreshControl+TestHelpers.swift"; sourceTree = "<group>"; };
		D73C03CD2ABAF014005E97AC /* UIButton+TestHelpers.swift */ = {isa = PBXFileReference; lastKnownFileType = sourcecode.swift; path = "UIButton+TestHelpers.swift"; sourceTree = "<group>"; };
		D73C03CF2ABAF0E5005E97AC /* UIControl+TestHelpers.swift */ = {isa = PBXFileReference; lastKnownFileType = sourcecode.swift; path = "UIControl+TestHelpers.swift"; sourceTree = "<group>"; };
		D73C03D12ABAF14B005E97AC /* FeedViewController+TestHelpers.swift */ = {isa = PBXFileReference; lastKnownFileType = sourcecode.swift; path = "FeedViewController+TestHelpers.swift"; sourceTree = "<group>"; };
		D73C03D32ABAF1AF005E97AC /* FeedImageCell+TestHelpers.swift */ = {isa = PBXFileReference; lastKnownFileType = sourcecode.swift; path = "FeedImageCell+TestHelpers.swift"; sourceTree = "<group>"; };
		D73C03D72ABAF259005E97AC /* FeedViewControllerTests+LoaderSpy.swift */ = {isa = PBXFileReference; lastKnownFileType = sourcecode.swift; path = "FeedViewControllerTests+LoaderSpy.swift"; sourceTree = "<group>"; };
		D73C03D92ABAF32B005E97AC /* FeedViewController+Assertions.swift */ = {isa = PBXFileReference; lastKnownFileType = sourcecode.swift; path = "FeedViewController+Assertions.swift"; sourceTree = "<group>"; };
		D73C03DB2ABAF6BE005E97AC /* FeedImageCellController.swift */ = {isa = PBXFileReference; lastKnownFileType = sourcecode.swift; path = FeedImageCellController.swift; sourceTree = "<group>"; };
		D73C03DE2ABAF9F5005E97AC /* FeedUIComposer.swift */ = {isa = PBXFileReference; lastKnownFileType = sourcecode.swift; path = FeedUIComposer.swift; sourceTree = "<group>"; };
		D7609A1329E14CA000005AA3 /* HTTPClient.swift */ = {isa = PBXFileReference; lastKnownFileType = sourcecode.swift; path = HTTPClient.swift; sourceTree = "<group>"; };
		D7609A1529E14CE900005AA3 /* FeedApiMapper.swift */ = {isa = PBXFileReference; lastKnownFileType = sourcecode.swift; path = FeedApiMapper.swift; sourceTree = "<group>"; };
		D770F0E729E7D8C50010A21D /* URLSessionHTTPClientTests.swift */ = {isa = PBXFileReference; lastKnownFileType = sourcecode.swift; path = URLSessionHTTPClientTests.swift; sourceTree = "<group>"; };
		D77A3D522A1DF18A00BCF8D1 /* FeedStoreSpecs.swift */ = {isa = PBXFileReference; lastKnownFileType = sourcecode.swift; path = FeedStoreSpecs.swift; sourceTree = "<group>"; };
		D77A3D542A1DF24300BCF8D1 /* XCTestCase+FeedStoreSpecs.swift */ = {isa = PBXFileReference; lastKnownFileType = sourcecode.swift; path = "XCTestCase+FeedStoreSpecs.swift"; sourceTree = "<group>"; };
		D77A3D562A1DF67B00BCF8D1 /* XCTestCase+FailableRetrieveFeedStoreSpecs.swift */ = {isa = PBXFileReference; lastKnownFileType = sourcecode.swift; path = "XCTestCase+FailableRetrieveFeedStoreSpecs.swift"; sourceTree = "<group>"; };
		D77A3D582A1DF6F000BCF8D1 /* XCTestCase+FailableInsertFeedStoreSpecs.swift */ = {isa = PBXFileReference; lastKnownFileType = sourcecode.swift; path = "XCTestCase+FailableInsertFeedStoreSpecs.swift"; sourceTree = "<group>"; };
		D77A3D5A2A1DF76F00BCF8D1 /* XCTestCase+FailableDeleteFeedStoreSpecs.swift */ = {isa = PBXFileReference; lastKnownFileType = sourcecode.swift; path = "XCTestCase+FailableDeleteFeedStoreSpecs.swift"; sourceTree = "<group>"; };
		D77A3D602A1E18C200BCF8D1 /* СoreDataFeedStoreCache.swift */ = {isa = PBXFileReference; lastKnownFileType = sourcecode.swift; path = "СoreDataFeedStoreCache.swift"; sourceTree = "<group>"; };
		D77A3D622A1E193F00BCF8D1 /* CoreDataFeedStore.swift */ = {isa = PBXFileReference; lastKnownFileType = sourcecode.swift; path = CoreDataFeedStore.swift; sourceTree = "<group>"; };
		D77A3D642A1E1A7300BCF8D1 /* CoreDataHelpers.swift */ = {isa = PBXFileReference; lastKnownFileType = sourcecode.swift; path = CoreDataHelpers.swift; sourceTree = "<group>"; };
		D77A3D672A1E1E7F00BCF8D1 /* FeedStore.xcdatamodel */ = {isa = PBXFileReference; lastKnownFileType = wrapper.xcdatamodel; path = FeedStore.xcdatamodel; sourceTree = "<group>"; };
		D77A3D792A1E218000BCF8D1 /* ManagedCache.swift */ = {isa = PBXFileReference; lastKnownFileType = sourcecode.swift; path = ManagedCache.swift; sourceTree = "<group>"; };
		D77A3D7B2A1E218000BCF8D1 /* ManagedFeedImage.swift */ = {isa = PBXFileReference; lastKnownFileType = sourcecode.swift; path = ManagedFeedImage.swift; sourceTree = "<group>"; };
		D77A3D852A1E2A5200BCF8D1 /* EssentialFeedCacheIntegrationTests.xctest */ = {isa = PBXFileReference; explicitFileType = wrapper.cfbundle; includeInIndex = 0; path = EssentialFeedCacheIntegrationTests.xctest; sourceTree = BUILT_PRODUCTS_DIR; };
		D77A3D872A1E2A5200BCF8D1 /* EssentialFeedCacheIntegrationTests.swift */ = {isa = PBXFileReference; lastKnownFileType = sourcecode.swift; path = EssentialFeedCacheIntegrationTests.swift; sourceTree = "<group>"; };
		D784D44D29EAFEE70074B789 /* XCTestCase+MemoryLeakTracking.swift */ = {isa = PBXFileReference; lastKnownFileType = sourcecode.swift; path = "XCTestCase+MemoryLeakTracking.swift"; sourceTree = "<group>"; };
		D784D44F29EB17E60074B789 /* URLSessionHTTPClient.swift */ = {isa = PBXFileReference; lastKnownFileType = sourcecode.swift; path = URLSessionHTTPClient.swift; sourceTree = "<group>"; };
		D784D45529EB29030074B789 /* EssentialFeedAPIEndToEndTests.xctest */ = {isa = PBXFileReference; explicitFileType = wrapper.cfbundle; includeInIndex = 0; path = EssentialFeedAPIEndToEndTests.xctest; sourceTree = BUILT_PRODUCTS_DIR; };
		D784D45729EB29030074B789 /* EssentialFeedAPIEndToEndTests.swift */ = {isa = PBXFileReference; lastKnownFileType = sourcecode.swift; path = EssentialFeedAPIEndToEndTests.swift; sourceTree = "<group>"; };
		D7943D282A9B7FFC00FECA95 /* UIView+Shimmering.swift */ = {isa = PBXFileReference; lastKnownFileType = sourcecode.swift; path = "UIView+Shimmering.swift"; sourceTree = "<group>"; };
		D7961CD329DEFD1D00B04BBE /* EssentialFeed.framework */ = {isa = PBXFileReference; explicitFileType = wrapper.framework; includeInIndex = 0; path = EssentialFeed.framework; sourceTree = BUILT_PRODUCTS_DIR; };
		D7961CD629DEFD1D00B04BBE /* EssentialFeed.h */ = {isa = PBXFileReference; lastKnownFileType = sourcecode.c.h; path = EssentialFeed.h; sourceTree = "<group>"; };
		D7961CDB29DEFD1D00B04BBE /* EssentialFeedTests.xctest */ = {isa = PBXFileReference; explicitFileType = wrapper.cfbundle; includeInIndex = 0; path = EssentialFeedTests.xctest; sourceTree = BUILT_PRODUCTS_DIR; };
		D7961CEB29DEFD3D00B04BBE /* FeedImage.swift */ = {isa = PBXFileReference; lastKnownFileType = sourcecode.swift; path = FeedImage.swift; sourceTree = "<group>"; };
		D7961CED29DEFD8E00B04BBE /* FeedLoader.swift */ = {isa = PBXFileReference; lastKnownFileType = sourcecode.swift; path = FeedLoader.swift; sourceTree = "<group>"; };
		D7961CF029DEFE8500B04BBE /* LoadFeedFromRemoteUseCaseTests.swift */ = {isa = PBXFileReference; lastKnownFileType = sourcecode.swift; path = LoadFeedFromRemoteUseCaseTests.swift; sourceTree = "<group>"; };
		D7961CF329E0245A00B04BBE /* RemoteFeedLoader.swift */ = {isa = PBXFileReference; lastKnownFileType = sourcecode.swift; path = RemoteFeedLoader.swift; sourceTree = "<group>"; };
		D79A67A32AC60D9C00FC1403 /* FeedPresenterTests.swift */ = {isa = PBXFileReference; lastKnownFileType = sourcecode.swift; path = FeedPresenterTests.swift; sourceTree = "<group>"; };
		D7A4CBBC2A9A090700216A94 /* EssentialFeediOS.framework */ = {isa = PBXFileReference; explicitFileType = wrapper.framework; includeInIndex = 0; path = EssentialFeediOS.framework; sourceTree = BUILT_PRODUCTS_DIR; };
		D7A4CBC32A9A090800216A94 /* EssentialFeediOSTests.xctest */ = {isa = PBXFileReference; explicitFileType = wrapper.cfbundle; includeInIndex = 0; path = EssentialFeediOSTests.xctest; sourceTree = BUILT_PRODUCTS_DIR; };
		D7A4CBD52A9B1D3A00216A94 /* FeedUIIntegrationTests.swift */ = {isa = PBXFileReference; lastKnownFileType = sourcecode.swift; path = FeedUIIntegrationTests.swift; sourceTree = "<group>"; };
		D7A4CBD72A9B207B00216A94 /* EssentialFeediOS.xctestplan */ = {isa = PBXFileReference; fileEncoding = 4; lastKnownFileType = text; path = EssentialFeediOS.xctestplan; sourceTree = "<group>"; };
		D7D966F22ABDEE0100FBB1EF /* FeedPresenter.swift */ = {isa = PBXFileReference; lastKnownFileType = sourcecode.swift; path = FeedPresenter.swift; sourceTree = "<group>"; };
		D7D966F42ABDF87B00FBB1EF /* FeedImagePresenter.swift */ = {isa = PBXFileReference; lastKnownFileType = sourcecode.swift; path = FeedImagePresenter.swift; sourceTree = "<group>"; };
		D7D966F62ABDFD6000FBB1EF /* FeedViewModel.swift */ = {isa = PBXFileReference; lastKnownFileType = sourcecode.swift; path = FeedViewModel.swift; sourceTree = "<group>"; };
		D7D966F82ABDFD9300FBB1EF /* FeedLoadingViewModel.swift */ = {isa = PBXFileReference; lastKnownFileType = sourcecode.swift; path = FeedLoadingViewModel.swift; sourceTree = "<group>"; };
		D7D966FA2ABF056500FBB1EF /* Feed.storyboard */ = {isa = PBXFileReference; lastKnownFileType = file.storyboard; path = Feed.storyboard; sourceTree = "<group>"; };
		D7D966FC2ABF05EF00FBB1EF /* Feed.xcassets */ = {isa = PBXFileReference; lastKnownFileType = folder.assetcatalog; path = Feed.xcassets; sourceTree = "<group>"; };
		D7D966FE2AC08E3C00FBB1EF /* UITableView+Extensions.swift */ = {isa = PBXFileReference; lastKnownFileType = sourcecode.swift; path = "UITableView+Extensions.swift"; sourceTree = "<group>"; };
		D7D967002AC08EA300FBB1EF /* UIImageView+Animations.swift */ = {isa = PBXFileReference; lastKnownFileType = sourcecode.swift; path = "UIImageView+Animations.swift"; sourceTree = "<group>"; };
		D7D967042AC0942A00FBB1EF /* FeedViewControllerTests+Localization.swift */ = {isa = PBXFileReference; lastKnownFileType = sourcecode.swift; path = "FeedViewControllerTests+Localization.swift"; sourceTree = "<group>"; };
		D7D967082AC0950B00FBB1EF /* en */ = {isa = PBXFileReference; lastKnownFileType = text.plist.strings; name = en; path = en.lproj/Feed.strings; sourceTree = "<group>"; };
		D7D9670A2AC0954500FBB1EF /* pt-BR */ = {isa = PBXFileReference; lastKnownFileType = text.plist.strings; name = "pt-BR"; path = "pt-BR.lproj/Feed.strings"; sourceTree = "<group>"; };
		D7D9670B2AC0957100FBB1EF /* el */ = {isa = PBXFileReference; lastKnownFileType = text.plist.strings; name = el; path = el.lproj/Feed.strings; sourceTree = "<group>"; };
		D7D9670D2AC0960500FBB1EF /* FeedLocalizationTests.swift */ = {isa = PBXFileReference; lastKnownFileType = sourcecode.swift; path = FeedLocalizationTests.swift; sourceTree = "<group>"; };
		D7D9670F2AC1730B00FBB1EF /* MainQueueDispatchDecorator.swift */ = {isa = PBXFileReference; lastKnownFileType = sourcecode.swift; path = MainQueueDispatchDecorator.swift; sourceTree = "<group>"; };
		D7D967112AC1778800FBB1EF /* WeakRefVirtualProxy.swift */ = {isa = PBXFileReference; lastKnownFileType = sourcecode.swift; path = WeakRefVirtualProxy.swift; sourceTree = "<group>"; };
		D7D967132AC1780700FBB1EF /* FeedImageDataLoaderPresentationAdapter.swift */ = {isa = PBXFileReference; lastKnownFileType = sourcecode.swift; path = FeedImageDataLoaderPresentationAdapter.swift; sourceTree = "<group>"; };
		D7D967152AC1786600FBB1EF /* FeedLoaderPresentationAdapter.swift */ = {isa = PBXFileReference; lastKnownFileType = sourcecode.swift; path = FeedLoaderPresentationAdapter.swift; sourceTree = "<group>"; };
		D7D967172AC1793500FBB1EF /* FeedViewAdapter.swift */ = {isa = PBXFileReference; lastKnownFileType = sourcecode.swift; path = FeedViewAdapter.swift; sourceTree = "<group>"; };
/* End PBXFileReference section */

/* Begin PBXFrameworksBuildPhase section */
		D77A3D822A1E2A5200BCF8D1 /* Frameworks */ = {
			isa = PBXFrameworksBuildPhase;
			buildActionMask = 2147483647;
			files = (
				D77A3D892A1E2A5200BCF8D1 /* EssentialFeed.framework in Frameworks */,
			);
			runOnlyForDeploymentPostprocessing = 0;
		};
		D784D45229EB29030074B789 /* Frameworks */ = {
			isa = PBXFrameworksBuildPhase;
			buildActionMask = 2147483647;
			files = (
				D784D45929EB29030074B789 /* EssentialFeed.framework in Frameworks */,
			);
			runOnlyForDeploymentPostprocessing = 0;
		};
		D7961CD029DEFD1D00B04BBE /* Frameworks */ = {
			isa = PBXFrameworksBuildPhase;
			buildActionMask = 2147483647;
			files = (
			);
			runOnlyForDeploymentPostprocessing = 0;
		};
		D7961CD829DEFD1D00B04BBE /* Frameworks */ = {
			isa = PBXFrameworksBuildPhase;
			buildActionMask = 2147483647;
			files = (
				D7961CDC29DEFD1D00B04BBE /* EssentialFeed.framework in Frameworks */,
			);
			runOnlyForDeploymentPostprocessing = 0;
		};
		D7A4CBB92A9A090700216A94 /* Frameworks */ = {
			isa = PBXFrameworksBuildPhase;
			buildActionMask = 2147483647;
			files = (
				D7A4CBDA2A9B20B100216A94 /* EssentialFeed.framework in Frameworks */,
			);
			runOnlyForDeploymentPostprocessing = 0;
		};
		D7A4CBC02A9A090800216A94 /* Frameworks */ = {
			isa = PBXFrameworksBuildPhase;
			buildActionMask = 2147483647;
			files = (
				D7A4CBC42A9A090800216A94 /* EssentialFeediOS.framework in Frameworks */,
			);
			runOnlyForDeploymentPostprocessing = 0;
		};
/* End PBXFrameworksBuildPhase section */

/* Begin PBXGroup section */
		D7179FF529FAE253001A6250 /* FeedCache */ = {
			isa = PBXGroup;
			children = (
				D717A0032A0169D6001A6250 /* Helpers */,
				D7179FF629FAE2A5001A6250 /* CacheFeedUseCaseTests.swift */,
				D717A0012A01683E001A6250 /* LoadFeedFromCacheUseCaseTests.swift */,
				D717A0062A025AC5001A6250 /* ValidateFeedCacheUseCaseTests.swift */,
				D77A3D602A1E18C200BCF8D1 /* СoreDataFeedStoreCache.swift */,
				D77A3D5C2A1DF7C800BCF8D1 /* FeedStoreSpecs */,
			);
			path = FeedCache;
			sourceTree = "<group>";
		};
		D7179FF829FC0216001A6250 /* FeedCache */ = {
			isa = PBXGroup;
			children = (
				D77A3D5D2A1E17C500BCF8D1 /* Infrastructure */,
				D7179FF929FC0233001A6250 /* LocalFeedLoader.swift */,
				D736999D2A026C6300274444 /* FeedCachePolicy.swift */,
				D7179FFB29FC02E5001A6250 /* FeedStore.swift */,
				D7179FFF2A015F6B001A6250 /* LocalFeedImage.swift */,
			);
			path = FeedCache;
			sourceTree = "<group>";
		};
		D717A0032A0169D6001A6250 /* Helpers */ = {
			isa = PBXGroup;
			children = (
				D717A0042A0169E8001A6250 /* FeedStoreSpy.swift */,
				D73699992A025F5B00274444 /* FeedCacheTestHelpers.swift */,
			);
			path = Helpers;
			sourceTree = "<group>";
		};
		D72B67FE2AC4B86800E209D8 /* Helpers */ = {
			isa = PBXGroup;
			children = (
				D7943D282A9B7FFC00FECA95 /* UIView+Shimmering.swift */,
				D72B68012AC4B8CB00E209D8 /* UIRefreshControl+Extensions.swift */,
				D7D966FE2AC08E3C00FBB1EF /* UITableView+Extensions.swift */,
				D7D967002AC08EA300FBB1EF /* UIImageView+Animations.swift */,
			);
			path = Helpers;
			sourceTree = "<group>";
		};
		D72FAD9C2AC6BA2200F69464 /* Feed Presentation */ = {
			isa = PBXGroup;
			children = (
				D72FAD9D2AC6BA3700F69464 /* FeedPresenter.swift */,
				D72FADA02AC6BAFB00F69464 /* FeedViewModel.swift */,
				D72FAD992AC613E900F69464 /* Feed.strings */,
			);
			path = "Feed Presentation";
			sourceTree = "<group>";
		};
		D73C03C02ABAEACB005E97AC /* FeedUI */ = {
			isa = PBXGroup;
			children = (
				D73C03E02ABCA51F005E97AC /* FeedPresentation */,
				D73C03DD2ABAF9DF005E97AC /* Composers */,
				D73C03C52ABAEB09005E97AC /* Views */,
				D73C03C42ABAEAFF005E97AC /* Controllers */,
			);
			path = FeedUI;
			sourceTree = "<group>";
		};
		D73C03C12ABAEAD4005E97AC /* FeedImageLoader */ = {
			isa = PBXGroup;
			children = (
				D73C03C22ABAEAEC005E97AC /* FeedImageDataLoader.swift */,
			);
			path = FeedImageLoader;
			sourceTree = "<group>";
		};
		D73C03C42ABAEAFF005E97AC /* Controllers */ = {
			isa = PBXGroup;
			children = (
				D730B98D2A9B318900B34BF1 /* FeedViewController.swift */,
				D73C03DB2ABAF6BE005E97AC /* FeedImageCellController.swift */,
			);
			path = Controllers;
			sourceTree = "<group>";
		};
		D73C03C52ABAEB09005E97AC /* Views */ = {
			isa = PBXGroup;
			children = (
				D730B98F2A9B65FC00B34BF1 /* FeedImageCell.swift */,
				D72B67FE2AC4B86800E209D8 /* Helpers */,
				D7D966FA2ABF056500FBB1EF /* Feed.storyboard */,
				D7D966FC2ABF05EF00FBB1EF /* Feed.xcassets */,
				D72B67FC2AC4B5AE00E209D8 /* ErrorView.swift */,
			);
			path = Views;
			sourceTree = "<group>";
		};
		D73C03D62ABAF20F005E97AC /* Helpers */ = {
			isa = PBXGroup;
			children = (
				D73C03D12ABAF14B005E97AC /* FeedViewController+TestHelpers.swift */,
				D73C03D32ABAF1AF005E97AC /* FeedImageCell+TestHelpers.swift */,
				D73C03C92ABAEF0A005E97AC /* UIImageView+TestHelpers.swift */,
				D73C03CD2ABAF014005E97AC /* UIButton+TestHelpers.swift */,
				D73C03CF2ABAF0E5005E97AC /* UIControl+TestHelpers.swift */,
				D73C03CB2ABAEFCF005E97AC /* UIRefreshControl+TestHelpers.swift */,
				D73C03D72ABAF259005E97AC /* FeedViewControllerTests+LoaderSpy.swift */,
				D7D967042AC0942A00FBB1EF /* FeedViewControllerTests+Localization.swift */,
				D73C03D92ABAF32B005E97AC /* FeedViewController+Assertions.swift */,
			);
			path = Helpers;
			sourceTree = "<group>";
		};
		D73C03DD2ABAF9DF005E97AC /* Composers */ = {
			isa = PBXGroup;
			children = (
				D73C03DE2ABAF9F5005E97AC /* FeedUIComposer.swift */,
				D7D9670F2AC1730B00FBB1EF /* MainQueueDispatchDecorator.swift */,
				D7D967132AC1780700FBB1EF /* FeedImageDataLoaderPresentationAdapter.swift */,
				D7D967172AC1793500FBB1EF /* FeedViewAdapter.swift */,
				D7D967152AC1786600FBB1EF /* FeedLoaderPresentationAdapter.swift */,
				D7D967112AC1778800FBB1EF /* WeakRefVirtualProxy.swift */,
			);
			path = Composers;
			sourceTree = "<group>";
		};
		D73C03E02ABCA51F005E97AC /* FeedPresentation */ = {
			isa = PBXGroup;
			children = (
				D7D966F22ABDEE0100FBB1EF /* FeedPresenter.swift */,
				D7D966F42ABDF87B00FBB1EF /* FeedImagePresenter.swift */,
				D7D966F62ABDFD6000FBB1EF /* FeedViewModel.swift */,
				D7D966F82ABDFD9300FBB1EF /* FeedLoadingViewModel.swift */,
				D7D967092AC0950B00FBB1EF /* Feed.strings */,
				D72B67FF2AC4B88900E209D8 /* FeedErrorViewModel.swift */,
			);
			path = FeedPresentation;
			sourceTree = "<group>";
		};
		D7609A1729E1542100005AA3 /* FeedAPI */ = {
			isa = PBXGroup;
			children = (
				D7961CF029DEFE8500B04BBE /* LoadFeedFromRemoteUseCaseTests.swift */,
				D770F0E729E7D8C50010A21D /* URLSessionHTTPClientTests.swift */,
			);
			path = FeedAPI;
			sourceTree = "<group>";
		};
		D77A3D5C2A1DF7C800BCF8D1 /* FeedStoreSpecs */ = {
			isa = PBXGroup;
			children = (
				D77A3D582A1DF6F000BCF8D1 /* XCTestCase+FailableInsertFeedStoreSpecs.swift */,
				D77A3D542A1DF24300BCF8D1 /* XCTestCase+FeedStoreSpecs.swift */,
				D77A3D5A2A1DF76F00BCF8D1 /* XCTestCase+FailableDeleteFeedStoreSpecs.swift */,
				D77A3D562A1DF67B00BCF8D1 /* XCTestCase+FailableRetrieveFeedStoreSpecs.swift */,
				D77A3D522A1DF18A00BCF8D1 /* FeedStoreSpecs.swift */,
			);
			path = FeedStoreSpecs;
			sourceTree = "<group>";
		};
		D77A3D5D2A1E17C500BCF8D1 /* Infrastructure */ = {
			isa = PBXGroup;
			children = (
				D77A3D5F2A1E17ED00BCF8D1 /* CoreData */,
			);
			path = Infrastructure;
			sourceTree = "<group>";
		};
		D77A3D5F2A1E17ED00BCF8D1 /* CoreData */ = {
			isa = PBXGroup;
			children = (
				D77A3D792A1E218000BCF8D1 /* ManagedCache.swift */,
				D77A3D7B2A1E218000BCF8D1 /* ManagedFeedImage.swift */,
				D77A3D622A1E193F00BCF8D1 /* CoreDataFeedStore.swift */,
				D77A3D662A1E1E7F00BCF8D1 /* FeedStore.xcdatamodeld */,
				D77A3D642A1E1A7300BCF8D1 /* CoreDataHelpers.swift */,
			);
			path = CoreData;
			sourceTree = "<group>";
		};
		D77A3D862A1E2A5200BCF8D1 /* EssentialFeedCacheIntegrationTests */ = {
			isa = PBXGroup;
			children = (
				D77A3D872A1E2A5200BCF8D1 /* EssentialFeedCacheIntegrationTests.swift */,
			);
			path = EssentialFeedCacheIntegrationTests;
			sourceTree = "<group>";
		};
		D784D44C29EAFEC90074B789 /* Helpers */ = {
			isa = PBXGroup;
			children = (
				D784D44D29EAFEE70074B789 /* XCTestCase+MemoryLeakTracking.swift */,
				D736999B2A025FE600274444 /* SharedTestHelpers.swift */,
			);
			path = Helpers;
			sourceTree = "<group>";
		};
		D784D45629EB29030074B789 /* EssentialFeedAPIEndToEndTests */ = {
			isa = PBXGroup;
			children = (
				D784D45729EB29030074B789 /* EssentialFeedAPIEndToEndTests.swift */,
			);
			path = EssentialFeedAPIEndToEndTests;
			sourceTree = "<group>";
		};
		D7961CC929DEFD1D00B04BBE = {
			isa = PBXGroup;
			children = (
				D7961CD529DEFD1D00B04BBE /* EssentialFeed */,
				D7961CD629DEFD1D00B04BBE /* EssentialFeed.h */,
				D7961CDF29DEFD1D00B04BBE /* EssentialFeedTests */,
				D784D45629EB29030074B789 /* EssentialFeedAPIEndToEndTests */,
				D77A3D862A1E2A5200BCF8D1 /* EssentialFeedCacheIntegrationTests */,
				D7A4CBBD2A9A090700216A94 /* EssentialFeediOS */,
				D7A4CBC72A9A090800216A94 /* EssentialFeediOSTests */,
				D7961CD429DEFD1D00B04BBE /* Products */,
				D7A4CBD92A9B20B100216A94 /* Frameworks */,
			);
			sourceTree = "<group>";
		};
		D7961CD429DEFD1D00B04BBE /* Products */ = {
			isa = PBXGroup;
			children = (
				D7961CD329DEFD1D00B04BBE /* EssentialFeed.framework */,
				D7961CDB29DEFD1D00B04BBE /* EssentialFeedTests.xctest */,
				D784D45529EB29030074B789 /* EssentialFeedAPIEndToEndTests.xctest */,
				D77A3D852A1E2A5200BCF8D1 /* EssentialFeedCacheIntegrationTests.xctest */,
				D7A4CBBC2A9A090700216A94 /* EssentialFeediOS.framework */,
				D7A4CBC32A9A090800216A94 /* EssentialFeediOSTests.xctest */,
			);
			name = Products;
			sourceTree = "<group>";
		};
		D7961CD529DEFD1D00B04BBE /* EssentialFeed */ = {
			isa = PBXGroup;
			children = (
				D72FAD9C2AC6BA2200F69464 /* Feed Presentation */,
				D7179FF829FC0216001A6250 /* FeedCache */,
				D7961CF229E0243D00B04BBE /* FeedAPI */,
				D7961CEF29DEFE4900B04BBE /* FeedFeature */,
			);
			path = EssentialFeed;
			sourceTree = "<group>";
		};
		D7961CDF29DEFD1D00B04BBE /* EssentialFeedTests */ = {
			isa = PBXGroup;
			children = (
				D79A67A22AC60D7B00FC1403 /* Feed Presentation */,
				D784D44C29EAFEC90074B789 /* Helpers */,
				D7179FF529FAE253001A6250 /* FeedCache */,
				D7609A1729E1542100005AA3 /* FeedAPI */,
			);
			path = EssentialFeedTests;
			sourceTree = "<group>";
		};
		D7961CEF29DEFE4900B04BBE /* FeedFeature */ = {
			isa = PBXGroup;
			children = (
				D7961CEB29DEFD3D00B04BBE /* FeedImage.swift */,
				D7961CED29DEFD8E00B04BBE /* FeedLoader.swift */,
			);
			path = FeedFeature;
			sourceTree = "<group>";
		};
		D7961CF229E0243D00B04BBE /* FeedAPI */ = {
			isa = PBXGroup;
			children = (
				D7961CF329E0245A00B04BBE /* RemoteFeedLoader.swift */,
				D7179FFD2A015F40001A6250 /* RemoteFeedItem.swift */,
				D7609A1329E14CA000005AA3 /* HTTPClient.swift */,
				D7609A1529E14CE900005AA3 /* FeedApiMapper.swift */,
				D784D44F29EB17E60074B789 /* URLSessionHTTPClient.swift */,
			);
			path = FeedAPI;
			sourceTree = "<group>";
		};
		D79A67A22AC60D7B00FC1403 /* Feed Presentation */ = {
			isa = PBXGroup;
			children = (
				D79A67A32AC60D9C00FC1403 /* FeedPresenterTests.swift */,
			);
			path = "Feed Presentation";
			sourceTree = "<group>";
		};
		D7A4CBBD2A9A090700216A94 /* EssentialFeediOS */ = {
			isa = PBXGroup;
			children = (
				D73C03C12ABAEAD4005E97AC /* FeedImageLoader */,
				D73C03C02ABAEACB005E97AC /* FeedUI */,
			);
			path = EssentialFeediOS;
			sourceTree = "<group>";
		};
		D7A4CBC72A9A090800216A94 /* EssentialFeediOSTests */ = {
			isa = PBXGroup;
			children = (
				D7D9670C2AC095E900FBB1EF /* FeedPresentation */,
				D7D967062AC094B500FBB1EF /* Feed UI */,
				D7A4CBD72A9B207B00216A94 /* EssentialFeediOS.xctestplan */,
			);
			path = EssentialFeediOSTests;
			sourceTree = "<group>";
		};
		D7A4CBD92A9B20B100216A94 /* Frameworks */ = {
			isa = PBXGroup;
			children = (
			);
			name = Frameworks;
			sourceTree = "<group>";
		};
		D7D967062AC094B500FBB1EF /* Feed UI */ = {
			isa = PBXGroup;
			children = (
				D73C03D62ABAF20F005E97AC /* Helpers */,
				D7A4CBD52A9B1D3A00216A94 /* FeedUIIntegrationTests.swift */,
			);
			path = "Feed UI";
			sourceTree = "<group>";
		};
		D7D9670C2AC095E900FBB1EF /* FeedPresentation */ = {
			isa = PBXGroup;
			children = (
				D7D9670D2AC0960500FBB1EF /* FeedLocalizationTests.swift */,
			);
			path = FeedPresentation;
			sourceTree = "<group>";
		};
/* End PBXGroup section */

/* Begin PBXHeadersBuildPhase section */
		D7961CCE29DEFD1D00B04BBE /* Headers */ = {
			isa = PBXHeadersBuildPhase;
			buildActionMask = 2147483647;
			files = (
				D7961CE229DEFD1D00B04BBE /* EssentialFeed.h in Headers */,
			);
			runOnlyForDeploymentPostprocessing = 0;
		};
		D7A4CBB72A9A090700216A94 /* Headers */ = {
			isa = PBXHeadersBuildPhase;
			buildActionMask = 2147483647;
			files = (
			);
			runOnlyForDeploymentPostprocessing = 0;
		};
/* End PBXHeadersBuildPhase section */

/* Begin PBXNativeTarget section */
		D77A3D842A1E2A5200BCF8D1 /* EssentialFeedCacheIntegrationTests */ = {
			isa = PBXNativeTarget;
			buildConfigurationList = D77A3D8C2A1E2A5200BCF8D1 /* Build configuration list for PBXNativeTarget "EssentialFeedCacheIntegrationTests" */;
			buildPhases = (
				D77A3D812A1E2A5200BCF8D1 /* Sources */,
				D77A3D822A1E2A5200BCF8D1 /* Frameworks */,
				D77A3D832A1E2A5200BCF8D1 /* Resources */,
			);
			buildRules = (
			);
			dependencies = (
				D77A3D8B2A1E2A5200BCF8D1 /* PBXTargetDependency */,
			);
			name = EssentialFeedCacheIntegrationTests;
			productName = EssentialFeedCacheIntegrationTests;
			productReference = D77A3D852A1E2A5200BCF8D1 /* EssentialFeedCacheIntegrationTests.xctest */;
			productType = "com.apple.product-type.bundle.unit-test";
		};
		D784D45429EB29030074B789 /* EssentialFeedAPIEndToEndTests */ = {
			isa = PBXNativeTarget;
			buildConfigurationList = D784D45C29EB29030074B789 /* Build configuration list for PBXNativeTarget "EssentialFeedAPIEndToEndTests" */;
			buildPhases = (
				D784D45129EB29030074B789 /* Sources */,
				D784D45229EB29030074B789 /* Frameworks */,
				D784D45329EB29030074B789 /* Resources */,
			);
			buildRules = (
			);
			dependencies = (
				D784D45B29EB29030074B789 /* PBXTargetDependency */,
			);
			name = EssentialFeedAPIEndToEndTests;
			productName = EssentialFeedAPIEndToEndTests;
			productReference = D784D45529EB29030074B789 /* EssentialFeedAPIEndToEndTests.xctest */;
			productType = "com.apple.product-type.bundle.unit-test";
		};
		D7961CD229DEFD1D00B04BBE /* EssentialFeed */ = {
			isa = PBXNativeTarget;
			buildConfigurationList = D7961CE529DEFD1D00B04BBE /* Build configuration list for PBXNativeTarget "EssentialFeed" */;
			buildPhases = (
				D7961CCE29DEFD1D00B04BBE /* Headers */,
				D7961CCF29DEFD1D00B04BBE /* Sources */,
				D7961CD029DEFD1D00B04BBE /* Frameworks */,
				D7961CD129DEFD1D00B04BBE /* Resources */,
			);
			buildRules = (
			);
			dependencies = (
			);
			name = EssentialFeed;
			productName = EssentialFeed;
			productReference = D7961CD329DEFD1D00B04BBE /* EssentialFeed.framework */;
			productType = "com.apple.product-type.framework";
		};
		D7961CDA29DEFD1D00B04BBE /* EssentialFeedTests */ = {
			isa = PBXNativeTarget;
			buildConfigurationList = D7961CE829DEFD1D00B04BBE /* Build configuration list for PBXNativeTarget "EssentialFeedTests" */;
			buildPhases = (
				D7961CD729DEFD1D00B04BBE /* Sources */,
				D7961CD829DEFD1D00B04BBE /* Frameworks */,
				D7961CD929DEFD1D00B04BBE /* Resources */,
			);
			buildRules = (
			);
			dependencies = (
				D7961CDE29DEFD1D00B04BBE /* PBXTargetDependency */,
			);
			name = EssentialFeedTests;
			productName = EssentialFeedTests;
			productReference = D7961CDB29DEFD1D00B04BBE /* EssentialFeedTests.xctest */;
			productType = "com.apple.product-type.bundle.unit-test";
		};
		D7A4CBBB2A9A090700216A94 /* EssentialFeediOS */ = {
			isa = PBXNativeTarget;
			buildConfigurationList = D7A4CBCF2A9A090800216A94 /* Build configuration list for PBXNativeTarget "EssentialFeediOS" */;
			buildPhases = (
				D7A4CBB72A9A090700216A94 /* Headers */,
				D7A4CBB82A9A090700216A94 /* Sources */,
				D7A4CBB92A9A090700216A94 /* Frameworks */,
				D7A4CBBA2A9A090700216A94 /* Resources */,
				D7A4CBDE2A9B20B100216A94 /* Embed Frameworks */,
			);
			buildRules = (
			);
			dependencies = (
				D7A4CBDD2A9B20B100216A94 /* PBXTargetDependency */,
			);
			name = EssentialFeediOS;
			productName = EssentialFeediOS;
			productReference = D7A4CBBC2A9A090700216A94 /* EssentialFeediOS.framework */;
			productType = "com.apple.product-type.framework";
		};
		D7A4CBC22A9A090800216A94 /* EssentialFeediOSTests */ = {
			isa = PBXNativeTarget;
			buildConfigurationList = D7A4CBD02A9A090800216A94 /* Build configuration list for PBXNativeTarget "EssentialFeediOSTests" */;
			buildPhases = (
				D7A4CBBF2A9A090800216A94 /* Sources */,
				D7A4CBC02A9A090800216A94 /* Frameworks */,
				D7A4CBC12A9A090800216A94 /* Resources */,
			);
			buildRules = (
			);
			dependencies = (
				D7A4CBC62A9A090800216A94 /* PBXTargetDependency */,
			);
			name = EssentialFeediOSTests;
			productName = EssentialFeediOSTests;
			productReference = D7A4CBC32A9A090800216A94 /* EssentialFeediOSTests.xctest */;
			productType = "com.apple.product-type.bundle.unit-test";
		};
/* End PBXNativeTarget section */

/* Begin PBXProject section */
		D7961CCA29DEFD1D00B04BBE /* Project object */ = {
			isa = PBXProject;
			attributes = {
				BuildIndependentTargetsInParallel = 1;
				LastSwiftUpdateCheck = 1430;
				LastUpgradeCheck = 1430;
				TargetAttributes = {
					D77A3D842A1E2A5200BCF8D1 = {
						CreatedOnToolsVersion = 14.2;
					};
					D784D45429EB29030074B789 = {
						CreatedOnToolsVersion = 14.2;
					};
					D7961CD229DEFD1D00B04BBE = {
						CreatedOnToolsVersion = 14.3;
						LastSwiftMigration = 1430;
					};
					D7961CDA29DEFD1D00B04BBE = {
						CreatedOnToolsVersion = 14.3;
					};
					D7A4CBBB2A9A090700216A94 = {
						CreatedOnToolsVersion = 14.3.1;
						LastSwiftMigration = 1430;
					};
					D7A4CBC22A9A090800216A94 = {
						CreatedOnToolsVersion = 14.3.1;
						LastSwiftMigration = 1430;
					};
				};
			};
			buildConfigurationList = D7961CCD29DEFD1D00B04BBE /* Build configuration list for PBXProject "EssentialFeed" */;
			compatibilityVersion = "Xcode 14.0";
			developmentRegion = en;
			hasScannedForEncodings = 0;
			knownRegions = (
				en,
				Base,
				"pt-BR",
				el,
			);
			mainGroup = D7961CC929DEFD1D00B04BBE;
			productRefGroup = D7961CD429DEFD1D00B04BBE /* Products */;
			projectDirPath = "";
			projectRoot = "";
			targets = (
				D7961CD229DEFD1D00B04BBE /* EssentialFeed */,
				D7961CDA29DEFD1D00B04BBE /* EssentialFeedTests */,
				D784D45429EB29030074B789 /* EssentialFeedAPIEndToEndTests */,
				D77A3D842A1E2A5200BCF8D1 /* EssentialFeedCacheIntegrationTests */,
				D7A4CBBB2A9A090700216A94 /* EssentialFeediOS */,
				D7A4CBC22A9A090800216A94 /* EssentialFeediOSTests */,
			);
		};
/* End PBXProject section */

/* Begin PBXResourcesBuildPhase section */
		D77A3D832A1E2A5200BCF8D1 /* Resources */ = {
			isa = PBXResourcesBuildPhase;
			buildActionMask = 2147483647;
			files = (
			);
			runOnlyForDeploymentPostprocessing = 0;
		};
		D784D45329EB29030074B789 /* Resources */ = {
			isa = PBXResourcesBuildPhase;
			buildActionMask = 2147483647;
			files = (
			);
			runOnlyForDeploymentPostprocessing = 0;
		};
		D7961CD129DEFD1D00B04BBE /* Resources */ = {
			isa = PBXResourcesBuildPhase;
			buildActionMask = 2147483647;
			files = (
				D72FAD9F2AC6BACF00F69464 /* Feed.strings in Resources */,
			);
			runOnlyForDeploymentPostprocessing = 0;
		};
		D7961CD929DEFD1D00B04BBE /* Resources */ = {
			isa = PBXResourcesBuildPhase;
			buildActionMask = 2147483647;
			files = (
			);
			runOnlyForDeploymentPostprocessing = 0;
		};
		D7A4CBBA2A9A090700216A94 /* Resources */ = {
			isa = PBXResourcesBuildPhase;
			buildActionMask = 2147483647;
			files = (
				D7D966FB2ABF056500FBB1EF /* Feed.storyboard in Resources */,
				D7D966FD2ABF05EF00FBB1EF /* Feed.xcassets in Resources */,
				D7D967072AC0950B00FBB1EF /* Feed.strings in Resources */,
			);
			runOnlyForDeploymentPostprocessing = 0;
		};
		D7A4CBC12A9A090800216A94 /* Resources */ = {
			isa = PBXResourcesBuildPhase;
			buildActionMask = 2147483647;
			files = (
				D7A4CBD82A9B207B00216A94 /* EssentialFeediOS.xctestplan in Resources */,
			);
			runOnlyForDeploymentPostprocessing = 0;
		};
/* End PBXResourcesBuildPhase section */

/* Begin PBXSourcesBuildPhase section */
		D77A3D812A1E2A5200BCF8D1 /* Sources */ = {
			isa = PBXSourcesBuildPhase;
			buildActionMask = 2147483647;
			files = (
				D77A3D912A1E8E1400BCF8D1 /* SharedTestHelpers.swift in Sources */,
				D77A3D882A1E2A5200BCF8D1 /* EssentialFeedCacheIntegrationTests.swift in Sources */,
				D77A3D902A1E8DED00BCF8D1 /* FeedCacheTestHelpers.swift in Sources */,
				D77A3D8F2A1E2C2D00BCF8D1 /* XCTestCase+MemoryLeakTracking.swift in Sources */,
			);
			runOnlyForDeploymentPostprocessing = 0;
		};
		D784D45129EB29030074B789 /* Sources */ = {
			isa = PBXSourcesBuildPhase;
			buildActionMask = 2147483647;
			files = (
				D784D45829EB29030074B789 /* EssentialFeedAPIEndToEndTests.swift in Sources */,
				D784D45F29EB2DDB0074B789 /* XCTestCase+MemoryLeakTracking.swift in Sources */,
			);
			runOnlyForDeploymentPostprocessing = 0;
		};
		D7961CCF29DEFD1D00B04BBE /* Sources */ = {
			isa = PBXSourcesBuildPhase;
			buildActionMask = 2147483647;
			files = (
				D77A3D7D2A1E218000BCF8D1 /* ManagedCache.swift in Sources */,
				D7609A1629E14CE900005AA3 /* FeedApiMapper.swift in Sources */,
				D77A3D682A1E1E7F00BCF8D1 /* FeedStore.xcdatamodeld in Sources */,
				D7961CEE29DEFD8E00B04BBE /* FeedLoader.swift in Sources */,
				D7179FFE2A015F40001A6250 /* RemoteFeedItem.swift in Sources */,
				D77A3D7F2A1E218000BCF8D1 /* ManagedFeedImage.swift in Sources */,
				D736999E2A026C6300274444 /* FeedCachePolicy.swift in Sources */,
				D77A3D652A1E1A7300BCF8D1 /* CoreDataHelpers.swift in Sources */,
				D72FADA12AC6BAFB00F69464 /* FeedViewModel.swift in Sources */,
				D7961CF429E0245A00B04BBE /* RemoteFeedLoader.swift in Sources */,
				D717A0002A015F6B001A6250 /* LocalFeedImage.swift in Sources */,
				D7179FFC29FC02E5001A6250 /* FeedStore.swift in Sources */,
				D7179FFA29FC0233001A6250 /* LocalFeedLoader.swift in Sources */,
				D72FAD9E2AC6BA3700F69464 /* FeedPresenter.swift in Sources */,
				D7609A1429E14CA000005AA3 /* HTTPClient.swift in Sources */,
				D7961CEC29DEFD3D00B04BBE /* FeedImage.swift in Sources */,
				D784D45029EB17E60074B789 /* URLSessionHTTPClient.swift in Sources */,
				D77A3D632A1E193F00BCF8D1 /* CoreDataFeedStore.swift in Sources */,
			);
			runOnlyForDeploymentPostprocessing = 0;
		};
		D7961CD729DEFD1D00B04BBE /* Sources */ = {
			isa = PBXSourcesBuildPhase;
			buildActionMask = 2147483647;
			files = (
				D736999A2A025F5B00274444 /* FeedCacheTestHelpers.swift in Sources */,
				D7961CF129DEFE8500B04BBE /* LoadFeedFromRemoteUseCaseTests.swift in Sources */,
				D79A67A42AC60D9C00FC1403 /* FeedPresenterTests.swift in Sources */,
				D770F0E829E7D8C50010A21D /* URLSessionHTTPClientTests.swift in Sources */,
				D77A3D592A1DF6F000BCF8D1 /* XCTestCase+FailableInsertFeedStoreSpecs.swift in Sources */,
				D717A0052A0169E8001A6250 /* FeedStoreSpy.swift in Sources */,
				D7179FF729FAE2A5001A6250 /* CacheFeedUseCaseTests.swift in Sources */,
				D736999C2A025FE600274444 /* SharedTestHelpers.swift in Sources */,
				D717A0022A01683E001A6250 /* LoadFeedFromCacheUseCaseTests.swift in Sources */,
				D77A3D5B2A1DF76F00BCF8D1 /* XCTestCase+FailableDeleteFeedStoreSpecs.swift in Sources */,
				D77A3D572A1DF67B00BCF8D1 /* XCTestCase+FailableRetrieveFeedStoreSpecs.swift in Sources */,
				D784D44E29EAFEE70074B789 /* XCTestCase+MemoryLeakTracking.swift in Sources */,
				D77A3D532A1DF18A00BCF8D1 /* FeedStoreSpecs.swift in Sources */,
				D77A3D612A1E18C200BCF8D1 /* СoreDataFeedStoreCache.swift in Sources */,
				D717A0072A025AC5001A6250 /* ValidateFeedCacheUseCaseTests.swift in Sources */,
				D77A3D552A1DF24300BCF8D1 /* XCTestCase+FeedStoreSpecs.swift in Sources */,
			);
			runOnlyForDeploymentPostprocessing = 0;
		};
		D7A4CBB82A9A090700216A94 /* Sources */ = {
			isa = PBXSourcesBuildPhase;
			buildActionMask = 2147483647;
			files = (
				D7D966F72ABDFD6000FBB1EF /* FeedViewModel.swift in Sources */,
				D7D966F32ABDEE0100FBB1EF /* FeedPresenter.swift in Sources */,
				D73C03C32ABAEAEC005E97AC /* FeedImageDataLoader.swift in Sources */,
				D7D966F92ABDFD9300FBB1EF /* FeedLoadingViewModel.swift in Sources */,
				D7943D292A9B7FFC00FECA95 /* UIView+Shimmering.swift in Sources */,
				D7D967102AC1730B00FBB1EF /* MainQueueDispatchDecorator.swift in Sources */,
				D7D967162AC1786600FBB1EF /* FeedLoaderPresentationAdapter.swift in Sources */,
				D72B67FD2AC4B5AE00E209D8 /* ErrorView.swift in Sources */,
				D7D966F52ABDF87B00FBB1EF /* FeedImagePresenter.swift in Sources */,
				D7D967012AC08EA300FBB1EF /* UIImageView+Animations.swift in Sources */,
				D730B98E2A9B318900B34BF1 /* FeedViewController.swift in Sources */,
				D72B68022AC4B8CB00E209D8 /* UIRefreshControl+Extensions.swift in Sources */,
				D7D967122AC1778800FBB1EF /* WeakRefVirtualProxy.swift in Sources */,
				D7D966FF2AC08E3C00FBB1EF /* UITableView+Extensions.swift in Sources */,
				D730B9902A9B65FC00B34BF1 /* FeedImageCell.swift in Sources */,
				D7D967142AC1780700FBB1EF /* FeedImageDataLoaderPresentationAdapter.swift in Sources */,
				D7D967182AC1793500FBB1EF /* FeedViewAdapter.swift in Sources */,
				D72B68002AC4B88900E209D8 /* FeedErrorViewModel.swift in Sources */,
				D73C03DC2ABAF6BE005E97AC /* FeedImageCellController.swift in Sources */,
				D73C03DF2ABAF9F5005E97AC /* FeedUIComposer.swift in Sources */,
			);
			runOnlyForDeploymentPostprocessing = 0;
		};
		D7A4CBBF2A9A090800216A94 /* Sources */ = {
			isa = PBXSourcesBuildPhase;
			buildActionMask = 2147483647;
			files = (
				D73C03CA2ABAEF0A005E97AC /* UIImageView+TestHelpers.swift in Sources */,
				D73C03D02ABAF0E5005E97AC /* UIControl+TestHelpers.swift in Sources */,
				D7D9670E2AC0960500FBB1EF /* FeedLocalizationTests.swift in Sources */,
				D73C03CE2ABAF014005E97AC /* UIButton+TestHelpers.swift in Sources */,
				D73C03CC2ABAEFCF005E97AC /* UIRefreshControl+TestHelpers.swift in Sources */,
				D73C03D82ABAF259005E97AC /* FeedViewControllerTests+LoaderSpy.swift in Sources */,
				D73C03D22ABAF14B005E97AC /* FeedViewController+TestHelpers.swift in Sources */,
				D7A4CBD62A9B1D3A00216A94 /* FeedUIIntegrationTests.swift in Sources */,
				D73C03DA2ABAF32B005E97AC /* FeedViewController+Assertions.swift in Sources */,
				D7A4CBDF2A9B22CA00216A94 /* XCTestCase+MemoryLeakTracking.swift in Sources */,
				D73C03D42ABAF1AF005E97AC /* FeedImageCell+TestHelpers.swift in Sources */,
				D7D967052AC0942A00FBB1EF /* FeedViewControllerTests+Localization.swift in Sources */,
			);
			runOnlyForDeploymentPostprocessing = 0;
		};
/* End PBXSourcesBuildPhase section */

/* Begin PBXTargetDependency section */
		D77A3D8B2A1E2A5200BCF8D1 /* PBXTargetDependency */ = {
			isa = PBXTargetDependency;
			target = D7961CD229DEFD1D00B04BBE /* EssentialFeed */;
			targetProxy = D77A3D8A2A1E2A5200BCF8D1 /* PBXContainerItemProxy */;
		};
		D784D45B29EB29030074B789 /* PBXTargetDependency */ = {
			isa = PBXTargetDependency;
			target = D7961CD229DEFD1D00B04BBE /* EssentialFeed */;
			targetProxy = D784D45A29EB29030074B789 /* PBXContainerItemProxy */;
		};
		D7961CDE29DEFD1D00B04BBE /* PBXTargetDependency */ = {
			isa = PBXTargetDependency;
			target = D7961CD229DEFD1D00B04BBE /* EssentialFeed */;
			targetProxy = D7961CDD29DEFD1D00B04BBE /* PBXContainerItemProxy */;
		};
		D7A4CBC62A9A090800216A94 /* PBXTargetDependency */ = {
			isa = PBXTargetDependency;
			target = D7A4CBBB2A9A090700216A94 /* EssentialFeediOS */;
			targetProxy = D7A4CBC52A9A090800216A94 /* PBXContainerItemProxy */;
		};
		D7A4CBDD2A9B20B100216A94 /* PBXTargetDependency */ = {
			isa = PBXTargetDependency;
			target = D7961CD229DEFD1D00B04BBE /* EssentialFeed */;
			targetProxy = D7A4CBDC2A9B20B100216A94 /* PBXContainerItemProxy */;
		};
/* End PBXTargetDependency section */

/* Begin PBXVariantGroup section */
		D72FAD992AC613E900F69464 /* Feed.strings */ = {
			isa = PBXVariantGroup;
			children = (
				D72FAD982AC613E900F69464 /* en */,
				D72FAD9A2AC613ED00F69464 /* pt-BR */,
				D72FAD9B2AC613F100F69464 /* el */,
			);
			name = Feed.strings;
			sourceTree = "<group>";
		};
		D7D967092AC0950B00FBB1EF /* Feed.strings */ = {
			isa = PBXVariantGroup;
			children = (
				D7D967082AC0950B00FBB1EF /* en */,
				D7D9670A2AC0954500FBB1EF /* pt-BR */,
				D7D9670B2AC0957100FBB1EF /* el */,
			);
			name = Feed.strings;
			sourceTree = "<group>";
		};
/* End PBXVariantGroup section */

/* Begin XCBuildConfiguration section */
		D77A3D8D2A1E2A5200BCF8D1 /* Debug */ = {
			isa = XCBuildConfiguration;
			buildSettings = {
				CODE_SIGN_STYLE = Automatic;
				CURRENT_PROJECT_VERSION = 1;
				DEVELOPMENT_TEAM = 4K38C9LX86;
				GENERATE_INFOPLIST_FILE = YES;
				MACOSX_DEPLOYMENT_TARGET = 13.1;
				MARKETING_VERSION = 1.0;
				PRODUCT_BUNDLE_IDENTIFIER = alexsopilniak.EssentialFeedCacheIntegrationTests;
				PRODUCT_NAME = "$(TARGET_NAME)";
				SUPPORTED_PLATFORMS = "macosx iphoneos iphonesimulator";
				SWIFT_EMIT_LOC_STRINGS = NO;
				SWIFT_VERSION = 5.0;
			};
			name = Debug;
		};
		D77A3D8E2A1E2A5200BCF8D1 /* Release */ = {
			isa = XCBuildConfiguration;
			buildSettings = {
				CODE_SIGN_STYLE = Automatic;
				CURRENT_PROJECT_VERSION = 1;
				DEVELOPMENT_TEAM = 4K38C9LX86;
				GENERATE_INFOPLIST_FILE = YES;
				MACOSX_DEPLOYMENT_TARGET = 13.1;
				MARKETING_VERSION = 1.0;
				PRODUCT_BUNDLE_IDENTIFIER = alexsopilniak.EssentialFeedCacheIntegrationTests;
				PRODUCT_NAME = "$(TARGET_NAME)";
				SUPPORTED_PLATFORMS = "macosx iphoneos iphonesimulator";
				SWIFT_EMIT_LOC_STRINGS = NO;
				SWIFT_VERSION = 5.0;
			};
			name = Release;
		};
		D784D45D29EB29030074B789 /* Debug */ = {
			isa = XCBuildConfiguration;
			buildSettings = {
				CODE_SIGN_STYLE = Automatic;
				CURRENT_PROJECT_VERSION = 1;
				DEVELOPMENT_TEAM = 4K38C9LX86;
				GENERATE_INFOPLIST_FILE = YES;
				MACOSX_DEPLOYMENT_TARGET = 12.4;
				MARKETING_VERSION = 1.0;
				PRODUCT_BUNDLE_IDENTIFIER = alexsopilniak.EssentialFeedAPIEndToEndTests;
				PRODUCT_NAME = "$(TARGET_NAME)";
				SUPPORTED_PLATFORMS = "macosx iphoneos iphonesimulator";
				SWIFT_EMIT_LOC_STRINGS = NO;
				SWIFT_VERSION = 5.0;
			};
			name = Debug;
		};
		D784D45E29EB29030074B789 /* Release */ = {
			isa = XCBuildConfiguration;
			buildSettings = {
				CODE_SIGN_STYLE = Automatic;
				CURRENT_PROJECT_VERSION = 1;
				DEVELOPMENT_TEAM = 4K38C9LX86;
				GENERATE_INFOPLIST_FILE = YES;
				MACOSX_DEPLOYMENT_TARGET = 12.4;
				MARKETING_VERSION = 1.0;
				PRODUCT_BUNDLE_IDENTIFIER = alexsopilniak.EssentialFeedAPIEndToEndTests;
				PRODUCT_NAME = "$(TARGET_NAME)";
				SUPPORTED_PLATFORMS = "macosx iphoneos iphonesimulator";
				SWIFT_EMIT_LOC_STRINGS = NO;
				SWIFT_VERSION = 5.0;
			};
			name = Release;
		};
		D7961CE329DEFD1D00B04BBE /* Debug */ = {
			isa = XCBuildConfiguration;
			buildSettings = {
				ALWAYS_SEARCH_USER_PATHS = NO;
				CLANG_ANALYZER_LOCALIZABILITY_NONLOCALIZED = YES;
				CLANG_ANALYZER_NONNULL = YES;
				CLANG_ANALYZER_NUMBER_OBJECT_CONVERSION = YES_AGGRESSIVE;
				CLANG_CXX_LANGUAGE_STANDARD = "gnu++20";
				CLANG_ENABLE_MODULES = NO;
				CLANG_ENABLE_OBJC_ARC = YES;
				CLANG_ENABLE_OBJC_WEAK = YES;
				CLANG_WARN_BLOCK_CAPTURE_AUTORELEASING = YES;
				CLANG_WARN_BOOL_CONVERSION = YES;
				CLANG_WARN_COMMA = YES;
				CLANG_WARN_CONSTANT_CONVERSION = YES;
				CLANG_WARN_DEPRECATED_OBJC_IMPLEMENTATIONS = YES;
				CLANG_WARN_DIRECT_OBJC_ISA_USAGE = YES_ERROR;
				CLANG_WARN_DOCUMENTATION_COMMENTS = YES;
				CLANG_WARN_EMPTY_BODY = YES;
				CLANG_WARN_ENUM_CONVERSION = YES;
				CLANG_WARN_INFINITE_RECURSION = YES;
				CLANG_WARN_INT_CONVERSION = YES;
				CLANG_WARN_NON_LITERAL_NULL_CONVERSION = YES;
				CLANG_WARN_OBJC_IMPLICIT_RETAIN_SELF = YES;
				CLANG_WARN_OBJC_LITERAL_CONVERSION = YES;
				CLANG_WARN_OBJC_ROOT_CLASS = YES_ERROR;
				CLANG_WARN_QUOTED_INCLUDE_IN_FRAMEWORK_HEADER = YES;
				CLANG_WARN_RANGE_LOOP_ANALYSIS = YES;
				CLANG_WARN_STRICT_PROTOTYPES = YES;
				CLANG_WARN_SUSPICIOUS_MOVE = YES;
				CLANG_WARN_UNGUARDED_AVAILABILITY = YES_AGGRESSIVE;
				CLANG_WARN_UNREACHABLE_CODE = YES;
				CLANG_WARN__DUPLICATE_METHOD_MATCH = YES;
				COPY_PHASE_STRIP = NO;
				CURRENT_PROJECT_VERSION = 1;
				DEBUG_INFORMATION_FORMAT = dwarf;
				ENABLE_STRICT_OBJC_MSGSEND = YES;
				ENABLE_TESTABILITY = YES;
				GCC_C_LANGUAGE_STANDARD = gnu11;
				GCC_DYNAMIC_NO_PIC = NO;
				GCC_NO_COMMON_BLOCKS = YES;
				GCC_OPTIMIZATION_LEVEL = 0;
				GCC_PREPROCESSOR_DEFINITIONS = (
					"DEBUG=1",
					"$(inherited)",
				);
				GCC_WARN_64_TO_32_BIT_CONVERSION = YES;
				GCC_WARN_ABOUT_RETURN_TYPE = YES_ERROR;
				GCC_WARN_UNDECLARED_SELECTOR = YES;
				GCC_WARN_UNINITIALIZED_AUTOS = YES_AGGRESSIVE;
				GCC_WARN_UNUSED_FUNCTION = YES;
				GCC_WARN_UNUSED_VARIABLE = YES;
				MACOSX_DEPLOYMENT_TARGET = 13.2;
				MTL_ENABLE_DEBUG_INFO = INCLUDE_SOURCE;
				MTL_FAST_MATH = YES;
				ONLY_ACTIVE_ARCH = YES;
				SDKROOT = macosx;
				SWIFT_ACTIVE_COMPILATION_CONDITIONS = DEBUG;
				SWIFT_INSTALL_OBJC_HEADER = NO;
				SWIFT_OPTIMIZATION_LEVEL = "-Onone";
				VERSIONING_SYSTEM = "apple-generic";
				VERSION_INFO_PREFIX = "";
			};
			name = Debug;
		};
		D7961CE429DEFD1D00B04BBE /* Release */ = {
			isa = XCBuildConfiguration;
			buildSettings = {
				ALWAYS_SEARCH_USER_PATHS = NO;
				CLANG_ANALYZER_LOCALIZABILITY_NONLOCALIZED = YES;
				CLANG_ANALYZER_NONNULL = YES;
				CLANG_ANALYZER_NUMBER_OBJECT_CONVERSION = YES_AGGRESSIVE;
				CLANG_CXX_LANGUAGE_STANDARD = "gnu++20";
				CLANG_ENABLE_MODULES = NO;
				CLANG_ENABLE_OBJC_ARC = YES;
				CLANG_ENABLE_OBJC_WEAK = YES;
				CLANG_WARN_BLOCK_CAPTURE_AUTORELEASING = YES;
				CLANG_WARN_BOOL_CONVERSION = YES;
				CLANG_WARN_COMMA = YES;
				CLANG_WARN_CONSTANT_CONVERSION = YES;
				CLANG_WARN_DEPRECATED_OBJC_IMPLEMENTATIONS = YES;
				CLANG_WARN_DIRECT_OBJC_ISA_USAGE = YES_ERROR;
				CLANG_WARN_DOCUMENTATION_COMMENTS = YES;
				CLANG_WARN_EMPTY_BODY = YES;
				CLANG_WARN_ENUM_CONVERSION = YES;
				CLANG_WARN_INFINITE_RECURSION = YES;
				CLANG_WARN_INT_CONVERSION = YES;
				CLANG_WARN_NON_LITERAL_NULL_CONVERSION = YES;
				CLANG_WARN_OBJC_IMPLICIT_RETAIN_SELF = YES;
				CLANG_WARN_OBJC_LITERAL_CONVERSION = YES;
				CLANG_WARN_OBJC_ROOT_CLASS = YES_ERROR;
				CLANG_WARN_QUOTED_INCLUDE_IN_FRAMEWORK_HEADER = YES;
				CLANG_WARN_RANGE_LOOP_ANALYSIS = YES;
				CLANG_WARN_STRICT_PROTOTYPES = YES;
				CLANG_WARN_SUSPICIOUS_MOVE = YES;
				CLANG_WARN_UNGUARDED_AVAILABILITY = YES_AGGRESSIVE;
				CLANG_WARN_UNREACHABLE_CODE = YES;
				CLANG_WARN__DUPLICATE_METHOD_MATCH = YES;
				COPY_PHASE_STRIP = NO;
				CURRENT_PROJECT_VERSION = 1;
				DEBUG_INFORMATION_FORMAT = "dwarf-with-dsym";
				ENABLE_NS_ASSERTIONS = NO;
				ENABLE_STRICT_OBJC_MSGSEND = YES;
				GCC_C_LANGUAGE_STANDARD = gnu11;
				GCC_NO_COMMON_BLOCKS = YES;
				GCC_WARN_64_TO_32_BIT_CONVERSION = YES;
				GCC_WARN_ABOUT_RETURN_TYPE = YES_ERROR;
				GCC_WARN_UNDECLARED_SELECTOR = YES;
				GCC_WARN_UNINITIALIZED_AUTOS = YES_AGGRESSIVE;
				GCC_WARN_UNUSED_FUNCTION = YES;
				GCC_WARN_UNUSED_VARIABLE = YES;
				MACOSX_DEPLOYMENT_TARGET = 13.2;
				MTL_ENABLE_DEBUG_INFO = NO;
				MTL_FAST_MATH = YES;
				SDKROOT = macosx;
				SWIFT_COMPILATION_MODE = wholemodule;
				SWIFT_INSTALL_OBJC_HEADER = NO;
				SWIFT_OPTIMIZATION_LEVEL = "-O";
				VERSIONING_SYSTEM = "apple-generic";
				VERSION_INFO_PREFIX = "";
			};
			name = Release;
		};
		D7961CE629DEFD1D00B04BBE /* Debug */ = {
			isa = XCBuildConfiguration;
			buildSettings = {
				CLANG_ENABLE_MODULES = YES;
				CODE_SIGN_STYLE = Automatic;
				COMBINE_HIDPI_IMAGES = YES;
				CURRENT_PROJECT_VERSION = 1;
				DEFINES_MODULE = YES;
				DEVELOPMENT_TEAM = 4K38C9LX86;
				DYLIB_COMPATIBILITY_VERSION = 1;
				DYLIB_CURRENT_VERSION = 1;
				DYLIB_INSTALL_NAME_BASE = "@rpath";
				ENABLE_MODULE_VERIFIER = YES;
				GENERATE_INFOPLIST_FILE = YES;
				INFOPLIST_KEY_NSHumanReadableCopyright = "";
				INSTALL_PATH = "$(LOCAL_LIBRARY_DIR)/Frameworks";
				LD_RUNPATH_SEARCH_PATHS = (
					"$(inherited)",
					"@executable_path/../Frameworks",
					"@loader_path/Frameworks",
				);
				MACOSX_DEPLOYMENT_TARGET = 12.4;
				MARKETING_VERSION = 1.0;
				MODULE_VERIFIER_SUPPORTED_LANGUAGES = "objective-c objective-c++";
				MODULE_VERIFIER_SUPPORTED_LANGUAGE_STANDARDS = "gnu11 gnu++20";
				PRODUCT_BUNDLE_IDENTIFIER = alexsopilniak.EssentialFeed;
				PRODUCT_NAME = "$(TARGET_NAME:c99extidentifier)";
				SKIP_INSTALL = YES;
				SUPPORTED_PLATFORMS = "macosx iphonesimulator iphoneos";
				SWIFT_EMIT_LOC_STRINGS = YES;
				SWIFT_OBJC_INTERFACE_HEADER_NAME = "";
				SWIFT_OPTIMIZATION_LEVEL = "-Onone";
				SWIFT_PRECOMPILE_BRIDGING_HEADER = NO;
				SWIFT_VERSION = 5.0;
			};
			name = Debug;
		};
		D7961CE729DEFD1D00B04BBE /* Release */ = {
			isa = XCBuildConfiguration;
			buildSettings = {
				CLANG_ENABLE_MODULES = YES;
				CODE_SIGN_STYLE = Automatic;
				COMBINE_HIDPI_IMAGES = YES;
				CURRENT_PROJECT_VERSION = 1;
				DEFINES_MODULE = YES;
				DEVELOPMENT_TEAM = 4K38C9LX86;
				DYLIB_COMPATIBILITY_VERSION = 1;
				DYLIB_CURRENT_VERSION = 1;
				DYLIB_INSTALL_NAME_BASE = "@rpath";
				ENABLE_MODULE_VERIFIER = YES;
				GENERATE_INFOPLIST_FILE = YES;
				INFOPLIST_KEY_NSHumanReadableCopyright = "";
				INSTALL_PATH = "$(LOCAL_LIBRARY_DIR)/Frameworks";
				LD_RUNPATH_SEARCH_PATHS = (
					"$(inherited)",
					"@executable_path/../Frameworks",
					"@loader_path/Frameworks",
				);
				MACOSX_DEPLOYMENT_TARGET = 12.4;
				MARKETING_VERSION = 1.0;
				MODULE_VERIFIER_SUPPORTED_LANGUAGES = "objective-c objective-c++";
				MODULE_VERIFIER_SUPPORTED_LANGUAGE_STANDARDS = "gnu11 gnu++20";
				PRODUCT_BUNDLE_IDENTIFIER = alexsopilniak.EssentialFeed;
				PRODUCT_NAME = "$(TARGET_NAME:c99extidentifier)";
				SKIP_INSTALL = YES;
				SUPPORTED_PLATFORMS = "macosx iphonesimulator iphoneos";
				SWIFT_EMIT_LOC_STRINGS = YES;
				SWIFT_OBJC_INTERFACE_HEADER_NAME = "";
				SWIFT_PRECOMPILE_BRIDGING_HEADER = NO;
				SWIFT_VERSION = 5.0;
			};
			name = Release;
		};
		D7961CE929DEFD1D00B04BBE /* Debug */ = {
			isa = XCBuildConfiguration;
			buildSettings = {
				ALWAYS_EMBED_SWIFT_STANDARD_LIBRARIES = YES;
				CODE_SIGN_STYLE = Automatic;
				CURRENT_PROJECT_VERSION = 1;
				DEVELOPMENT_TEAM = 4K38C9LX86;
				GENERATE_INFOPLIST_FILE = YES;
				MACOSX_DEPLOYMENT_TARGET = 12.4;
				MARKETING_VERSION = 1.0;
				PRODUCT_BUNDLE_IDENTIFIER = alexsopilniak.EssentialFeedTests;
				PRODUCT_NAME = "$(TARGET_NAME)";
				SUPPORTED_PLATFORMS = "macosx iphonesimulator iphoneos";
				SWIFT_EMIT_LOC_STRINGS = NO;
				SWIFT_VERSION = 5.0;
			};
			name = Debug;
		};
		D7961CEA29DEFD1D00B04BBE /* Release */ = {
			isa = XCBuildConfiguration;
			buildSettings = {
				ALWAYS_EMBED_SWIFT_STANDARD_LIBRARIES = YES;
				CODE_SIGN_STYLE = Automatic;
				CURRENT_PROJECT_VERSION = 1;
				DEVELOPMENT_TEAM = 4K38C9LX86;
				GENERATE_INFOPLIST_FILE = YES;
				MACOSX_DEPLOYMENT_TARGET = 12.4;
				MARKETING_VERSION = 1.0;
				PRODUCT_BUNDLE_IDENTIFIER = alexsopilniak.EssentialFeedTests;
				PRODUCT_NAME = "$(TARGET_NAME)";
				SUPPORTED_PLATFORMS = "macosx iphonesimulator iphoneos";
				SWIFT_EMIT_LOC_STRINGS = NO;
				SWIFT_VERSION = 5.0;
			};
			name = Release;
		};
		D7A4CBCB2A9A090800216A94 /* Debug */ = {
			isa = XCBuildConfiguration;
			buildSettings = {
				CLANG_ENABLE_MODULES = YES;
				CODE_SIGN_STYLE = Automatic;
				CURRENT_PROJECT_VERSION = 1;
				DEFINES_MODULE = YES;
				DEVELOPMENT_TEAM = 4K38C9LX86;
				DYLIB_COMPATIBILITY_VERSION = 1;
				DYLIB_CURRENT_VERSION = 1;
				DYLIB_INSTALL_NAME_BASE = "@rpath";
				ENABLE_MODULE_VERIFIER = YES;
				GENERATE_INFOPLIST_FILE = YES;
				INFOPLIST_KEY_NSHumanReadableCopyright = "";
				INSTALL_PATH = "$(LOCAL_LIBRARY_DIR)/Frameworks";
				IPHONEOS_DEPLOYMENT_TARGET = 16.4;
				LD_RUNPATH_SEARCH_PATHS = (
					"$(inherited)",
					"@executable_path/Frameworks",
					"@loader_path/Frameworks",
				);
				MARKETING_VERSION = 1.0;
				MODULE_VERIFIER_SUPPORTED_LANGUAGES = "objective-c objective-c++";
				MODULE_VERIFIER_SUPPORTED_LANGUAGE_STANDARDS = "gnu11 gnu++20";
				PRODUCT_BUNDLE_IDENTIFIER = alexsopilniak.EssentialFeediOS;
				PRODUCT_NAME = "$(TARGET_NAME:c99extidentifier)";
				SDKROOT = iphoneos;
				SKIP_INSTALL = YES;
				SUPPORTED_PLATFORMS = "iphoneos iphonesimulator";
				SUPPORTS_MACCATALYST = NO;
				SUPPORTS_MAC_DESIGNED_FOR_IPHONE_IPAD = NO;
				SWIFT_EMIT_LOC_STRINGS = YES;
				SWIFT_OPTIMIZATION_LEVEL = "-Onone";
				SWIFT_VERSION = 5.0;
				TARGETED_DEVICE_FAMILY = "1,2";
			};
			name = Debug;
		};
		D7A4CBCC2A9A090800216A94 /* Release */ = {
			isa = XCBuildConfiguration;
			buildSettings = {
				CLANG_ENABLE_MODULES = YES;
				CODE_SIGN_STYLE = Automatic;
				CURRENT_PROJECT_VERSION = 1;
				DEFINES_MODULE = YES;
				DEVELOPMENT_TEAM = 4K38C9LX86;
				DYLIB_COMPATIBILITY_VERSION = 1;
				DYLIB_CURRENT_VERSION = 1;
				DYLIB_INSTALL_NAME_BASE = "@rpath";
				ENABLE_MODULE_VERIFIER = YES;
				GENERATE_INFOPLIST_FILE = YES;
				INFOPLIST_KEY_NSHumanReadableCopyright = "";
				INSTALL_PATH = "$(LOCAL_LIBRARY_DIR)/Frameworks";
				IPHONEOS_DEPLOYMENT_TARGET = 16.4;
				LD_RUNPATH_SEARCH_PATHS = (
					"$(inherited)",
					"@executable_path/Frameworks",
					"@loader_path/Frameworks",
				);
				MARKETING_VERSION = 1.0;
				MODULE_VERIFIER_SUPPORTED_LANGUAGES = "objective-c objective-c++";
				MODULE_VERIFIER_SUPPORTED_LANGUAGE_STANDARDS = "gnu11 gnu++20";
				PRODUCT_BUNDLE_IDENTIFIER = alexsopilniak.EssentialFeediOS;
				PRODUCT_NAME = "$(TARGET_NAME:c99extidentifier)";
				SDKROOT = iphoneos;
				SKIP_INSTALL = YES;
				SUPPORTED_PLATFORMS = "iphoneos iphonesimulator";
				SUPPORTS_MACCATALYST = NO;
				SUPPORTS_MAC_DESIGNED_FOR_IPHONE_IPAD = NO;
				SWIFT_EMIT_LOC_STRINGS = YES;
				SWIFT_VERSION = 5.0;
				TARGETED_DEVICE_FAMILY = "1,2";
				VALIDATE_PRODUCT = YES;
			};
			name = Release;
		};
		D7A4CBCD2A9A090800216A94 /* Debug */ = {
			isa = XCBuildConfiguration;
			buildSettings = {
				ALWAYS_EMBED_SWIFT_STANDARD_LIBRARIES = YES;
				CLANG_ENABLE_MODULES = YES;
				CODE_SIGN_STYLE = Automatic;
				CURRENT_PROJECT_VERSION = 1;
				DEVELOPMENT_TEAM = 4K38C9LX86;
				GENERATE_INFOPLIST_FILE = YES;
				IPHONEOS_DEPLOYMENT_TARGET = 16.4;
				MARKETING_VERSION = 1.0;
				PRODUCT_BUNDLE_IDENTIFIER = alexsopilniak.EssentialFeediOSTests;
				PRODUCT_NAME = "$(TARGET_NAME)";
				SDKROOT = iphoneos;
				SWIFT_EMIT_LOC_STRINGS = NO;
				SWIFT_OBJC_INTERFACE_HEADER_NAME = "";
				SWIFT_OPTIMIZATION_LEVEL = "-Onone";
				SWIFT_PRECOMPILE_BRIDGING_HEADER = NO;
				SWIFT_VERSION = 5.0;
				TARGETED_DEVICE_FAMILY = "1,2";
			};
			name = Debug;
		};
		D7A4CBCE2A9A090800216A94 /* Release */ = {
			isa = XCBuildConfiguration;
			buildSettings = {
				ALWAYS_EMBED_SWIFT_STANDARD_LIBRARIES = YES;
				CLANG_ENABLE_MODULES = YES;
				CODE_SIGN_STYLE = Automatic;
				CURRENT_PROJECT_VERSION = 1;
				DEVELOPMENT_TEAM = 4K38C9LX86;
				GENERATE_INFOPLIST_FILE = YES;
				IPHONEOS_DEPLOYMENT_TARGET = 16.4;
				MARKETING_VERSION = 1.0;
				PRODUCT_BUNDLE_IDENTIFIER = alexsopilniak.EssentialFeediOSTests;
				PRODUCT_NAME = "$(TARGET_NAME)";
				SDKROOT = iphoneos;
				SWIFT_EMIT_LOC_STRINGS = NO;
				SWIFT_OBJC_INTERFACE_HEADER_NAME = "";
				SWIFT_PRECOMPILE_BRIDGING_HEADER = NO;
				SWIFT_VERSION = 5.0;
				TARGETED_DEVICE_FAMILY = "1,2";
				VALIDATE_PRODUCT = YES;
			};
			name = Release;
		};
/* End XCBuildConfiguration section */

/* Begin XCConfigurationList section */
		D77A3D8C2A1E2A5200BCF8D1 /* Build configuration list for PBXNativeTarget "EssentialFeedCacheIntegrationTests" */ = {
			isa = XCConfigurationList;
			buildConfigurations = (
				D77A3D8D2A1E2A5200BCF8D1 /* Debug */,
				D77A3D8E2A1E2A5200BCF8D1 /* Release */,
			);
			defaultConfigurationIsVisible = 0;
			defaultConfigurationName = Release;
		};
		D784D45C29EB29030074B789 /* Build configuration list for PBXNativeTarget "EssentialFeedAPIEndToEndTests" */ = {
			isa = XCConfigurationList;
			buildConfigurations = (
				D784D45D29EB29030074B789 /* Debug */,
				D784D45E29EB29030074B789 /* Release */,
			);
			defaultConfigurationIsVisible = 0;
			defaultConfigurationName = Release;
		};
		D7961CCD29DEFD1D00B04BBE /* Build configuration list for PBXProject "EssentialFeed" */ = {
			isa = XCConfigurationList;
			buildConfigurations = (
				D7961CE329DEFD1D00B04BBE /* Debug */,
				D7961CE429DEFD1D00B04BBE /* Release */,
			);
			defaultConfigurationIsVisible = 0;
			defaultConfigurationName = Release;
		};
		D7961CE529DEFD1D00B04BBE /* Build configuration list for PBXNativeTarget "EssentialFeed" */ = {
			isa = XCConfigurationList;
			buildConfigurations = (
				D7961CE629DEFD1D00B04BBE /* Debug */,
				D7961CE729DEFD1D00B04BBE /* Release */,
			);
			defaultConfigurationIsVisible = 0;
			defaultConfigurationName = Release;
		};
		D7961CE829DEFD1D00B04BBE /* Build configuration list for PBXNativeTarget "EssentialFeedTests" */ = {
			isa = XCConfigurationList;
			buildConfigurations = (
				D7961CE929DEFD1D00B04BBE /* Debug */,
				D7961CEA29DEFD1D00B04BBE /* Release */,
			);
			defaultConfigurationIsVisible = 0;
			defaultConfigurationName = Release;
		};
		D7A4CBCF2A9A090800216A94 /* Build configuration list for PBXNativeTarget "EssentialFeediOS" */ = {
			isa = XCConfigurationList;
			buildConfigurations = (
				D7A4CBCB2A9A090800216A94 /* Debug */,
				D7A4CBCC2A9A090800216A94 /* Release */,
			);
			defaultConfigurationIsVisible = 0;
			defaultConfigurationName = Release;
		};
		D7A4CBD02A9A090800216A94 /* Build configuration list for PBXNativeTarget "EssentialFeediOSTests" */ = {
			isa = XCConfigurationList;
			buildConfigurations = (
				D7A4CBCD2A9A090800216A94 /* Debug */,
				D7A4CBCE2A9A090800216A94 /* Release */,
			);
			defaultConfigurationIsVisible = 0;
			defaultConfigurationName = Release;
		};
/* End XCConfigurationList section */

/* Begin XCVersionGroup section */
		D77A3D662A1E1E7F00BCF8D1 /* FeedStore.xcdatamodeld */ = {
			isa = XCVersionGroup;
			children = (
				D77A3D672A1E1E7F00BCF8D1 /* FeedStore.xcdatamodel */,
			);
			currentVersion = D77A3D672A1E1E7F00BCF8D1 /* FeedStore.xcdatamodel */;
			path = FeedStore.xcdatamodeld;
			sourceTree = "<group>";
			versionGroupType = wrapper.xcdatamodel;
		};
/* End XCVersionGroup section */
	};
	rootObject = D7961CCA29DEFD1D00B04BBE /* Project object */;
}
