// !$*UTF8*$!
{
	archiveVersion = 1;
	classes = {
	};
	objectVersion = 56;
	objects = {

/* Begin PBXBuildFile section */
		D786D0E52ACDEE1A003E23C4 /* AppDelegate.swift in Sources */ = {isa = PBXBuildFile; fileRef = D786D0E42ACDEE1A003E23C4 /* AppDelegate.swift */; };
		D786D0E72ACDEE1A003E23C4 /* SceneDelegate.swift in Sources */ = {isa = PBXBuildFile; fileRef = D786D0E62ACDEE1A003E23C4 /* SceneDelegate.swift */; };
		D786D0E92ACDEE1A003E23C4 /* ViewController.swift in Sources */ = {isa = PBXBuildFile; fileRef = D786D0E82ACDEE1A003E23C4 /* ViewController.swift */; };
		D786D0EC2ACDEE1A003E23C4 /* Main.storyboard in Resources */ = {isa = PBXBuildFile; fileRef = D786D0EA2ACDEE1A003E23C4 /* Main.storyboard */; };
		D786D0EE2ACDEE1B003E23C4 /* Assets.xcassets in Resources */ = {isa = PBXBuildFile; fileRef = D786D0ED2ACDEE1B003E23C4 /* Assets.xcassets */; };
		D786D0F12ACDEE1B003E23C4 /* LaunchScreen.storyboard in Resources */ = {isa = PBXBuildFile; fileRef = D786D0EF2ACDEE1B003E23C4 /* LaunchScreen.storyboard */; };
		D786D0FC2ACDEE1B003E23C4 /* FeedLoaderWithFallbackCompositeTests.swift in Sources */ = {isa = PBXBuildFile; fileRef = D786D0FB2ACDEE1B003E23C4 /* FeedLoaderWithFallbackCompositeTests.swift */; };
		D786D12E2ACDF13B003E23C4 /* EssentialFeed.framework in Frameworks */ = {isa = PBXBuildFile; fileRef = D786D12D2ACDF13B003E23C4 /* EssentialFeed.framework */; };
		D786D12F2ACDF13B003E23C4 /* EssentialFeed.framework in Embed Frameworks */ = {isa = PBXBuildFile; fileRef = D786D12D2ACDF13B003E23C4 /* EssentialFeed.framework */; settings = {ATTRIBUTES = (CodeSignOnCopy, RemoveHeadersOnCopy, ); }; };
		D786D1322ACDF13E003E23C4 /* EssentialFeediOS.framework in Frameworks */ = {isa = PBXBuildFile; fileRef = D786D1312ACDF13E003E23C4 /* EssentialFeediOS.framework */; };
		D786D1332ACDF13E003E23C4 /* EssentialFeediOS.framework in Embed Frameworks */ = {isa = PBXBuildFile; fileRef = D786D1312ACDF13E003E23C4 /* EssentialFeediOS.framework */; settings = {ATTRIBUTES = (CodeSignOnCopy, RemoveHeadersOnCopy, ); }; };
		D786D1372ACDFE4D003E23C4 /* FeedLoaderWithFallbackComposite.swift in Sources */ = {isa = PBXBuildFile; fileRef = D786D1362ACDFE4D003E23C4 /* FeedLoaderWithFallbackComposite.swift */; };
		D786D1392ACDFF0E003E23C4 /* FeedImageDataLoaderWithFallbackCompositeTests.swift in Sources */ = {isa = PBXBuildFile; fileRef = D786D1382ACDFF0E003E23C4 /* FeedImageDataLoaderWithFallbackCompositeTests.swift */; };
/* End PBXBuildFile section */

/* Begin PBXContainerItemProxy section */
		D786D0F82ACDEE1B003E23C4 /* PBXContainerItemProxy */ = {
			isa = PBXContainerItemProxy;
			containerPortal = D786D0D92ACDEE1A003E23C4 /* Project object */;
			proxyType = 1;
			remoteGlobalIDString = D786D0E02ACDEE1A003E23C4;
			remoteInfo = EssentialApp;
		};
		D786D1022ACDEE1B003E23C4 /* PBXContainerItemProxy */ = {
			isa = PBXContainerItemProxy;
			containerPortal = D786D0D92ACDEE1A003E23C4 /* Project object */;
			proxyType = 1;
			remoteGlobalIDString = D786D0E02ACDEE1A003E23C4;
			remoteInfo = EssentialApp;
		};
/* End PBXContainerItemProxy section */

/* Begin PBXCopyFilesBuildPhase section */
		D786D1302ACDF13B003E23C4 /* Embed Frameworks */ = {
			isa = PBXCopyFilesBuildPhase;
			buildActionMask = 2147483647;
			dstPath = "";
			dstSubfolderSpec = 10;
			files = (
				D786D12F2ACDF13B003E23C4 /* EssentialFeed.framework in Embed Frameworks */,
				D786D1332ACDF13E003E23C4 /* EssentialFeediOS.framework in Embed Frameworks */,
			);
			name = "Embed Frameworks";
			runOnlyForDeploymentPostprocessing = 0;
		};
/* End PBXCopyFilesBuildPhase section */

/* Begin PBXFileReference section */
		D786D0E12ACDEE1A003E23C4 /* EssentialApp.app */ = {isa = PBXFileReference; explicitFileType = wrapper.application; includeInIndex = 0; path = EssentialApp.app; sourceTree = BUILT_PRODUCTS_DIR; };
		D786D0E42ACDEE1A003E23C4 /* AppDelegate.swift */ = {isa = PBXFileReference; lastKnownFileType = sourcecode.swift; path = AppDelegate.swift; sourceTree = "<group>"; };
		D786D0E62ACDEE1A003E23C4 /* SceneDelegate.swift */ = {isa = PBXFileReference; lastKnownFileType = sourcecode.swift; path = SceneDelegate.swift; sourceTree = "<group>"; };
		D786D0E82ACDEE1A003E23C4 /* ViewController.swift */ = {isa = PBXFileReference; lastKnownFileType = sourcecode.swift; path = ViewController.swift; sourceTree = "<group>"; };
		D786D0EB2ACDEE1A003E23C4 /* Base */ = {isa = PBXFileReference; lastKnownFileType = file.storyboard; name = Base; path = Base.lproj/Main.storyboard; sourceTree = "<group>"; };
		D786D0ED2ACDEE1B003E23C4 /* Assets.xcassets */ = {isa = PBXFileReference; lastKnownFileType = folder.assetcatalog; path = Assets.xcassets; sourceTree = "<group>"; };
		D786D0F02ACDEE1B003E23C4 /* Base */ = {isa = PBXFileReference; lastKnownFileType = file.storyboard; name = Base; path = Base.lproj/LaunchScreen.storyboard; sourceTree = "<group>"; };
		D786D0F22ACDEE1B003E23C4 /* Info.plist */ = {isa = PBXFileReference; lastKnownFileType = text.plist.xml; path = Info.plist; sourceTree = "<group>"; };
		D786D0F72ACDEE1B003E23C4 /* EssentialAppTests.xctest */ = {isa = PBXFileReference; explicitFileType = wrapper.cfbundle; includeInIndex = 0; path = EssentialAppTests.xctest; sourceTree = BUILT_PRODUCTS_DIR; };
		D786D0FB2ACDEE1B003E23C4 /* FeedLoaderWithFallbackCompositeTests.swift */ = {isa = PBXFileReference; lastKnownFileType = sourcecode.swift; path = FeedLoaderWithFallbackCompositeTests.swift; sourceTree = "<group>"; };
		D786D1012ACDEE1B003E23C4 /* EssentialAppUITests.xctest */ = {isa = PBXFileReference; explicitFileType = wrapper.cfbundle; includeInIndex = 0; path = EssentialAppUITests.xctest; sourceTree = BUILT_PRODUCTS_DIR; };
		D786D12D2ACDF13B003E23C4 /* EssentialFeed.framework */ = {isa = PBXFileReference; explicitFileType = wrapper.framework; path = EssentialFeed.framework; sourceTree = BUILT_PRODUCTS_DIR; };
		D786D1312ACDF13E003E23C4 /* EssentialFeediOS.framework */ = {isa = PBXFileReference; explicitFileType = wrapper.framework; path = EssentialFeediOS.framework; sourceTree = BUILT_PRODUCTS_DIR; };
		D786D1362ACDFE4D003E23C4 /* FeedLoaderWithFallbackComposite.swift */ = {isa = PBXFileReference; lastKnownFileType = sourcecode.swift; path = FeedLoaderWithFallbackComposite.swift; sourceTree = "<group>"; };
		D786D1382ACDFF0E003E23C4 /* FeedImageDataLoaderWithFallbackCompositeTests.swift */ = {isa = PBXFileReference; lastKnownFileType = sourcecode.swift; path = FeedImageDataLoaderWithFallbackCompositeTests.swift; sourceTree = "<group>"; };
/* End PBXFileReference section */

/* Begin PBXFrameworksBuildPhase section */
		D786D0DE2ACDEE1A003E23C4 /* Frameworks */ = {
			isa = PBXFrameworksBuildPhase;
			buildActionMask = 2147483647;
			files = (
				D786D12E2ACDF13B003E23C4 /* EssentialFeed.framework in Frameworks */,
				D786D1322ACDF13E003E23C4 /* EssentialFeediOS.framework in Frameworks */,
			);
			runOnlyForDeploymentPostprocessing = 0;
		};
		D786D0F42ACDEE1B003E23C4 /* Frameworks */ = {
			isa = PBXFrameworksBuildPhase;
			buildActionMask = 2147483647;
			files = (
			);
			runOnlyForDeploymentPostprocessing = 0;
		};
		D786D0FE2ACDEE1B003E23C4 /* Frameworks */ = {
			isa = PBXFrameworksBuildPhase;
			buildActionMask = 2147483647;
			files = (
			);
			runOnlyForDeploymentPostprocessing = 0;
		};
/* End PBXFrameworksBuildPhase section */

/* Begin PBXGroup section */
		D786D0D82ACDEE1A003E23C4 = {
			isa = PBXGroup;
			children = (
				D786D0E32ACDEE1A003E23C4 /* EssentialApp */,
				D786D0FA2ACDEE1B003E23C4 /* EssentialAppTests */,
				D786D0E22ACDEE1A003E23C4 /* Products */,
				D786D12C2ACDF13B003E23C4 /* Frameworks */,
			);
			sourceTree = "<group>";
		};
		D786D0E22ACDEE1A003E23C4 /* Products */ = {
			isa = PBXGroup;
			children = (
				D786D0E12ACDEE1A003E23C4 /* EssentialApp.app */,
				D786D0F72ACDEE1B003E23C4 /* EssentialAppTests.xctest */,
				D786D1012ACDEE1B003E23C4 /* EssentialAppUITests.xctest */,
			);
			name = Products;
			sourceTree = "<group>";
		};
		D786D0E32ACDEE1A003E23C4 /* EssentialApp */ = {
			isa = PBXGroup;
			children = (
				D786D0E42ACDEE1A003E23C4 /* AppDelegate.swift */,
				D786D0E62ACDEE1A003E23C4 /* SceneDelegate.swift */,
				D786D0E82ACDEE1A003E23C4 /* ViewController.swift */,
				D786D0EA2ACDEE1A003E23C4 /* Main.storyboard */,
				D786D0ED2ACDEE1B003E23C4 /* Assets.xcassets */,
				D786D0EF2ACDEE1B003E23C4 /* LaunchScreen.storyboard */,
				D786D0F22ACDEE1B003E23C4 /* Info.plist */,
				D786D1362ACDFE4D003E23C4 /* FeedLoaderWithFallbackComposite.swift */,
			);
			path = EssentialApp;
			sourceTree = "<group>";
		};
		D786D0FA2ACDEE1B003E23C4 /* EssentialAppTests */ = {
			isa = PBXGroup;
			children = (
				D786D0FB2ACDEE1B003E23C4 /* FeedLoaderWithFallbackCompositeTests.swift */,
				D786D1382ACDFF0E003E23C4 /* FeedImageDataLoaderWithFallbackCompositeTests.swift */,
			);
			path = EssentialAppTests;
			sourceTree = "<group>";
		};
		D786D12C2ACDF13B003E23C4 /* Frameworks */ = {
			isa = PBXGroup;
			children = (
				D786D1312ACDF13E003E23C4 /* EssentialFeediOS.framework */,
				D786D12D2ACDF13B003E23C4 /* EssentialFeed.framework */,
			);
			name = Frameworks;
			sourceTree = "<group>";
		};
/* End PBXGroup section */

/* Begin PBXNativeTarget section */
		D786D0E02ACDEE1A003E23C4 /* EssentialApp */ = {
			isa = PBXNativeTarget;
			buildConfigurationList = D786D10B2ACDEE1B003E23C4 /* Build configuration list for PBXNativeTarget "EssentialApp" */;
			buildPhases = (
				D786D0DD2ACDEE1A003E23C4 /* Sources */,
				D786D0DE2ACDEE1A003E23C4 /* Frameworks */,
				D786D0DF2ACDEE1A003E23C4 /* Resources */,
				D786D1302ACDF13B003E23C4 /* Embed Frameworks */,
			);
			buildRules = (
			);
			dependencies = (
			);
			name = EssentialApp;
			productName = EssentialApp;
			productReference = D786D0E12ACDEE1A003E23C4 /* EssentialApp.app */;
			productType = "com.apple.product-type.application";
		};
		D786D0F62ACDEE1B003E23C4 /* EssentialAppTests */ = {
			isa = PBXNativeTarget;
			buildConfigurationList = D786D10E2ACDEE1B003E23C4 /* Build configuration list for PBXNativeTarget "EssentialAppTests" */;
			buildPhases = (
				D786D0F32ACDEE1B003E23C4 /* Sources */,
				D786D0F42ACDEE1B003E23C4 /* Frameworks */,
				D786D0F52ACDEE1B003E23C4 /* Resources */,
			);
			buildRules = (
			);
			dependencies = (
				D786D0F92ACDEE1B003E23C4 /* PBXTargetDependency */,
			);
			name = EssentialAppTests;
			productName = EssentialAppTests;
			productReference = D786D0F72ACDEE1B003E23C4 /* EssentialAppTests.xctest */;
			productType = "com.apple.product-type.bundle.unit-test";
		};
		D786D1002ACDEE1B003E23C4 /* EssentialAppUITests */ = {
			isa = PBXNativeTarget;
			buildConfigurationList = D786D1112ACDEE1B003E23C4 /* Build configuration list for PBXNativeTarget "EssentialAppUITests" */;
			buildPhases = (
				D786D0FD2ACDEE1B003E23C4 /* Sources */,
				D786D0FE2ACDEE1B003E23C4 /* Frameworks */,
				D786D0FF2ACDEE1B003E23C4 /* Resources */,
			);
			buildRules = (
			);
			dependencies = (
				D786D1032ACDEE1B003E23C4 /* PBXTargetDependency */,
			);
			name = EssentialAppUITests;
			productName = EssentialAppUITests;
			productReference = D786D1012ACDEE1B003E23C4 /* EssentialAppUITests.xctest */;
			productType = "com.apple.product-type.bundle.ui-testing";
		};
/* End PBXNativeTarget section */

/* Begin PBXProject section */
		D786D0D92ACDEE1A003E23C4 /* Project object */ = {
			isa = PBXProject;
			attributes = {
				BuildIndependentTargetsInParallel = 1;
				LastSwiftUpdateCheck = 1430;
				LastUpgradeCheck = 1430;
				TargetAttributes = {
					D786D0E02ACDEE1A003E23C4 = {
						CreatedOnToolsVersion = 14.3.1;
					};
					D786D0F62ACDEE1B003E23C4 = {
						CreatedOnToolsVersion = 14.3.1;
						TestTargetID = D786D0E02ACDEE1A003E23C4;
					};
					D786D1002ACDEE1B003E23C4 = {
						CreatedOnToolsVersion = 14.3.1;
						TestTargetID = D786D0E02ACDEE1A003E23C4;
					};
				};
			};
			buildConfigurationList = D786D0DC2ACDEE1A003E23C4 /* Build configuration list for PBXProject "EssentialApp" */;
			compatibilityVersion = "Xcode 14.0";
			developmentRegion = en;
			hasScannedForEncodings = 0;
			knownRegions = (
				en,
				Base,
			);
			mainGroup = D786D0D82ACDEE1A003E23C4;
			productRefGroup = D786D0E22ACDEE1A003E23C4 /* Products */;
			projectDirPath = "";
			projectRoot = "";
			targets = (
				D786D0E02ACDEE1A003E23C4 /* EssentialApp */,
				D786D0F62ACDEE1B003E23C4 /* EssentialAppTests */,
				D786D1002ACDEE1B003E23C4 /* EssentialAppUITests */,
			);
		};
/* End PBXProject section */

/* Begin PBXResourcesBuildPhase section */
		D786D0DF2ACDEE1A003E23C4 /* Resources */ = {
			isa = PBXResourcesBuildPhase;
			buildActionMask = 2147483647;
			files = (
				D786D0F12ACDEE1B003E23C4 /* LaunchScreen.storyboard in Resources */,
				D786D0EE2ACDEE1B003E23C4 /* Assets.xcassets in Resources */,
				D786D0EC2ACDEE1A003E23C4 /* Main.storyboard in Resources */,
			);
			runOnlyForDeploymentPostprocessing = 0;
		};
		D786D0F52ACDEE1B003E23C4 /* Resources */ = {
			isa = PBXResourcesBuildPhase;
			buildActionMask = 2147483647;
			files = (
			);
			runOnlyForDeploymentPostprocessing = 0;
		};
		D786D0FF2ACDEE1B003E23C4 /* Resources */ = {
			isa = PBXResourcesBuildPhase;
			buildActionMask = 2147483647;
			files = (
			);
			runOnlyForDeploymentPostprocessing = 0;
		};
/* End PBXResourcesBuildPhase section */

/* Begin PBXSourcesBuildPhase section */
		D786D0DD2ACDEE1A003E23C4 /* Sources */ = {
			isa = PBXSourcesBuildPhase;
			buildActionMask = 2147483647;
			files = (
				D786D0E92ACDEE1A003E23C4 /* ViewController.swift in Sources */,
				D786D0E52ACDEE1A003E23C4 /* AppDelegate.swift in Sources */,
				D786D1372ACDFE4D003E23C4 /* FeedLoaderWithFallbackComposite.swift in Sources */,
				D786D0E72ACDEE1A003E23C4 /* SceneDelegate.swift in Sources */,
			);
			runOnlyForDeploymentPostprocessing = 0;
		};
		D786D0F32ACDEE1B003E23C4 /* Sources */ = {
			isa = PBXSourcesBuildPhase;
			buildActionMask = 2147483647;
			files = (
				D786D1392ACDFF0E003E23C4 /* FeedImageDataLoaderWithFallbackCompositeTests.swift in Sources */,
				D786D0FC2ACDEE1B003E23C4 /* FeedLoaderWithFallbackCompositeTests.swift in Sources */,
			);
			runOnlyForDeploymentPostprocessing = 0;
		};
		D786D0FD2ACDEE1B003E23C4 /* Sources */ = {
			isa = PBXSourcesBuildPhase;
			buildActionMask = 2147483647;
			files = (
			);
			runOnlyForDeploymentPostprocessing = 0;
		};
/* End PBXSourcesBuildPhase section */

/* Begin PBXTargetDependency section */
		D786D0F92ACDEE1B003E23C4 /* PBXTargetDependency */ = {
			isa = PBXTargetDependency;
			target = D786D0E02ACDEE1A003E23C4 /* EssentialApp */;
			targetProxy = D786D0F82ACDEE1B003E23C4 /* PBXContainerItemProxy */;
		};
		D786D1032ACDEE1B003E23C4 /* PBXTargetDependency */ = {
			isa = PBXTargetDependency;
			target = D786D0E02ACDEE1A003E23C4 /* EssentialApp */;
			targetProxy = D786D1022ACDEE1B003E23C4 /* PBXContainerItemProxy */;
		};
/* End PBXTargetDependency section */

/* Begin PBXVariantGroup section */
		D786D0EA2ACDEE1A003E23C4 /* Main.storyboard */ = {
			isa = PBXVariantGroup;
			children = (
				D786D0EB2ACDEE1A003E23C4 /* Base */,
			);
			name = Main.storyboard;
			sourceTree = "<group>";
		};
		D786D0EF2ACDEE1B003E23C4 /* LaunchScreen.storyboard */ = {
			isa = PBXVariantGroup;
			children = (
				D786D0F02ACDEE1B003E23C4 /* Base */,
			);
			name = LaunchScreen.storyboard;
			sourceTree = "<group>";
		};
/* End PBXVariantGroup section */

/* Begin XCBuildConfiguration section */
		D786D1092ACDEE1B003E23C4 /* Debug */ = {
			isa = XCBuildConfiguration;
			buildSettings = {
				ALWAYS_SEARCH_USER_PATHS = NO;
				CLANG_ANALYZER_NONNULL = YES;
				CLANG_ANALYZER_NUMBER_OBJECT_CONVERSION = YES_AGGRESSIVE;
				CLANG_CXX_LANGUAGE_STANDARD = "gnu++20";
				CLANG_ENABLE_MODULES = YES;
				CLANG_ENABLE_OBJC_ARC = YES;
				CLANG_ENABLE_OBJC_WEAK = YES;
				CLANG_WARN_BLOCK_CAPTURE_AUTORELEASING = YES;
				CLANG_WARN_BOOL_CONVERSION = YES;
				CLANG_WARN_COMMA = YES;
				CLANG_WARN_CONSTANT_CONVERSION = YES;
				CLANG_WARN_DEPRECATED_OBJC_IMPLEMENTATIONS = YES;
				CLANG_WARN_DIRECT_OBJC_ISA_USAGE = YES_ERROR;
				CLANG_WARN_DOCUMENTATION_COMMENTS = YES;
				CLANG_WARN_EMPTY_BODY = YES;
				CLANG_WARN_ENUM_CONVERSION = YES;
				CLANG_WARN_INFINITE_RECURSION = YES;
				CLANG_WARN_INT_CONVERSION = YES;
				CLANG_WARN_NON_LITERAL_NULL_CONVERSION = YES;
				CLANG_WARN_OBJC_IMPLICIT_RETAIN_SELF = YES;
				CLANG_WARN_OBJC_LITERAL_CONVERSION = YES;
				CLANG_WARN_OBJC_ROOT_CLASS = YES_ERROR;
				CLANG_WARN_QUOTED_INCLUDE_IN_FRAMEWORK_HEADER = YES;
				CLANG_WARN_RANGE_LOOP_ANALYSIS = YES;
				CLANG_WARN_STRICT_PROTOTYPES = YES;
				CLANG_WARN_SUSPICIOUS_MOVE = YES;
				CLANG_WARN_UNGUARDED_AVAILABILITY = YES_AGGRESSIVE;
				CLANG_WARN_UNREACHABLE_CODE = YES;
				CLANG_WARN__DUPLICATE_METHOD_MATCH = YES;
				COPY_PHASE_STRIP = NO;
				DEBUG_INFORMATION_FORMAT = dwarf;
				ENABLE_STRICT_OBJC_MSGSEND = YES;
				ENABLE_TESTABILITY = YES;
				GCC_C_LANGUAGE_STANDARD = gnu11;
				GCC_DYNAMIC_NO_PIC = NO;
				GCC_NO_COMMON_BLOCKS = YES;
				GCC_OPTIMIZATION_LEVEL = 0;
				GCC_PREPROCESSOR_DEFINITIONS = (
					"DEBUG=1",
					"$(inherited)",
				);
				GCC_WARN_64_TO_32_BIT_CONVERSION = YES;
				GCC_WARN_ABOUT_RETURN_TYPE = YES_ERROR;
				GCC_WARN_UNDECLARED_SELECTOR = YES;
				GCC_WARN_UNINITIALIZED_AUTOS = YES_AGGRESSIVE;
				GCC_WARN_UNUSED_FUNCTION = YES;
				GCC_WARN_UNUSED_VARIABLE = YES;
				IPHONEOS_DEPLOYMENT_TARGET = 16.4;
				MTL_ENABLE_DEBUG_INFO = INCLUDE_SOURCE;
				MTL_FAST_MATH = YES;
				ONLY_ACTIVE_ARCH = YES;
				SDKROOT = iphoneos;
				SWIFT_ACTIVE_COMPILATION_CONDITIONS = DEBUG;
				SWIFT_OPTIMIZATION_LEVEL = "-Onone";
			};
			name = Debug;
		};
		D786D10A2ACDEE1B003E23C4 /* Release */ = {
			isa = XCBuildConfiguration;
			buildSettings = {
				ALWAYS_SEARCH_USER_PATHS = NO;
				CLANG_ANALYZER_NONNULL = YES;
				CLANG_ANALYZER_NUMBER_OBJECT_CONVERSION = YES_AGGRESSIVE;
				CLANG_CXX_LANGUAGE_STANDARD = "gnu++20";
				CLANG_ENABLE_MODULES = YES;
				CLANG_ENABLE_OBJC_ARC = YES;
				CLANG_ENABLE_OBJC_WEAK = YES;
				CLANG_WARN_BLOCK_CAPTURE_AUTORELEASING = YES;
				CLANG_WARN_BOOL_CONVERSION = YES;
				CLANG_WARN_COMMA = YES;
				CLANG_WARN_CONSTANT_CONVERSION = YES;
				CLANG_WARN_DEPRECATED_OBJC_IMPLEMENTATIONS = YES;
				CLANG_WARN_DIRECT_OBJC_ISA_USAGE = YES_ERROR;
				CLANG_WARN_DOCUMENTATION_COMMENTS = YES;
				CLANG_WARN_EMPTY_BODY = YES;
				CLANG_WARN_ENUM_CONVERSION = YES;
				CLANG_WARN_INFINITE_RECURSION = YES;
				CLANG_WARN_INT_CONVERSION = YES;
				CLANG_WARN_NON_LITERAL_NULL_CONVERSION = YES;
				CLANG_WARN_OBJC_IMPLICIT_RETAIN_SELF = YES;
				CLANG_WARN_OBJC_LITERAL_CONVERSION = YES;
				CLANG_WARN_OBJC_ROOT_CLASS = YES_ERROR;
				CLANG_WARN_QUOTED_INCLUDE_IN_FRAMEWORK_HEADER = YES;
				CLANG_WARN_RANGE_LOOP_ANALYSIS = YES;
				CLANG_WARN_STRICT_PROTOTYPES = YES;
				CLANG_WARN_SUSPICIOUS_MOVE = YES;
				CLANG_WARN_UNGUARDED_AVAILABILITY = YES_AGGRESSIVE;
				CLANG_WARN_UNREACHABLE_CODE = YES;
				CLANG_WARN__DUPLICATE_METHOD_MATCH = YES;
				COPY_PHASE_STRIP = NO;
				DEBUG_INFORMATION_FORMAT = "dwarf-with-dsym";
				ENABLE_NS_ASSERTIONS = NO;
				ENABLE_STRICT_OBJC_MSGSEND = YES;
				GCC_C_LANGUAGE_STANDARD = gnu11;
				GCC_NO_COMMON_BLOCKS = YES;
				GCC_WARN_64_TO_32_BIT_CONVERSION = YES;
				GCC_WARN_ABOUT_RETURN_TYPE = YES_ERROR;
				GCC_WARN_UNDECLARED_SELECTOR = YES;
				GCC_WARN_UNINITIALIZED_AUTOS = YES_AGGRESSIVE;
				GCC_WARN_UNUSED_FUNCTION = YES;
				GCC_WARN_UNUSED_VARIABLE = YES;
				IPHONEOS_DEPLOYMENT_TARGET = 16.4;
				MTL_ENABLE_DEBUG_INFO = NO;
				MTL_FAST_MATH = YES;
				SDKROOT = iphoneos;
				SWIFT_COMPILATION_MODE = wholemodule;
				SWIFT_OPTIMIZATION_LEVEL = "-O";
				VALIDATE_PRODUCT = YES;
			};
			name = Release;
		};
		D786D10C2ACDEE1B003E23C4 /* Debug */ = {
			isa = XCBuildConfiguration;
			buildSettings = {
				ASSETCATALOG_COMPILER_APPICON_NAME = AppIcon;
				ASSETCATALOG_COMPILER_GLOBAL_ACCENT_COLOR_NAME = AccentColor;
				CODE_SIGN_STYLE = Automatic;
				CURRENT_PROJECT_VERSION = 1;
				DEVELOPMENT_TEAM = 4K38C9LX86;
				GENERATE_INFOPLIST_FILE = YES;
				INFOPLIST_FILE = EssentialApp/Info.plist;
				INFOPLIST_KEY_UIApplicationSupportsIndirectInputEvents = YES;
				INFOPLIST_KEY_UILaunchStoryboardName = LaunchScreen;
				INFOPLIST_KEY_UIMainStoryboardFile = Main;
				INFOPLIST_KEY_UISupportedInterfaceOrientations = "UIInterfaceOrientationLandscapeLeft UIInterfaceOrientationLandscapeRight UIInterfaceOrientationPortrait";
				INFOPLIST_KEY_UISupportedInterfaceOrientations_iPad = UIInterfaceOrientationPortrait;
				IPHONEOS_DEPLOYMENT_TARGET = 15.0;
				LD_RUNPATH_SEARCH_PATHS = (
					"$(inherited)",
					"@executable_path/Frameworks",
				);
				MARKETING_VERSION = 1.0;
				PRODUCT_BUNDLE_IDENTIFIER = alexsopilniak.EssentialApp;
				PRODUCT_NAME = "$(TARGET_NAME)";
				SWIFT_EMIT_LOC_STRINGS = YES;
				SWIFT_VERSION = 5.0;
				TARGETED_DEVICE_FAMILY = "1,2";
			};
			name = Debug;
		};
		D786D10D2ACDEE1B003E23C4 /* Release */ = {
			isa = XCBuildConfiguration;
			buildSettings = {
				ASSETCATALOG_COMPILER_APPICON_NAME = AppIcon;
				ASSETCATALOG_COMPILER_GLOBAL_ACCENT_COLOR_NAME = AccentColor;
				CODE_SIGN_STYLE = Automatic;
				CURRENT_PROJECT_VERSION = 1;
				DEVELOPMENT_TEAM = 4K38C9LX86;
				GENERATE_INFOPLIST_FILE = YES;
				INFOPLIST_FILE = EssentialApp/Info.plist;
				INFOPLIST_KEY_UIApplicationSupportsIndirectInputEvents = YES;
				INFOPLIST_KEY_UILaunchStoryboardName = LaunchScreen;
				INFOPLIST_KEY_UIMainStoryboardFile = Main;
				INFOPLIST_KEY_UISupportedInterfaceOrientations = "UIInterfaceOrientationLandscapeLeft UIInterfaceOrientationLandscapeRight UIInterfaceOrientationPortrait";
				INFOPLIST_KEY_UISupportedInterfaceOrientations_iPad = UIInterfaceOrientationPortrait;
				IPHONEOS_DEPLOYMENT_TARGET = 15.0;
				LD_RUNPATH_SEARCH_PATHS = (
					"$(inherited)",
					"@executable_path/Frameworks",
				);
				MARKETING_VERSION = 1.0;
				PRODUCT_BUNDLE_IDENTIFIER = alexsopilniak.EssentialApp;
				PRODUCT_NAME = "$(TARGET_NAME)";
				SWIFT_EMIT_LOC_STRINGS = YES;
				SWIFT_VERSION = 5.0;
				TARGETED_DEVICE_FAMILY = "1,2";
			};
			name = Release;
		};
		D786D10F2ACDEE1B003E23C4 /* Debug */ = {
			isa = XCBuildConfiguration;
			buildSettings = {
				ALWAYS_EMBED_SWIFT_STANDARD_LIBRARIES = YES;
				BUNDLE_LOADER = "$(TEST_HOST)";
				CODE_SIGN_STYLE = Automatic;
				CURRENT_PROJECT_VERSION = 1;
				DEVELOPMENT_TEAM = 4K38C9LX86;
				GENERATE_INFOPLIST_FILE = YES;
				IPHONEOS_DEPLOYMENT_TARGET = 16.4;
				MARKETING_VERSION = 1.0;
				PRODUCT_BUNDLE_IDENTIFIER = alexsopilniak.EssentialAppTests;
				PRODUCT_NAME = "$(TARGET_NAME)";
				SWIFT_EMIT_LOC_STRINGS = NO;
				SWIFT_VERSION = 5.0;
				TARGETED_DEVICE_FAMILY = "1,2";
				TEST_HOST = "$(BUILT_PRODUCTS_DIR)/EssentialApp.app/$(BUNDLE_EXECUTABLE_FOLDER_PATH)/EssentialApp";
			};
			name = Debug;
		};
		D786D1102ACDEE1B003E23C4 /* Release */ = {
			isa = XCBuildConfiguration;
			buildSettings = {
				ALWAYS_EMBED_SWIFT_STANDARD_LIBRARIES = YES;
				BUNDLE_LOADER = "$(TEST_HOST)";
				CODE_SIGN_STYLE = Automatic;
				CURRENT_PROJECT_VERSION = 1;
				DEVELOPMENT_TEAM = 4K38C9LX86;
				GENERATE_INFOPLIST_FILE = YES;
				IPHONEOS_DEPLOYMENT_TARGET = 16.4;
				MARKETING_VERSION = 1.0;
				PRODUCT_BUNDLE_IDENTIFIER = alexsopilniak.EssentialAppTests;
				PRODUCT_NAME = "$(TARGET_NAME)";
				SWIFT_EMIT_LOC_STRINGS = NO;
				SWIFT_VERSION = 5.0;
				TARGETED_DEVICE_FAMILY = "1,2";
				TEST_HOST = "$(BUILT_PRODUCTS_DIR)/EssentialApp.app/$(BUNDLE_EXECUTABLE_FOLDER_PATH)/EssentialApp";
			};
			name = Release;
		};
		D786D1122ACDEE1B003E23C4 /* Debug */ = {
			isa = XCBuildConfiguration;
			buildSettings = {
				ALWAYS_EMBED_SWIFT_STANDARD_LIBRARIES = YES;
				CODE_SIGN_STYLE = Automatic;
				CURRENT_PROJECT_VERSION = 1;
				DEVELOPMENT_TEAM = 4K38C9LX86;
				GENERATE_INFOPLIST_FILE = YES;
				MARKETING_VERSION = 1.0;
				PRODUCT_BUNDLE_IDENTIFIER = alexsopilniak.EssentialAppUITests;
				PRODUCT_NAME = "$(TARGET_NAME)";
				SWIFT_EMIT_LOC_STRINGS = NO;
				SWIFT_VERSION = 5.0;
				TARGETED_DEVICE_FAMILY = "1,2";
				TEST_TARGET_NAME = EssentialApp;
			};
			name = Debug;
		};
		D786D1132ACDEE1B003E23C4 /* Release */ = {
			isa = XCBuildConfiguration;
			buildSettings = {
				ALWAYS_EMBED_SWIFT_STANDARD_LIBRARIES = YES;
				CODE_SIGN_STYLE = Automatic;
				CURRENT_PROJECT_VERSION = 1;
				DEVELOPMENT_TEAM = 4K38C9LX86;
				GENERATE_INFOPLIST_FILE = YES;
				MARKETING_VERSION = 1.0;
				PRODUCT_BUNDLE_IDENTIFIER = alexsopilniak.EssentialAppUITests;
				PRODUCT_NAME = "$(TARGET_NAME)";
				SWIFT_EMIT_LOC_STRINGS = NO;
				SWIFT_VERSION = 5.0;
				TARGETED_DEVICE_FAMILY = "1,2";
				TEST_TARGET_NAME = EssentialApp;
			};
			name = Release;
		};
/* End XCBuildConfiguration section */

/* Begin XCConfigurationList section */
		D786D0DC2ACDEE1A003E23C4 /* Build configuration list for PBXProject "EssentialApp" */ = {
			isa = XCConfigurationList;
			buildConfigurations = (
				D786D1092ACDEE1B003E23C4 /* Debug */,
				D786D10A2ACDEE1B003E23C4 /* Release */,
			);
			defaultConfigurationIsVisible = 0;
			defaultConfigurationName = Release;
		};
		D786D10B2ACDEE1B003E23C4 /* Build configuration list for PBXNativeTarget "EssentialApp" */ = {
			isa = XCConfigurationList;
			buildConfigurations = (
				D786D10C2ACDEE1B003E23C4 /* Debug */,
				D786D10D2ACDEE1B003E23C4 /* Release */,
			);
			defaultConfigurationIsVisible = 0;
			defaultConfigurationName = Release;
		};
		D786D10E2ACDEE1B003E23C4 /* Build configuration list for PBXNativeTarget "EssentialAppTests" */ = {
			isa = XCConfigurationList;
			buildConfigurations = (
				D786D10F2ACDEE1B003E23C4 /* Debug */,
				D786D1102ACDEE1B003E23C4 /* Release */,
			);
			defaultConfigurationIsVisible = 0;
			defaultConfigurationName = Release;
		};
		D786D1112ACDEE1B003E23C4 /* Build configuration list for PBXNativeTarget "EssentialAppUITests" */ = {
			isa = XCConfigurationList;
			buildConfigurations = (
				D786D1122ACDEE1B003E23C4 /* Debug */,
				D786D1132ACDEE1B003E23C4 /* Release */,
			);
			defaultConfigurationIsVisible = 0;
			defaultConfigurationName = Release;
		};
/* End XCConfigurationList section */
	};
	rootObject = D786D0D92ACDEE1A003E23C4 /* Project object */;
}
