// !$*UTF8*$!
{
	archiveVersion = 1;
	classes = {
	};
	objectVersion = 56;
	objects = {

/* Begin PBXBuildFile section */
		D70237D02AD095E0006BFFC9 /* SceneDelegateTests.swift in Sources */ = {isa = PBXBuildFile; fileRef = D70237CF2AD095E0006BFFC9 /* SceneDelegateTests.swift */; };
		D70237E32AD09829006BFFC9 /* MainQueueDispatchDecorator.swift in Sources */ = {isa = PBXBuildFile; fileRef = D70237E12AD09829006BFFC9 /* MainQueueDispatchDecorator.swift */; };
		D70237E42AD09829006BFFC9 /* FeedImageDataLoaderPresentationAdapter.swift in Sources */ = {isa = PBXBuildFile; fileRef = D70237DF2AD09829006BFFC9 /* FeedImageDataLoaderPresentationAdapter.swift */; };
		D70237E52AD09829006BFFC9 /* FeedUIComposer.swift in Sources */ = {isa = PBXBuildFile; fileRef = D70237DE2AD09829006BFFC9 /* FeedUIComposer.swift */; };
		D70237E62AD09829006BFFC9 /* FeedLoaderPresentationAdapter.swift in Sources */ = {isa = PBXBuildFile; fileRef = D70237E22AD09829006BFFC9 /* FeedLoaderPresentationAdapter.swift */; };
		D70237E72AD09829006BFFC9 /* FeedViewAdapter.swift in Sources */ = {isa = PBXBuildFile; fileRef = D70237DD2AD09829006BFFC9 /* FeedViewAdapter.swift */; };
		D70237E82AD09829006BFFC9 /* WeakRefVirtualProxy.swift in Sources */ = {isa = PBXBuildFile; fileRef = D70237E02AD09829006BFFC9 /* WeakRefVirtualProxy.swift */; };
		D70237F22AD0985A006BFFC9 /* UIRefreshControl+TestHelpers.swift in Sources */ = {isa = PBXBuildFile; fileRef = D70237ED2AD0985A006BFFC9 /* UIRefreshControl+TestHelpers.swift */; };
		D70237F32AD0985A006BFFC9 /* FeedImageCell+TestHelpers.swift in Sources */ = {isa = PBXBuildFile; fileRef = D70237EE2AD0985A006BFFC9 /* FeedImageCell+TestHelpers.swift */; };
		D70237F42AD0985A006BFFC9 /* FeedViewController+Assertions.swift in Sources */ = {isa = PBXBuildFile; fileRef = D70237EB2AD0985A006BFFC9 /* FeedViewController+Assertions.swift */; };
		D70237F52AD0985A006BFFC9 /* FeedViewController+TestHelpers.swift in Sources */ = {isa = PBXBuildFile; fileRef = D70237E92AD0985A006BFFC9 /* FeedViewController+TestHelpers.swift */; };
		D70237F62AD0985A006BFFC9 /* UIImageView+TestHelpers.swift in Sources */ = {isa = PBXBuildFile; fileRef = D70237EC2AD0985A006BFFC9 /* UIImageView+TestHelpers.swift */; };
		D70237F72AD0985A006BFFC9 /* UIButton+TestHelpers.swift in Sources */ = {isa = PBXBuildFile; fileRef = D70237F12AD0985A006BFFC9 /* UIButton+TestHelpers.swift */; };
		D70237F82AD0985A006BFFC9 /* UIControl+TestHelpers.swift in Sources */ = {isa = PBXBuildFile; fileRef = D70237EF2AD0985A006BFFC9 /* UIControl+TestHelpers.swift */; };
		D70237F92AD0985A006BFFC9 /* FeedViewControllerTests+LoaderSpy.swift in Sources */ = {isa = PBXBuildFile; fileRef = D70237F02AD0985A006BFFC9 /* FeedViewControllerTests+LoaderSpy.swift */; };
		D70237FA2AD0985A006BFFC9 /* FeedViewControllerTests+Localization.swift in Sources */ = {isa = PBXBuildFile; fileRef = D70237EA2AD0985A006BFFC9 /* FeedViewControllerTests+Localization.swift */; };
		D70237FC2AD09884006BFFC9 /* FeedUIIntegrationTests.swift in Sources */ = {isa = PBXBuildFile; fileRef = D70237FB2AD09884006BFFC9 /* FeedUIIntegrationTests.swift */; };
		D786D0E52ACDEE1A003E23C4 /* AppDelegate.swift in Sources */ = {isa = PBXBuildFile; fileRef = D786D0E42ACDEE1A003E23C4 /* AppDelegate.swift */; };
		D786D0E72ACDEE1A003E23C4 /* SceneDelegate.swift in Sources */ = {isa = PBXBuildFile; fileRef = D786D0E62ACDEE1A003E23C4 /* SceneDelegate.swift */; };
		D786D0E92ACDEE1A003E23C4 /* ViewController.swift in Sources */ = {isa = PBXBuildFile; fileRef = D786D0E82ACDEE1A003E23C4 /* ViewController.swift */; };
		D786D0EC2ACDEE1A003E23C4 /* Main.storyboard in Resources */ = {isa = PBXBuildFile; fileRef = D786D0EA2ACDEE1A003E23C4 /* Main.storyboard */; };
		D786D0EE2ACDEE1B003E23C4 /* Assets.xcassets in Resources */ = {isa = PBXBuildFile; fileRef = D786D0ED2ACDEE1B003E23C4 /* Assets.xcassets */; };
		D786D0F12ACDEE1B003E23C4 /* LaunchScreen.storyboard in Resources */ = {isa = PBXBuildFile; fileRef = D786D0EF2ACDEE1B003E23C4 /* LaunchScreen.storyboard */; };
		D786D0FC2ACDEE1B003E23C4 /* FeedLoaderWithFallbackCompositeTests.swift in Sources */ = {isa = PBXBuildFile; fileRef = D786D0FB2ACDEE1B003E23C4 /* FeedLoaderWithFallbackCompositeTests.swift */; };
		D786D1372ACDFE4D003E23C4 /* FeedLoaderWithFallbackComposite.swift in Sources */ = {isa = PBXBuildFile; fileRef = D786D1362ACDFE4D003E23C4 /* FeedLoaderWithFallbackComposite.swift */; };
		D786D1392ACDFF0E003E23C4 /* FeedImageDataLoaderWithFallbackCompositeTests.swift in Sources */ = {isa = PBXBuildFile; fileRef = D786D1382ACDFF0E003E23C4 /* FeedImageDataLoaderWithFallbackCompositeTests.swift */; };
		D786D13B2ACE022A003E23C4 /* FeedImageDataLoaderWithFallbackComposite.swift in Sources */ = {isa = PBXBuildFile; fileRef = D786D13A2ACE022A003E23C4 /* FeedImageDataLoaderWithFallbackComposite.swift */; };
		D786D13E2ACE028B003E23C4 /* XCTestCase+MemoryLeaksTracking.swift in Sources */ = {isa = PBXBuildFile; fileRef = D786D13D2ACE028B003E23C4 /* XCTestCase+MemoryLeaksTracking.swift */; };
		D786D1402ACE02DA003E23C4 /* SharedTestHelpers.swift in Sources */ = {isa = PBXBuildFile; fileRef = D786D13F2ACE02DA003E23C4 /* SharedTestHelpers.swift */; };
		D786D1572ACE9A13003E23C4 /* EssentialApp.xctestplan in Resources */ = {isa = PBXBuildFile; fileRef = D786D1562ACE9A13003E23C4 /* EssentialApp.xctestplan */; };
		D786D1592ACE9E1D003E23C4 /* FeedLoaderCacheDecoratorTests.swift in Sources */ = {isa = PBXBuildFile; fileRef = D786D1582ACE9E1D003E23C4 /* FeedLoaderCacheDecoratorTests.swift */; };
		D786D15B2ACEA062003E23C4 /* FeedLoaderStub.swift in Sources */ = {isa = PBXBuildFile; fileRef = D786D15A2ACEA062003E23C4 /* FeedLoaderStub.swift */; };
		D786D15D2ACEA0FE003E23C4 /* XCTestCase+FeedLoader.swift in Sources */ = {isa = PBXBuildFile; fileRef = D786D15C2ACEA0FE003E23C4 /* XCTestCase+FeedLoader.swift */; };
		D786D1612ACEAD66003E23C4 /* FeedLoaderCacheDecorator.swift in Sources */ = {isa = PBXBuildFile; fileRef = D786D1602ACEAD66003E23C4 /* FeedLoaderCacheDecorator.swift */; };
		D786D1632ACEAF26003E23C4 /* FeedImageDataLoaderCacheDecoratorTests.swift in Sources */ = {isa = PBXBuildFile; fileRef = D786D1622ACEAF26003E23C4 /* FeedImageDataLoaderCacheDecoratorTests.swift */; };
		D786D1652ACEAFC4003E23C4 /* FeedImageDataLoaderSpy.swift in Sources */ = {isa = PBXBuildFile; fileRef = D786D1642ACEAFC3003E23C4 /* FeedImageDataLoaderSpy.swift */; };
		D786D1672ACEB041003E23C4 /* XCTestCase+FeedImageDataLoader.swift in Sources */ = {isa = PBXBuildFile; fileRef = D786D1662ACEB041003E23C4 /* XCTestCase+FeedImageDataLoader.swift */; };
		D786D16B2ACEB1BE003E23C4 /* FeedImageDataLoaderCacheDecorator.swift in Sources */ = {isa = PBXBuildFile; fileRef = D786D16A2ACEB1BE003E23C4 /* FeedImageDataLoaderCacheDecorator.swift */; };
		D786D1A52ACECA10003E23C4 /* EssentialFeed.framework in Frameworks */ = {isa = PBXBuildFile; fileRef = D786D1A42ACECA10003E23C4 /* EssentialFeed.framework */; };
		D786D1A62ACECA10003E23C4 /* EssentialFeed.framework in Embed Frameworks */ = {isa = PBXBuildFile; fileRef = D786D1A42ACECA10003E23C4 /* EssentialFeed.framework */; settings = {ATTRIBUTES = (CodeSignOnCopy, RemoveHeadersOnCopy, ); }; };
		D786D1A92ACECA13003E23C4 /* EssentialFeediOS.framework in Frameworks */ = {isa = PBXBuildFile; fileRef = D786D1A82ACECA13003E23C4 /* EssentialFeediOS.framework */; };
		D786D1AA2ACECA13003E23C4 /* EssentialFeediOS.framework in Embed Frameworks */ = {isa = PBXBuildFile; fileRef = D786D1A82ACECA13003E23C4 /* EssentialFeediOS.framework */; settings = {ATTRIBUTES = (CodeSignOnCopy, RemoveHeadersOnCopy, ); }; };
		D786D1B82ACF308A003E23C4 /* EssentialAppUIAccepranceTests.swift in Sources */ = {isa = PBXBuildFile; fileRef = D786D1B72ACF308A003E23C4 /* EssentialAppUIAccepranceTests.swift */; };
		D786D1C12ACF3786003E23C4 /* DebuggingSceneDelegeta.swift in Sources */ = {isa = PBXBuildFile; fileRef = D786D1C02ACF3786003E23C4 /* DebuggingSceneDelegeta.swift */; };
/* End PBXBuildFile section */

/* Begin PBXContainerItemProxy section */
		D786D0F82ACDEE1B003E23C4 /* PBXContainerItemProxy */ = {
			isa = PBXContainerItemProxy;
			containerPortal = D786D0D92ACDEE1A003E23C4 /* Project object */;
			proxyType = 1;
			remoteGlobalIDString = D786D0E02ACDEE1A003E23C4;
			remoteInfo = EssentialApp;
		};
		D786D1BB2ACF308A003E23C4 /* PBXContainerItemProxy */ = {
			isa = PBXContainerItemProxy;
			containerPortal = D786D0D92ACDEE1A003E23C4 /* Project object */;
			proxyType = 1;
			remoteGlobalIDString = D786D0E02ACDEE1A003E23C4;
			remoteInfo = EssentialApp;
		};
/* End PBXContainerItemProxy section */

/* Begin PBXCopyFilesBuildPhase section */
		D786D19F2ACECA02003E23C4 /* Embed Frameworks */ = {
			isa = PBXCopyFilesBuildPhase;
			buildActionMask = 2147483647;
			dstPath = "";
			dstSubfolderSpec = 10;
			files = (
				D786D1A62ACECA10003E23C4 /* EssentialFeed.framework in Embed Frameworks */,
				D786D1AA2ACECA13003E23C4 /* EssentialFeediOS.framework in Embed Frameworks */,
			);
			name = "Embed Frameworks";
			runOnlyForDeploymentPostprocessing = 0;
		};
/* End PBXCopyFilesBuildPhase section */

/* Begin PBXFileReference section */
		D70237CF2AD095E0006BFFC9 /* SceneDelegateTests.swift */ = {isa = PBXFileReference; lastKnownFileType = sourcecode.swift; path = SceneDelegateTests.swift; sourceTree = "<group>"; };
		D70237DD2AD09829006BFFC9 /* FeedViewAdapter.swift */ = {isa = PBXFileReference; lastKnownFileType = sourcecode.swift; path = FeedViewAdapter.swift; sourceTree = "<group>"; };
		D70237DE2AD09829006BFFC9 /* FeedUIComposer.swift */ = {isa = PBXFileReference; lastKnownFileType = sourcecode.swift; path = FeedUIComposer.swift; sourceTree = "<group>"; };
		D70237DF2AD09829006BFFC9 /* FeedImageDataLoaderPresentationAdapter.swift */ = {isa = PBXFileReference; lastKnownFileType = sourcecode.swift; path = FeedImageDataLoaderPresentationAdapter.swift; sourceTree = "<group>"; };
		D70237E02AD09829006BFFC9 /* WeakRefVirtualProxy.swift */ = {isa = PBXFileReference; lastKnownFileType = sourcecode.swift; path = WeakRefVirtualProxy.swift; sourceTree = "<group>"; };
		D70237E12AD09829006BFFC9 /* MainQueueDispatchDecorator.swift */ = {isa = PBXFileReference; lastKnownFileType = sourcecode.swift; path = MainQueueDispatchDecorator.swift; sourceTree = "<group>"; };
		D70237E22AD09829006BFFC9 /* FeedLoaderPresentationAdapter.swift */ = {isa = PBXFileReference; lastKnownFileType = sourcecode.swift; path = FeedLoaderPresentationAdapter.swift; sourceTree = "<group>"; };
		D70237E92AD0985A006BFFC9 /* FeedViewController+TestHelpers.swift */ = {isa = PBXFileReference; lastKnownFileType = sourcecode.swift; path = "FeedViewController+TestHelpers.swift"; sourceTree = "<group>"; };
		D70237EA2AD0985A006BFFC9 /* FeedViewControllerTests+Localization.swift */ = {isa = PBXFileReference; lastKnownFileType = sourcecode.swift; path = "FeedViewControllerTests+Localization.swift"; sourceTree = "<group>"; };
		D70237EB2AD0985A006BFFC9 /* FeedViewController+Assertions.swift */ = {isa = PBXFileReference; lastKnownFileType = sourcecode.swift; path = "FeedViewController+Assertions.swift"; sourceTree = "<group>"; };
		D70237EC2AD0985A006BFFC9 /* UIImageView+TestHelpers.swift */ = {isa = PBXFileReference; lastKnownFileType = sourcecode.swift; path = "UIImageView+TestHelpers.swift"; sourceTree = "<group>"; };
		D70237ED2AD0985A006BFFC9 /* UIRefreshControl+TestHelpers.swift */ = {isa = PBXFileReference; lastKnownFileType = sourcecode.swift; path = "UIRefreshControl+TestHelpers.swift"; sourceTree = "<group>"; };
		D70237EE2AD0985A006BFFC9 /* FeedImageCell+TestHelpers.swift */ = {isa = PBXFileReference; lastKnownFileType = sourcecode.swift; path = "FeedImageCell+TestHelpers.swift"; sourceTree = "<group>"; };
		D70237EF2AD0985A006BFFC9 /* UIControl+TestHelpers.swift */ = {isa = PBXFileReference; lastKnownFileType = sourcecode.swift; path = "UIControl+TestHelpers.swift"; sourceTree = "<group>"; };
		D70237F02AD0985A006BFFC9 /* FeedViewControllerTests+LoaderSpy.swift */ = {isa = PBXFileReference; lastKnownFileType = sourcecode.swift; path = "FeedViewControllerTests+LoaderSpy.swift"; sourceTree = "<group>"; };
		D70237F12AD0985A006BFFC9 /* UIButton+TestHelpers.swift */ = {isa = PBXFileReference; lastKnownFileType = sourcecode.swift; path = "UIButton+TestHelpers.swift"; sourceTree = "<group>"; };
		D70237FB2AD09884006BFFC9 /* FeedUIIntegrationTests.swift */ = {isa = PBXFileReference; lastKnownFileType = sourcecode.swift; path = FeedUIIntegrationTests.swift; sourceTree = "<group>"; };
		D786D0E42ACDEE1A003E23C4 /* AppDelegate.swift */ = {isa = PBXFileReference; lastKnownFileType = sourcecode.swift; path = AppDelegate.swift; sourceTree = "<group>"; };
		D786D0E62ACDEE1A003E23C4 /* SceneDelegate.swift */ = {isa = PBXFileReference; lastKnownFileType = sourcecode.swift; path = SceneDelegate.swift; sourceTree = "<group>"; };
		D786D0E82ACDEE1A003E23C4 /* ViewController.swift */ = {isa = PBXFileReference; lastKnownFileType = sourcecode.swift; path = ViewController.swift; sourceTree = "<group>"; };
		D786D0EB2ACDEE1A003E23C4 /* Base */ = {isa = PBXFileReference; lastKnownFileType = file.storyboard; name = Base; path = Base.lproj/Main.storyboard; sourceTree = "<group>"; };
		D786D0ED2ACDEE1B003E23C4 /* Assets.xcassets */ = {isa = PBXFileReference; lastKnownFileType = folder.assetcatalog; path = Assets.xcassets; sourceTree = "<group>"; };
		D786D0F02ACDEE1B003E23C4 /* Base */ = {isa = PBXFileReference; lastKnownFileType = file.storyboard; name = Base; path = Base.lproj/LaunchScreen.storyboard; sourceTree = "<group>"; };
		D786D0F22ACDEE1B003E23C4 /* Info.plist */ = {isa = PBXFileReference; lastKnownFileType = text.plist.xml; path = Info.plist; sourceTree = "<group>"; };
		D786D0FB2ACDEE1B003E23C4 /* FeedLoaderWithFallbackCompositeTests.swift */ = {isa = PBXFileReference; lastKnownFileType = sourcecode.swift; path = FeedLoaderWithFallbackCompositeTests.swift; sourceTree = "<group>"; };
		D786D1362ACDFE4D003E23C4 /* FeedLoaderWithFallbackComposite.swift */ = {isa = PBXFileReference; lastKnownFileType = sourcecode.swift; path = FeedLoaderWithFallbackComposite.swift; sourceTree = "<group>"; };
		D786D1382ACDFF0E003E23C4 /* FeedImageDataLoaderWithFallbackCompositeTests.swift */ = {isa = PBXFileReference; lastKnownFileType = sourcecode.swift; path = FeedImageDataLoaderWithFallbackCompositeTests.swift; sourceTree = "<group>"; };
		D786D13A2ACE022A003E23C4 /* FeedImageDataLoaderWithFallbackComposite.swift */ = {isa = PBXFileReference; lastKnownFileType = sourcecode.swift; path = FeedImageDataLoaderWithFallbackComposite.swift; sourceTree = "<group>"; };
		D786D13D2ACE028B003E23C4 /* XCTestCase+MemoryLeaksTracking.swift */ = {isa = PBXFileReference; lastKnownFileType = sourcecode.swift; path = "XCTestCase+MemoryLeaksTracking.swift"; sourceTree = "<group>"; };
		D786D13F2ACE02DA003E23C4 /* SharedTestHelpers.swift */ = {isa = PBXFileReference; lastKnownFileType = sourcecode.swift; path = SharedTestHelpers.swift; sourceTree = "<group>"; };
		D786D1562ACE9A13003E23C4 /* EssentialApp.xctestplan */ = {isa = PBXFileReference; fileEncoding = 4; lastKnownFileType = text; name = EssentialApp.xctestplan; path = EssentialAppTests/EssentialApp.xctestplan; sourceTree = "<group>"; };
		D786D1582ACE9E1D003E23C4 /* FeedLoaderCacheDecoratorTests.swift */ = {isa = PBXFileReference; lastKnownFileType = sourcecode.swift; path = FeedLoaderCacheDecoratorTests.swift; sourceTree = "<group>"; };
		D786D15A2ACEA062003E23C4 /* FeedLoaderStub.swift */ = {isa = PBXFileReference; lastKnownFileType = sourcecode.swift; path = FeedLoaderStub.swift; sourceTree = "<group>"; };
		D786D15C2ACEA0FE003E23C4 /* XCTestCase+FeedLoader.swift */ = {isa = PBXFileReference; lastKnownFileType = sourcecode.swift; path = "XCTestCase+FeedLoader.swift"; sourceTree = "<group>"; };
		D786D1602ACEAD66003E23C4 /* FeedLoaderCacheDecorator.swift */ = {isa = PBXFileReference; lastKnownFileType = sourcecode.swift; path = FeedLoaderCacheDecorator.swift; sourceTree = "<group>"; };
		D786D1622ACEAF26003E23C4 /* FeedImageDataLoaderCacheDecoratorTests.swift */ = {isa = PBXFileReference; lastKnownFileType = sourcecode.swift; path = FeedImageDataLoaderCacheDecoratorTests.swift; sourceTree = "<group>"; };
		D786D1642ACEAFC3003E23C4 /* FeedImageDataLoaderSpy.swift */ = {isa = PBXFileReference; lastKnownFileType = sourcecode.swift; path = FeedImageDataLoaderSpy.swift; sourceTree = "<group>"; };
		D786D1662ACEB041003E23C4 /* XCTestCase+FeedImageDataLoader.swift */ = {isa = PBXFileReference; lastKnownFileType = sourcecode.swift; path = "XCTestCase+FeedImageDataLoader.swift"; sourceTree = "<group>"; };
		D786D16A2ACEB1BE003E23C4 /* FeedImageDataLoaderCacheDecorator.swift */ = {isa = PBXFileReference; lastKnownFileType = sourcecode.swift; path = FeedImageDataLoaderCacheDecorator.swift; sourceTree = "<group>"; };
		D786D19B2ACEC755003E23C4 /* EssentialApp.entitlements */ = {isa = PBXFileReference; lastKnownFileType = text.plist.entitlements; path = EssentialApp.entitlements; sourceTree = "<group>"; };
		D786D1A42ACECA10003E23C4 /* EssentialFeed.framework */ = {isa = PBXFileReference; explicitFileType = wrapper.framework; path = EssentialFeed.framework; sourceTree = BUILT_PRODUCTS_DIR; };
		D786D1A72ACECA10003E23C4 /* EssentialApp.app */ = {isa = PBXFileReference; explicitFileType = wrapper.application; includeInIndex = 0; path = EssentialApp.app; sourceTree = BUILT_PRODUCTS_DIR; };
		D786D1A82ACECA13003E23C4 /* EssentialFeediOS.framework */ = {isa = PBXFileReference; explicitFileType = wrapper.framework; path = EssentialFeediOS.framework; sourceTree = BUILT_PRODUCTS_DIR; };
		D786D1B02ACF2FD4003E23C4 /* EssentialAppTests.xctest */ = {isa = PBXFileReference; explicitFileType = wrapper.cfbundle; includeInIndex = 0; path = EssentialAppTests.xctest; sourceTree = BUILT_PRODUCTS_DIR; };
		D786D1B52ACF308A003E23C4 /* EssentialAppUIAccepranceTests.xctest */ = {isa = PBXFileReference; explicitFileType = wrapper.cfbundle; includeInIndex = 0; path = EssentialAppUIAccepranceTests.xctest; sourceTree = BUILT_PRODUCTS_DIR; };
		D786D1B72ACF308A003E23C4 /* EssentialAppUIAccepranceTests.swift */ = {isa = PBXFileReference; lastKnownFileType = sourcecode.swift; path = EssentialAppUIAccepranceTests.swift; sourceTree = "<group>"; };
		D786D1C02ACF3786003E23C4 /* DebuggingSceneDelegeta.swift */ = {isa = PBXFileReference; lastKnownFileType = sourcecode.swift; path = DebuggingSceneDelegeta.swift; sourceTree = "<group>"; };
/* End PBXFileReference section */

/* Begin PBXFrameworksBuildPhase section */
		D786D0DE2ACDEE1A003E23C4 /* Frameworks */ = {
			isa = PBXFrameworksBuildPhase;
			buildActionMask = 2147483647;
			files = (
				D786D1A52ACECA10003E23C4 /* EssentialFeed.framework in Frameworks */,
				D786D1A92ACECA13003E23C4 /* EssentialFeediOS.framework in Frameworks */,
			);
			runOnlyForDeploymentPostprocessing = 0;
		};
		D786D0F42ACDEE1B003E23C4 /* Frameworks */ = {
			isa = PBXFrameworksBuildPhase;
			buildActionMask = 2147483647;
			files = (
			);
			runOnlyForDeploymentPostprocessing = 0;
		};
		D786D1B22ACF308A003E23C4 /* Frameworks */ = {
			isa = PBXFrameworksBuildPhase;
			buildActionMask = 2147483647;
			files = (
			);
			runOnlyForDeploymentPostprocessing = 0;
		};
/* End PBXFrameworksBuildPhase section */

/* Begin PBXGroup section */
		D786D0D82ACDEE1A003E23C4 = {
			isa = PBXGroup;
			children = (
				D786D1562ACE9A13003E23C4 /* EssentialApp.xctestplan */,
				D786D0E32ACDEE1A003E23C4 /* EssentialApp */,
				D786D0FA2ACDEE1B003E23C4 /* EssentialAppTests */,
				D786D1B62ACF308A003E23C4 /* EssentialAppUIAccepranceTests */,
				D786D1A32ACECA10003E23C4 /* Frameworks */,
				D786D1A72ACECA10003E23C4 /* EssentialApp.app */,
				D786D1B02ACF2FD4003E23C4 /* EssentialAppTests.xctest */,
				D786D1B52ACF308A003E23C4 /* EssentialAppUIAccepranceTests.xctest */,
			);
			sourceTree = "<group>";
		};
		D786D0E32ACDEE1A003E23C4 /* EssentialApp */ = {
			isa = PBXGroup;
			children = (
				D786D19B2ACEC755003E23C4 /* EssentialApp.entitlements */,
				D786D0E42ACDEE1A003E23C4 /* AppDelegate.swift */,
				D70237DE2AD09829006BFFC9 /* FeedUIComposer.swift */,
				D70237E12AD09829006BFFC9 /* MainQueueDispatchDecorator.swift */,
				D70237DF2AD09829006BFFC9 /* FeedImageDataLoaderPresentationAdapter.swift */,
				D70237DD2AD09829006BFFC9 /* FeedViewAdapter.swift */,
				D70237E22AD09829006BFFC9 /* FeedLoaderPresentationAdapter.swift */,
				D70237E02AD09829006BFFC9 /* WeakRefVirtualProxy.swift */,
				D786D0E62ACDEE1A003E23C4 /* SceneDelegate.swift */,
				D786D1C02ACF3786003E23C4 /* DebuggingSceneDelegeta.swift */,
				D786D0E82ACDEE1A003E23C4 /* ViewController.swift */,
				D786D0EA2ACDEE1A003E23C4 /* Main.storyboard */,
				D786D0ED2ACDEE1B003E23C4 /* Assets.xcassets */,
				D786D0EF2ACDEE1B003E23C4 /* LaunchScreen.storyboard */,
				D786D0F22ACDEE1B003E23C4 /* Info.plist */,
				D786D1362ACDFE4D003E23C4 /* FeedLoaderWithFallbackComposite.swift */,
				D786D13A2ACE022A003E23C4 /* FeedImageDataLoaderWithFallbackComposite.swift */,
				D786D1602ACEAD66003E23C4 /* FeedLoaderCacheDecorator.swift */,
				D786D16A2ACEB1BE003E23C4 /* FeedImageDataLoaderCacheDecorator.swift */,
			);
			path = EssentialApp;
			sourceTree = "<group>";
		};
		D786D0FA2ACDEE1B003E23C4 /* EssentialAppTests */ = {
			isa = PBXGroup;
			children = (
				D786D13C2ACE026F003E23C4 /* Helpers */,
				D786D0FB2ACDEE1B003E23C4 /* FeedLoaderWithFallbackCompositeTests.swift */,
				D70237FB2AD09884006BFFC9 /* FeedUIIntegrationTests.swift */,
				D786D1382ACDFF0E003E23C4 /* FeedImageDataLoaderWithFallbackCompositeTests.swift */,
				D786D1582ACE9E1D003E23C4 /* FeedLoaderCacheDecoratorTests.swift */,
				D786D1622ACEAF26003E23C4 /* FeedImageDataLoaderCacheDecoratorTests.swift */,
				D70237CF2AD095E0006BFFC9 /* SceneDelegateTests.swift */,
			);
			path = EssentialAppTests;
			sourceTree = "<group>";
		};
		D786D13C2ACE026F003E23C4 /* Helpers */ = {
			isa = PBXGroup;
			children = (
				D786D13D2ACE028B003E23C4 /* XCTestCase+MemoryLeaksTracking.swift */,
				D786D13F2ACE02DA003E23C4 /* SharedTestHelpers.swift */,
				D786D15A2ACEA062003E23C4 /* FeedLoaderStub.swift */,
				D786D1642ACEAFC3003E23C4 /* FeedImageDataLoaderSpy.swift */,
				D70237E92AD0985A006BFFC9 /* FeedViewController+TestHelpers.swift */,
				D70237EE2AD0985A006BFFC9 /* FeedImageCell+TestHelpers.swift */,
				D70237EC2AD0985A006BFFC9 /* UIImageView+TestHelpers.swift */,
				D70237F12AD0985A006BFFC9 /* UIButton+TestHelpers.swift */,
				D70237EF2AD0985A006BFFC9 /* UIControl+TestHelpers.swift */,
				D70237ED2AD0985A006BFFC9 /* UIRefreshControl+TestHelpers.swift */,
				D70237F02AD0985A006BFFC9 /* FeedViewControllerTests+LoaderSpy.swift */,
				D70237EA2AD0985A006BFFC9 /* FeedViewControllerTests+Localization.swift */,
				D70237EB2AD0985A006BFFC9 /* FeedViewController+Assertions.swift */,
				D786D1662ACEB041003E23C4 /* XCTestCase+FeedImageDataLoader.swift */,
				D786D15C2ACEA0FE003E23C4 /* XCTestCase+FeedLoader.swift */,
			);
			path = Helpers;
			sourceTree = "<group>";
		};
		D786D1A32ACECA10003E23C4 /* Frameworks */ = {
			isa = PBXGroup;
			children = (
				D786D1A82ACECA13003E23C4 /* EssentialFeediOS.framework */,
				D786D1A42ACECA10003E23C4 /* EssentialFeed.framework */,
			);
			name = Frameworks;
			sourceTree = "<group>";
		};
		D786D1B62ACF308A003E23C4 /* EssentialAppUIAccepranceTests */ = {
			isa = PBXGroup;
			children = (
				D786D1B72ACF308A003E23C4 /* EssentialAppUIAccepranceTests.swift */,
			);
			path = EssentialAppUIAccepranceTests;
			sourceTree = "<group>";
		};
/* End PBXGroup section */

/* Begin PBXNativeTarget section */
		D786D0E02ACDEE1A003E23C4 /* EssentialApp */ = {
			isa = PBXNativeTarget;
			buildConfigurationList = D786D10B2ACDEE1B003E23C4 /* Build configuration list for PBXNativeTarget "EssentialApp" */;
			buildPhases = (
				D786D0DD2ACDEE1A003E23C4 /* Sources */,
				D786D0DE2ACDEE1A003E23C4 /* Frameworks */,
				D786D0DF2ACDEE1A003E23C4 /* Resources */,
				D786D19F2ACECA02003E23C4 /* Embed Frameworks */,
			);
			buildRules = (
			);
			dependencies = (
			);
			name = EssentialApp;
			productName = EssentialApp;
			productReference = D786D1A72ACECA10003E23C4 /* EssentialApp.app */;
			productType = "com.apple.product-type.application";
		};
		D786D0F62ACDEE1B003E23C4 /* EssentialAppTests */ = {
			isa = PBXNativeTarget;
			buildConfigurationList = D786D10E2ACDEE1B003E23C4 /* Build configuration list for PBXNativeTarget "EssentialAppTests" */;
			buildPhases = (
				D786D0F32ACDEE1B003E23C4 /* Sources */,
				D786D0F42ACDEE1B003E23C4 /* Frameworks */,
				D786D0F52ACDEE1B003E23C4 /* Resources */,
			);
			buildRules = (
			);
			dependencies = (
				D786D0F92ACDEE1B003E23C4 /* PBXTargetDependency */,
			);
			name = EssentialAppTests;
			productName = EssentialAppTests;
			productReference = D786D1B02ACF2FD4003E23C4 /* EssentialAppTests.xctest */;
			productType = "com.apple.product-type.bundle.unit-test";
		};
		D786D1B42ACF308A003E23C4 /* EssentialAppUIAccepranceTests */ = {
			isa = PBXNativeTarget;
			buildConfigurationList = D786D1BF2ACF308A003E23C4 /* Build configuration list for PBXNativeTarget "EssentialAppUIAccepranceTests" */;
			buildPhases = (
				D786D1B12ACF308A003E23C4 /* Sources */,
				D786D1B22ACF308A003E23C4 /* Frameworks */,
				D786D1B32ACF308A003E23C4 /* Resources */,
			);
			buildRules = (
			);
			dependencies = (
				D786D1BC2ACF308A003E23C4 /* PBXTargetDependency */,
			);
			name = EssentialAppUIAccepranceTests;
			productName = EssentialAppUIAccepranceTests;
			productReference = D786D1B52ACF308A003E23C4 /* EssentialAppUIAccepranceTests.xctest */;
			productType = "com.apple.product-type.bundle.ui-testing";
		};
/* End PBXNativeTarget section */

/* Begin PBXProject section */
		D786D0D92ACDEE1A003E23C4 /* Project object */ = {
			isa = PBXProject;
			attributes = {
				BuildIndependentTargetsInParallel = 1;
				LastSwiftUpdateCheck = 1430;
				LastUpgradeCheck = 1430;
				TargetAttributes = {
					D786D0E02ACDEE1A003E23C4 = {
						CreatedOnToolsVersion = 14.3.1;
					};
					D786D0F62ACDEE1B003E23C4 = {
						CreatedOnToolsVersion = 14.3.1;
						TestTargetID = D786D0E02ACDEE1A003E23C4;
					};
					D786D1B42ACF308A003E23C4 = {
						CreatedOnToolsVersion = 14.3.1;
						TestTargetID = D786D0E02ACDEE1A003E23C4;
					};
				};
			};
			buildConfigurationList = D786D0DC2ACDEE1A003E23C4 /* Build configuration list for PBXProject "EssentialApp" */;
			compatibilityVersion = "Xcode 14.0";
			developmentRegion = en;
			hasScannedForEncodings = 0;
			knownRegions = (
				en,
				Base,
			);
			mainGroup = D786D0D82ACDEE1A003E23C4;
			productRefGroup = D786D0D82ACDEE1A003E23C4;
			projectDirPath = "";
			projectRoot = "";
			targets = (
				D786D0E02ACDEE1A003E23C4 /* EssentialApp */,
				D786D0F62ACDEE1B003E23C4 /* EssentialAppTests */,
				D786D1B42ACF308A003E23C4 /* EssentialAppUIAccepranceTests */,
			);
		};
/* End PBXProject section */

/* Begin PBXResourcesBuildPhase section */
		D786D0DF2ACDEE1A003E23C4 /* Resources */ = {
			isa = PBXResourcesBuildPhase;
			buildActionMask = 2147483647;
			files = (
				D786D1572ACE9A13003E23C4 /* EssentialApp.xctestplan in Resources */,
				D786D0F12ACDEE1B003E23C4 /* LaunchScreen.storyboard in Resources */,
				D786D0EE2ACDEE1B003E23C4 /* Assets.xcassets in Resources */,
				D786D0EC2ACDEE1A003E23C4 /* Main.storyboard in Resources */,
			);
			runOnlyForDeploymentPostprocessing = 0;
		};
		D786D0F52ACDEE1B003E23C4 /* Resources */ = {
			isa = PBXResourcesBuildPhase;
			buildActionMask = 2147483647;
			files = (
			);
			runOnlyForDeploymentPostprocessing = 0;
		};
		D786D1B32ACF308A003E23C4 /* Resources */ = {
			isa = PBXResourcesBuildPhase;
			buildActionMask = 2147483647;
			files = (
			);
			runOnlyForDeploymentPostprocessing = 0;
		};
/* End PBXResourcesBuildPhase section */

/* Begin PBXSourcesBuildPhase section */
		D786D0DD2ACDEE1A003E23C4 /* Sources */ = {
			isa = PBXSourcesBuildPhase;
			buildActionMask = 2147483647;
			files = (
				D786D0E92ACDEE1A003E23C4 /* ViewController.swift in Sources */,
				D70237E32AD09829006BFFC9 /* MainQueueDispatchDecorator.swift in Sources */,
				D70237E42AD09829006BFFC9 /* FeedImageDataLoaderPresentationAdapter.swift in Sources */,
				D786D0E52ACDEE1A003E23C4 /* AppDelegate.swift in Sources */,
				D786D1372ACDFE4D003E23C4 /* FeedLoaderWithFallbackComposite.swift in Sources */,
				D786D1612ACEAD66003E23C4 /* FeedLoaderCacheDecorator.swift in Sources */,
				D70237E62AD09829006BFFC9 /* FeedLoaderPresentationAdapter.swift in Sources */,
				D786D1C12ACF3786003E23C4 /* DebuggingSceneDelegeta.swift in Sources */,
				D786D0E72ACDEE1A003E23C4 /* SceneDelegate.swift in Sources */,
				D70237E52AD09829006BFFC9 /* FeedUIComposer.swift in Sources */,
				D786D13B2ACE022A003E23C4 /* FeedImageDataLoaderWithFallbackComposite.swift in Sources */,
				D786D16B2ACEB1BE003E23C4 /* FeedImageDataLoaderCacheDecorator.swift in Sources */,
				D70237E82AD09829006BFFC9 /* WeakRefVirtualProxy.swift in Sources */,
				D70237E72AD09829006BFFC9 /* FeedViewAdapter.swift in Sources */,
			);
			runOnlyForDeploymentPostprocessing = 0;
		};
		D786D0F32ACDEE1B003E23C4 /* Sources */ = {
			isa = PBXSourcesBuildPhase;
			buildActionMask = 2147483647;
			files = (
				D786D1402ACE02DA003E23C4 /* SharedTestHelpers.swift in Sources */,
				D70237F42AD0985A006BFFC9 /* FeedViewController+Assertions.swift in Sources */,
				D70237F62AD0985A006BFFC9 /* UIImageView+TestHelpers.swift in Sources */,
				D70237F22AD0985A006BFFC9 /* UIRefreshControl+TestHelpers.swift in Sources */,
				D786D1632ACEAF26003E23C4 /* FeedImageDataLoaderCacheDecoratorTests.swift in Sources */,
				D786D15D2ACEA0FE003E23C4 /* XCTestCase+FeedLoader.swift in Sources */,
				D786D1672ACEB041003E23C4 /* XCTestCase+FeedImageDataLoader.swift in Sources */,
				D70237FA2AD0985A006BFFC9 /* FeedViewControllerTests+Localization.swift in Sources */,
				D70237D02AD095E0006BFFC9 /* SceneDelegateTests.swift in Sources */,
				D786D1392ACDFF0E003E23C4 /* FeedImageDataLoaderWithFallbackCompositeTests.swift in Sources */,
				D70237F82AD0985A006BFFC9 /* UIControl+TestHelpers.swift in Sources */,
				D786D1652ACEAFC4003E23C4 /* FeedImageDataLoaderSpy.swift in Sources */,
				D786D13E2ACE028B003E23C4 /* XCTestCase+MemoryLeaksTracking.swift in Sources */,
				D70237F32AD0985A006BFFC9 /* FeedImageCell+TestHelpers.swift in Sources */,
				D786D1592ACE9E1D003E23C4 /* FeedLoaderCacheDecoratorTests.swift in Sources */,
				D786D15B2ACEA062003E23C4 /* FeedLoaderStub.swift in Sources */,
				D70237F52AD0985A006BFFC9 /* FeedViewController+TestHelpers.swift in Sources */,
				D70237F72AD0985A006BFFC9 /* UIButton+TestHelpers.swift in Sources */,
				D786D0FC2ACDEE1B003E23C4 /* FeedLoaderWithFallbackCompositeTests.swift in Sources */,
				D70237FC2AD09884006BFFC9 /* FeedUIIntegrationTests.swift in Sources */,
				D70237F92AD0985A006BFFC9 /* FeedViewControllerTests+LoaderSpy.swift in Sources */,
			);
			runOnlyForDeploymentPostprocessing = 0;
		};
		D786D1B12ACF308A003E23C4 /* Sources */ = {
			isa = PBXSourcesBuildPhase;
			buildActionMask = 2147483647;
			files = (
				D786D1B82ACF308A003E23C4 /* EssentialAppUIAccepranceTests.swift in Sources */,
			);
			runOnlyForDeploymentPostprocessing = 0;
		};
/* End PBXSourcesBuildPhase section */

/* Begin PBXTargetDependency section */
		D786D0F92ACDEE1B003E23C4 /* PBXTargetDependency */ = {
			isa = PBXTargetDependency;
			target = D786D0E02ACDEE1A003E23C4 /* EssentialApp */;
			targetProxy = D786D0F82ACDEE1B003E23C4 /* PBXContainerItemProxy */;
		};
		D786D1BC2ACF308A003E23C4 /* PBXTargetDependency */ = {
			isa = PBXTargetDependency;
			target = D786D0E02ACDEE1A003E23C4 /* EssentialApp */;
			targetProxy = D786D1BB2ACF308A003E23C4 /* PBXContainerItemProxy */;
		};
/* End PBXTargetDependency section */

/* Begin PBXVariantGroup section */
		D786D0EA2ACDEE1A003E23C4 /* Main.storyboard */ = {
			isa = PBXVariantGroup;
			children = (
				D786D0EB2ACDEE1A003E23C4 /* Base */,
			);
			name = Main.storyboard;
			sourceTree = "<group>";
		};
		D786D0EF2ACDEE1B003E23C4 /* LaunchScreen.storyboard */ = {
			isa = PBXVariantGroup;
			children = (
				D786D0F02ACDEE1B003E23C4 /* Base */,
			);
			name = LaunchScreen.storyboard;
			sourceTree = "<group>";
		};
/* End PBXVariantGroup section */

/* Begin XCBuildConfiguration section */
		D786D1092ACDEE1B003E23C4 /* Debug */ = {
			isa = XCBuildConfiguration;
			buildSettings = {
				ALWAYS_SEARCH_USER_PATHS = NO;
				CLANG_ANALYZER_NONNULL = YES;
				CLANG_ANALYZER_NUMBER_OBJECT_CONVERSION = YES_AGGRESSIVE;
				CLANG_CXX_LANGUAGE_STANDARD = "gnu++20";
				CLANG_ENABLE_MODULES = YES;
				CLANG_ENABLE_OBJC_ARC = YES;
				CLANG_ENABLE_OBJC_WEAK = YES;
				CLANG_WARN_BLOCK_CAPTURE_AUTORELEASING = YES;
				CLANG_WARN_BOOL_CONVERSION = YES;
				CLANG_WARN_COMMA = YES;
				CLANG_WARN_CONSTANT_CONVERSION = YES;
				CLANG_WARN_DEPRECATED_OBJC_IMPLEMENTATIONS = YES;
				CLANG_WARN_DIRECT_OBJC_ISA_USAGE = YES_ERROR;
				CLANG_WARN_DOCUMENTATION_COMMENTS = YES;
				CLANG_WARN_EMPTY_BODY = YES;
				CLANG_WARN_ENUM_CONVERSION = YES;
				CLANG_WARN_INFINITE_RECURSION = YES;
				CLANG_WARN_INT_CONVERSION = YES;
				CLANG_WARN_NON_LITERAL_NULL_CONVERSION = YES;
				CLANG_WARN_OBJC_IMPLICIT_RETAIN_SELF = YES;
				CLANG_WARN_OBJC_LITERAL_CONVERSION = YES;
				CLANG_WARN_OBJC_ROOT_CLASS = YES_ERROR;
				CLANG_WARN_QUOTED_INCLUDE_IN_FRAMEWORK_HEADER = YES;
				CLANG_WARN_RANGE_LOOP_ANALYSIS = YES;
				CLANG_WARN_STRICT_PROTOTYPES = YES;
				CLANG_WARN_SUSPICIOUS_MOVE = YES;
				CLANG_WARN_UNGUARDED_AVAILABILITY = YES_AGGRESSIVE;
				CLANG_WARN_UNREACHABLE_CODE = YES;
				CLANG_WARN__DUPLICATE_METHOD_MATCH = YES;
				COPY_PHASE_STRIP = NO;
				DEBUG_INFORMATION_FORMAT = dwarf;
				ENABLE_STRICT_OBJC_MSGSEND = YES;
				ENABLE_TESTABILITY = YES;
				GCC_C_LANGUAGE_STANDARD = gnu11;
				GCC_DYNAMIC_NO_PIC = NO;
				GCC_NO_COMMON_BLOCKS = YES;
				GCC_OPTIMIZATION_LEVEL = 0;
				GCC_PREPROCESSOR_DEFINITIONS = (
					"DEBUG=1",
					"$(inherited)",
				);
				GCC_WARN_64_TO_32_BIT_CONVERSION = YES;
				GCC_WARN_ABOUT_RETURN_TYPE = YES_ERROR;
				GCC_WARN_UNDECLARED_SELECTOR = YES;
				GCC_WARN_UNINITIALIZED_AUTOS = YES_AGGRESSIVE;
				GCC_WARN_UNUSED_FUNCTION = YES;
				GCC_WARN_UNUSED_VARIABLE = YES;
				IPHONEOS_DEPLOYMENT_TARGET = 15.0;
				MTL_ENABLE_DEBUG_INFO = INCLUDE_SOURCE;
				MTL_FAST_MATH = YES;
				ONLY_ACTIVE_ARCH = YES;
				SDKROOT = iphoneos;
				SWIFT_ACTIVE_COMPILATION_CONDITIONS = DEBUG;
				SWIFT_OPTIMIZATION_LEVEL = "-Onone";
			};
			name = Debug;
		};
		D786D10A2ACDEE1B003E23C4 /* Release */ = {
			isa = XCBuildConfiguration;
			buildSettings = {
				ALWAYS_SEARCH_USER_PATHS = NO;
				CLANG_ANALYZER_NONNULL = YES;
				CLANG_ANALYZER_NUMBER_OBJECT_CONVERSION = YES_AGGRESSIVE;
				CLANG_CXX_LANGUAGE_STANDARD = "gnu++20";
				CLANG_ENABLE_MODULES = YES;
				CLANG_ENABLE_OBJC_ARC = YES;
				CLANG_ENABLE_OBJC_WEAK = YES;
				CLANG_WARN_BLOCK_CAPTURE_AUTORELEASING = YES;
				CLANG_WARN_BOOL_CONVERSION = YES;
				CLANG_WARN_COMMA = YES;
				CLANG_WARN_CONSTANT_CONVERSION = YES;
				CLANG_WARN_DEPRECATED_OBJC_IMPLEMENTATIONS = YES;
				CLANG_WARN_DIRECT_OBJC_ISA_USAGE = YES_ERROR;
				CLANG_WARN_DOCUMENTATION_COMMENTS = YES;
				CLANG_WARN_EMPTY_BODY = YES;
				CLANG_WARN_ENUM_CONVERSION = YES;
				CLANG_WARN_INFINITE_RECURSION = YES;
				CLANG_WARN_INT_CONVERSION = YES;
				CLANG_WARN_NON_LITERAL_NULL_CONVERSION = YES;
				CLANG_WARN_OBJC_IMPLICIT_RETAIN_SELF = YES;
				CLANG_WARN_OBJC_LITERAL_CONVERSION = YES;
				CLANG_WARN_OBJC_ROOT_CLASS = YES_ERROR;
				CLANG_WARN_QUOTED_INCLUDE_IN_FRAMEWORK_HEADER = YES;
				CLANG_WARN_RANGE_LOOP_ANALYSIS = YES;
				CLANG_WARN_STRICT_PROTOTYPES = YES;
				CLANG_WARN_SUSPICIOUS_MOVE = YES;
				CLANG_WARN_UNGUARDED_AVAILABILITY = YES_AGGRESSIVE;
				CLANG_WARN_UNREACHABLE_CODE = YES;
				CLANG_WARN__DUPLICATE_METHOD_MATCH = YES;
				COPY_PHASE_STRIP = NO;
				DEBUG_INFORMATION_FORMAT = "dwarf-with-dsym";
				ENABLE_NS_ASSERTIONS = NO;
				ENABLE_STRICT_OBJC_MSGSEND = YES;
				GCC_C_LANGUAGE_STANDARD = gnu11;
				GCC_NO_COMMON_BLOCKS = YES;
				GCC_WARN_64_TO_32_BIT_CONVERSION = YES;
				GCC_WARN_ABOUT_RETURN_TYPE = YES_ERROR;
				GCC_WARN_UNDECLARED_SELECTOR = YES;
				GCC_WARN_UNINITIALIZED_AUTOS = YES_AGGRESSIVE;
				GCC_WARN_UNUSED_FUNCTION = YES;
				GCC_WARN_UNUSED_VARIABLE = YES;
				IPHONEOS_DEPLOYMENT_TARGET = 15.0;
				MTL_ENABLE_DEBUG_INFO = NO;
				MTL_FAST_MATH = YES;
				SDKROOT = iphoneos;
				SWIFT_COMPILATION_MODE = wholemodule;
				SWIFT_OPTIMIZATION_LEVEL = "-O";
				VALIDATE_PRODUCT = YES;
			};
			name = Release;
		};
		D786D10C2ACDEE1B003E23C4 /* Debug */ = {
			isa = XCBuildConfiguration;
			buildSettings = {
				ASSETCATALOG_COMPILER_APPICON_NAME = AppIcon;
				ASSETCATALOG_COMPILER_GLOBAL_ACCENT_COLOR_NAME = AccentColor;
				CODE_SIGN_ENTITLEMENTS = EssentialApp/EssentialApp.entitlements;
				CODE_SIGN_STYLE = Automatic;
				CURRENT_PROJECT_VERSION = 1;
				DEVELOPMENT_TEAM = 4K38C9LX86;
				GENERATE_INFOPLIST_FILE = YES;
				INFOPLIST_FILE = EssentialApp/Info.plist;
				INFOPLIST_KEY_UIApplicationSupportsIndirectInputEvents = YES;
				INFOPLIST_KEY_UILaunchStoryboardName = LaunchScreen;
				INFOPLIST_KEY_UIMainStoryboardFile = Main;
				INFOPLIST_KEY_UISupportedInterfaceOrientations = "UIInterfaceOrientationLandscapeLeft UIInterfaceOrientationLandscapeRight UIInterfaceOrientationPortrait";
				INFOPLIST_KEY_UISupportedInterfaceOrientations_iPad = UIInterfaceOrientationPortrait;
				IPHONEOS_DEPLOYMENT_TARGET = 15.0;
				LD_RUNPATH_SEARCH_PATHS = (
					"$(inherited)",
					"@executable_path/Frameworks",
				);
				MARKETING_VERSION = 1.0;
				PRODUCT_BUNDLE_IDENTIFIER = alexsopilniak.EssentialApp;
				PRODUCT_NAME = "$(TARGET_NAME)";
				SUPPORTED_PLATFORMS = "iphoneos iphonesimulator";
				SUPPORTS_MACCATALYST = NO;
				SUPPORTS_MAC_DESIGNED_FOR_IPHONE_IPAD = YES;
				SWIFT_EMIT_LOC_STRINGS = YES;
				SWIFT_VERSION = 5.0;
				TARGETED_DEVICE_FAMILY = "1,2";
			};
			name = Debug;
		};
		D786D10D2ACDEE1B003E23C4 /* Release */ = {
			isa = XCBuildConfiguration;
			buildSettings = {
				ASSETCATALOG_COMPILER_APPICON_NAME = AppIcon;
				ASSETCATALOG_COMPILER_GLOBAL_ACCENT_COLOR_NAME = AccentColor;
				CODE_SIGN_ENTITLEMENTS = EssentialApp/EssentialApp.entitlements;
				CODE_SIGN_STYLE = Automatic;
				CURRENT_PROJECT_VERSION = 1;
				DEVELOPMENT_TEAM = 4K38C9LX86;
				GENERATE_INFOPLIST_FILE = YES;
				INFOPLIST_FILE = EssentialApp/Info.plist;
				INFOPLIST_KEY_UIApplicationSupportsIndirectInputEvents = YES;
				INFOPLIST_KEY_UILaunchStoryboardName = LaunchScreen;
				INFOPLIST_KEY_UIMainStoryboardFile = Main;
				INFOPLIST_KEY_UISupportedInterfaceOrientations = "UIInterfaceOrientationLandscapeLeft UIInterfaceOrientationLandscapeRight UIInterfaceOrientationPortrait";
				INFOPLIST_KEY_UISupportedInterfaceOrientations_iPad = UIInterfaceOrientationPortrait;
				IPHONEOS_DEPLOYMENT_TARGET = 15.0;
				LD_RUNPATH_SEARCH_PATHS = (
					"$(inherited)",
					"@executable_path/Frameworks",
				);
				MARKETING_VERSION = 1.0;
				PRODUCT_BUNDLE_IDENTIFIER = alexsopilniak.EssentialApp;
				PRODUCT_NAME = "$(TARGET_NAME)";
				SUPPORTED_PLATFORMS = "iphoneos iphonesimulator";
				SUPPORTS_MACCATALYST = NO;
				SUPPORTS_MAC_DESIGNED_FOR_IPHONE_IPAD = YES;
				SWIFT_EMIT_LOC_STRINGS = YES;
				SWIFT_VERSION = 5.0;
				TARGETED_DEVICE_FAMILY = "1,2";
			};
			name = Release;
		};
		D786D10F2ACDEE1B003E23C4 /* Debug */ = {
			isa = XCBuildConfiguration;
			buildSettings = {
				ALWAYS_EMBED_SWIFT_STANDARD_LIBRARIES = YES;
				BUNDLE_LOADER = "$(TEST_HOST)";
				CODE_SIGN_STYLE = Automatic;
				CURRENT_PROJECT_VERSION = 1;
				DEVELOPMENT_TEAM = 4K38C9LX86;
				GENERATE_INFOPLIST_FILE = YES;
				IPHONEOS_DEPLOYMENT_TARGET = 15.0;
				MARKETING_VERSION = 1.0;
				PRODUCT_BUNDLE_IDENTIFIER = alexsopilniak.EssentialAppTests;
				PRODUCT_NAME = "$(TARGET_NAME)";
				SUPPORTED_PLATFORMS = "iphoneos iphonesimulator";
				SUPPORTS_MACCATALYST = YES;
				SUPPORTS_MAC_DESIGNED_FOR_IPHONE_IPAD = YES;
				SWIFT_EMIT_LOC_STRINGS = NO;
				SWIFT_VERSION = 5.0;
				TARGETED_DEVICE_FAMILY = "1,2";
				TEST_HOST = "$(BUILT_PRODUCTS_DIR)/EssentialApp.app/$(BUNDLE_EXECUTABLE_FOLDER_PATH)/EssentialApp";
			};
			name = Debug;
		};
		D786D1102ACDEE1B003E23C4 /* Release */ = {
			isa = XCBuildConfiguration;
			buildSettings = {
				ALWAYS_EMBED_SWIFT_STANDARD_LIBRARIES = YES;
				BUNDLE_LOADER = "$(TEST_HOST)";
				CODE_SIGN_STYLE = Automatic;
				CURRENT_PROJECT_VERSION = 1;
				DEVELOPMENT_TEAM = 4K38C9LX86;
				GENERATE_INFOPLIST_FILE = YES;
				IPHONEOS_DEPLOYMENT_TARGET = 15.0;
				MARKETING_VERSION = 1.0;
				PRODUCT_BUNDLE_IDENTIFIER = alexsopilniak.EssentialAppTests;
				PRODUCT_NAME = "$(TARGET_NAME)";
				SUPPORTED_PLATFORMS = "iphoneos iphonesimulator";
				SUPPORTS_MACCATALYST = YES;
				SUPPORTS_MAC_DESIGNED_FOR_IPHONE_IPAD = YES;
				SWIFT_EMIT_LOC_STRINGS = NO;
				SWIFT_VERSION = 5.0;
				TARGETED_DEVICE_FAMILY = "1,2";
				TEST_HOST = "$(BUILT_PRODUCTS_DIR)/EssentialApp.app/$(BUNDLE_EXECUTABLE_FOLDER_PATH)/EssentialApp";
			};
			name = Release;
		};
		D786D1BD2ACF308A003E23C4 /* Debug */ = {
			isa = XCBuildConfiguration;
			buildSettings = {
				CODE_SIGN_STYLE = Automatic;
				CURRENT_PROJECT_VERSION = 1;
				DEVELOPMENT_TEAM = 4K38C9LX86;
				GENERATE_INFOPLIST_FILE = YES;
				IPHONEOS_DEPLOYMENT_TARGET = 16.4;
				MACOSX_DEPLOYMENT_TARGET = 13.3;
				MARKETING_VERSION = 1.0;
				PRODUCT_BUNDLE_IDENTIFIER = alexsopilniak.EssentialAppUIAccepranceTests;
				PRODUCT_NAME = "$(TARGET_NAME)";
				SDKROOT = auto;
				SUPPORTED_PLATFORMS = "iphoneos iphonesimulator macosx";
				SWIFT_EMIT_LOC_STRINGS = NO;
				SWIFT_VERSION = 5.0;
				TARGETED_DEVICE_FAMILY = "1,2";
				TEST_TARGET_NAME = EssentialApp;
			};
			name = Debug;
		};
		D786D1BE2ACF308A003E23C4 /* Release */ = {
			isa = XCBuildConfiguration;
			buildSettings = {
				CODE_SIGN_STYLE = Automatic;
				CURRENT_PROJECT_VERSION = 1;
				DEVELOPMENT_TEAM = 4K38C9LX86;
				GENERATE_INFOPLIST_FILE = YES;
				IPHONEOS_DEPLOYMENT_TARGET = 16.4;
				MACOSX_DEPLOYMENT_TARGET = 13.3;
				MARKETING_VERSION = 1.0;
				PRODUCT_BUNDLE_IDENTIFIER = alexsopilniak.EssentialAppUIAccepranceTests;
				PRODUCT_NAME = "$(TARGET_NAME)";
				SDKROOT = auto;
				SUPPORTED_PLATFORMS = "iphoneos iphonesimulator macosx";
				SWIFT_EMIT_LOC_STRINGS = NO;
				SWIFT_VERSION = 5.0;
				TARGETED_DEVICE_FAMILY = "1,2";
				TEST_TARGET_NAME = EssentialApp;
			};
			name = Release;
		};
/* End XCBuildConfiguration section */

/* Begin XCConfigurationList section */
		D786D0DC2ACDEE1A003E23C4 /* Build configuration list for PBXProject "EssentialApp" */ = {
			isa = XCConfigurationList;
			buildConfigurations = (
				D786D1092ACDEE1B003E23C4 /* Debug */,
				D786D10A2ACDEE1B003E23C4 /* Release */,
			);
			defaultConfigurationIsVisible = 0;
			defaultConfigurationName = Release;
		};
		D786D10B2ACDEE1B003E23C4 /* Build configuration list for PBXNativeTarget "EssentialApp" */ = {
			isa = XCConfigurationList;
			buildConfigurations = (
				D786D10C2ACDEE1B003E23C4 /* Debug */,
				D786D10D2ACDEE1B003E23C4 /* Release */,
			);
			defaultConfigurationIsVisible = 0;
			defaultConfigurationName = Release;
		};
		D786D10E2ACDEE1B003E23C4 /* Build configuration list for PBXNativeTarget "EssentialAppTests" */ = {
			isa = XCConfigurationList;
			buildConfigurations = (
				D786D10F2ACDEE1B003E23C4 /* Debug */,
				D786D1102ACDEE1B003E23C4 /* Release */,
			);
			defaultConfigurationIsVisible = 0;
			defaultConfigurationName = Release;
		};
		D786D1BF2ACF308A003E23C4 /* Build configuration list for PBXNativeTarget "EssentialAppUIAccepranceTests" */ = {
			isa = XCConfigurationList;
			buildConfigurations = (
				D786D1BD2ACF308A003E23C4 /* Debug */,
				D786D1BE2ACF308A003E23C4 /* Release */,
			);
			defaultConfigurationIsVisible = 0;
			defaultConfigurationName = Release;
		};
/* End XCConfigurationList section */
	};
	rootObject = D786D0D92ACDEE1A003E23C4 /* Project object */;
}
